# This file is automatically @generated by Cargo.
# It is not intended for manual editing.
version = 3

[[package]]
name = "cargo_features"
version = "0.1.0"
dependencies = [
 "sub-crate-default",
 "sub-crate-non-default",
 "sub-crate-with-feature",
]

[[package]]
name = "sub-crate-default"
version = "0.1.0"

[[package]]
name = "sub-crate-for-feature"
version = "0.1.0"

[[package]]
name = "sub-crate-non-default"
version = "0.1.0"

[[package]]
name = "sub-crate-with-feature"
version = "0.1.0"
dependencies = [
 "sub-crate-for-feature",
]
