hash: 3d363986f3350a70a16540ae0748cc4691dd5c0b98b7d91089439e4aa5adea4f
updated: 2018-06-11T19:38:11.267818147-07:00
packages:
- package: gcc-8-base
  version: 8.1.0-5
  filename: pool/main/g/gcc-8/gcc-8-base_8.1.0-5_amd64.deb
  hash: 01680f0560613cf15ee3828f9d591eab3c5556944e76429da5e652bbd8de12a0
- package: icu-devtools
  version: 60.2-6
  filename: pool/main/i/icu/icu-devtools_60.2-6_amd64.deb
  hash: 4d77262e043b14e59cc29b16e3ee13b2109e3b8b1c41b23d3ab094cae41cc0ca
- package: libblkid1
  version: 2.32-0.1
  filename: pool/main/u/util-linux/libblkid1_2.32-0.1_amd64.deb
  hash: 269b4e5e5baee557734d925579d3683a9a8c4cd79a68e667d556b64f5a9136ca
- package: libbsd-dev
  version: 0.9.1-1
  filename: pool/main/libb/libbsd/libbsd-dev_0.9.1-1_amd64.deb
  hash: 9c4b18266606938194938adfa4b60936723a7cedfa96ca9ff3308064f7f5b364
- package: libbsd0
  version: 0.9.1-1
  filename: pool/main/libb/libbsd/libbsd0_0.9.1-1_amd64.deb
  hash: 355e675452a7bfdce6cf198a7c939dd70b1100b0dd7cd249b91f32fa89f430e0
- package: libc-dev-bin
  version: 2.27-3
  filename: pool/main/g/glibc/libc-dev-bin_2.27-3_amd64.deb
  hash: 34ee9cd4781534458f48497cc727c13196b1dd5b8065a62dfa71fbb145964548
- package: libc6
  version: 2.27-3
  filename: pool/main/g/glibc/libc6_2.27-3_amd64.deb
  hash: b028e6b6ac086fe2466cb02f09327a2b2e54faabd9917f6fde08b1751176e323
- package: libc6-dev
  version: 2.27-3
  filename: pool/main/g/glibc/libc6-dev_2.27-3_amd64.deb
  hash: b0a84be9dedeeac8064f5c2785f7fbd31ec2f50b73b3ac058fab72effc2626ce
- package: libdrm-amdgpu1
  version: 2.4.92-1
  filename: pool/main/libd/libdrm/libdrm-amdgpu1_2.4.92-1_amd64.deb
  hash: 839ebb10807da2e591c89cd7a446a3db54763f1bec6dd94ec472f01ffc294ef8
- package: libdrm-common
  version: 2.4.92-1
  filename: pool/main/libd/libdrm/libdrm-common_2.4.92-1_all.deb
  hash: 7245be2731ae94af7794e04a65ac96b79beecbc839fa83de5f757fdc2cba48c4
- package: libdrm-dev
  version: 2.4.92-1
  filename: pool/main/libd/libdrm/libdrm-dev_2.4.92-1_amd64.deb
  hash: 50c015c19bd823512a44bc287cab3422faaec3e573b032a2b0c0d149bd4cf7df
- package: libdrm-intel1
  version: 2.4.92-1
  filename: pool/main/libd/libdrm/libdrm-intel1_2.4.92-1_amd64.deb
  hash: 25fd5925bac6b0df6fbcf82c583ccbef93f24aacce127481411cf74d375bc562
- package: libdrm-nouveau2
  version: 2.4.92-1
  filename: pool/main/libd/libdrm/libdrm-nouveau2_2.4.92-1_amd64.deb
  hash: 5954509434d2dac9290081b08b03d8ca2a3b62ad758e919d9fa554c6eb8dfe4f
- package: libdrm-radeon1
  version: 2.4.92-1
  filename: pool/main/libd/libdrm/libdrm-radeon1_2.4.92-1_amd64.deb
  hash: f4e80cd25dd9cf525a5762cc1dc4eaf45fece2677579f8b4b89cfecd998cc597
- package: libdrm2
  version: 2.4.92-1
  filename: pool/main/libd/libdrm/libdrm2_2.4.92-1_amd64.deb
  hash: da7b395f0637ed3b4bca82949b503406e07b7725a38fca25d4dc68b042fc2d68
- package: libedit-dev
  version: 3.1-20180525-1
  filename: pool/main/libe/libedit/libedit-dev_3.1-20180525-1_amd64.deb
  hash: 79fa2e718f8ad08803e77757c5a5b270088b1a9fb9fa7ee0de3c516cc332f20e
- package: libedit2
  version: 3.1-20180525-1
  filename: pool/main/libe/libedit/libedit2_3.1-20180525-1_amd64.deb
  hash: 5c1b281c566a3a5f515ebb10a18042b87ba3235877423af176a8df2c6430c414
- package: libegl-mesa0
  version: 18.0.5-1
  filename: pool/main/m/mesa/libegl-mesa0_18.0.5-1_amd64.deb
  hash: 6fbc60fed69e63ad57a40870cce6a4fbadf9c3fab0a4cba2861c870609f325fc
- package: libegl1
  version: 1.0.0+git20180308-3
  filename: pool/main/libg/libglvnd/libegl1_1.0.0+git20180308-3_amd64.deb
  hash: 46d1bc8cf3dfea27623db072d14da7123995447effc8b6f5bc4d6b2014d72d1a
- package: libegl1-mesa
  version: 18.0.5-1
  filename: pool/main/m/mesa/libegl1-mesa_18.0.5-1_amd64.deb
  hash: 8fe151e1012f9f773b49984936de7a45aa722cd5ea81895e65e618315e251c0e
- package: libegl1-mesa-dev
  version: 18.0.5-1
  filename: pool/main/m/mesa/libegl1-mesa-dev_18.0.5-1_amd64.deb
  hash: 6187ae67a35c0bab7dec9aa64e8c14043d0a7fe0859c9b720a99c31084b2d26f
- package: libelf1
  version: 0.170-0.4
  filename: pool/main/e/elfutils/libelf1_0.170-0.4_amd64.deb
  hash: a7a16137ec21fd816328e814686c9cdd2d40ab0e0a55f24b3d5a1d6485a07c1a
- package: libexpat1
  version: 2.2.5-3
  filename: pool/main/e/expat/libexpat1_2.2.5-3_amd64.deb
  hash: 82301edb46fc21f31c8ef3e6526844cb931986ceb682c484637fa45085875c1f
- package: libexpat1-dev
  version: 2.2.5-3
  filename: pool/main/e/expat/libexpat1-dev_2.2.5-3_amd64.deb
  hash: 17e9ca2358a8f8652f11e19f97a4634cfcc7c3164e4645b7c3a876d9aba21b0d
- package: libffi6
  version: 3.2.1-8
  filename: pool/main/libf/libffi/libffi6_3.2.1-8_amd64.deb
  hash: c4b56d69b2d6ce49ab5e3c9728ca96cede3fb684ae4caa0f397e0b34a72efbcf
- package: libgbm1
  version: 18.0.5-1
  filename: pool/main/m/mesa/libgbm1_18.0.5-1_amd64.deb
  hash: 535fa560a899146060daf1a5c35ff3c71ebcd1b80943e85e98dcd23b049ff045
- package: libgcc1
  version: 1:8.1.0-5
  filename: pool/main/g/gcc-8/libgcc1_8.1.0-5_amd64.deb
  hash: f5300fc0662ed6622083e27956b91889e070c76833c3dbad85a089864dcc8bfe
- package: libgl1
  version: 1.0.0+git20180308-3
  filename: pool/main/libg/libglvnd/libgl1_1.0.0+git20180308-3_amd64.deb
  hash: 0877715ed51e299f80451802921de42c76b451bfe37117925bb96de28de6dd66
- package: libgl1-mesa-dev
  version: 18.0.5-1
  filename: pool/main/m/mesa/libgl1-mesa-dev_18.0.5-1_amd64.deb
  hash: 6de4627d2060c33c21768ad5f2c4311e11798cb9b5aca93bce0315449f109017
- package: libgl1-mesa-dri
  version: 18.0.5-1
  filename: pool/main/m/mesa/libgl1-mesa-dri_18.0.5-1_amd64.deb
  hash: 7d30207021b49e97a449115b957ab9a6b69c8d48de4eaa9f76961e408da4375c
- package: libgl1-mesa-glx
  version: 18.0.5-1
  filename: pool/main/m/mesa/libgl1-mesa-glx_18.0.5-1_amd64.deb
  hash: 0b4b290084b113ec84be842c42963a5a308b4913ffd064888790e3d1361c5607
- package: libglapi-mesa
  version: 18.0.5-1
  filename: pool/main/m/mesa/libglapi-mesa_18.0.5-1_amd64.deb
  hash: 33eaf0f7e910f8d871d16f3cee13dedf754e639118dc2b0dcb27e4c87719c12e
- package: libgles2
  version: 1.0.0+git20180308-3
  filename: pool/main/libg/libglvnd/libgles2_1.0.0+git20180308-3_amd64.deb
  hash: 1efe8545d3d1168932d3c0d79d411b6697979873bf7093c281293a10429fca8e
- package: libglib2.0-0
  version: 2.56.1-2
  filename: pool/main/g/glib2.0/libglib2.0-0_2.56.1-2_amd64.deb
  hash: 294d939048646b44e7bfc8aae6880fbe207b72f74983e6add6effe3fa375f404
- package: libglib2.0-dev
  version: 2.56.1-2
  filename: pool/main/g/glib2.0/libglib2.0-dev_2.56.1-2_amd64.deb
  hash: 9673a44a64762837500cbecf51b7811cb26853005db86c7ec4202bb60e6e5bb5
- package: libglib2.0-dev-bin
  version: 2.56.1-2
  filename: pool/main/g/glib2.0/libglib2.0-dev-bin_2.56.1-2_amd64.deb
  hash: bf84ab8ffc209ce0dc92773fc922d32b7d6e8b659c12d35f26141e3abfe1c722
- package: libglu1-mesa
  version: 9.0.0-2.1
  filename: pool/main/libg/libglu/libglu1-mesa_9.0.0-2.1_amd64.deb
  hash: db14eb3d96e3af3c980170825761f9734049405b7512bfc5f6d458140d29318f
- package: libglu1-mesa-dev
  version: 9.0.0-2.1
  filename: pool/main/libg/libglu/libglu1-mesa-dev_9.0.0-2.1_amd64.deb
  hash: d6a84914923860372e0cad6791abd5c3e585ac499c37c1ad7610d3dc9fccf28d
- package: libglvnd-core-dev
  version: 1.0.0+git20180308-3
  filename: pool/main/libg/libglvnd/libglvnd-core-dev_1.0.0+git20180308-3_amd64.deb
  hash: 2235ae0a86519e5a792f109118a1e92dcaea9d3d3990256bc22e5562935b62ca
- package: libglvnd-dev
  version: 1.0.0+git20180308-3
  filename: pool/main/libg/libglvnd/libglvnd-dev_1.0.0+git20180308-3_amd64.deb
  hash: 0c445ae5a6c736b0c26b09a580e2342d133396f03f9ce04db111dc9e29468aca
- package: libglvnd0
  version: 1.0.0+git20180308-3
  filename: pool/main/libg/libglvnd/libglvnd0_1.0.0+git20180308-3_amd64.deb
  hash: fed7c3d601cb1823c10b513a5f5b24c60938bd83e3a290ef6aa55960450a7f2a
- package: libglx-mesa0
  version: 18.0.5-1
  filename: pool/main/m/mesa/libglx-mesa0_18.0.5-1_amd64.deb
  hash: e5eb9c4a52ce7121a7db31cdde54e57baa2faa9ee9cc090fe837b97c21c016c7
- package: libglx0
  version: 1.0.0+git20180308-3
  filename: pool/main/libg/libglvnd/libglx0_1.0.0+git20180308-3_amd64.deb
  hash: 5ad81650dd219db9f8f174d1f19dcf0cf7098f6e21bdf9ffdf2473e1fe9f5f8e
- package: libicu-dev
  version: 60.2-6
  filename: pool/main/i/icu/libicu-dev_60.2-6_amd64.deb
  hash: 4b353d493debeeb79e66f4ed10176d2c9f529b4bdc2da8970f6b172605431695
- package: libllvm6.0
  version: 1:6.0-3+b1
  filename: pool/main/l/llvm-toolchain-6.0/libllvm6.0_6.0-3+b1_amd64.deb
  hash: 87965b2a587077cd2b9273f24a961307c8ffb04502dc132a68530e027709af73
- package: liblzma5
  version: 5.2.2-1.3
  filename: pool/main/x/xz-utils/liblzma5_5.2.2-1.3_amd64.deb
  hash: 4e9bc7efdd9b596d0a6217917517dc749cf4ac9bc8daa42ddb86ff0a7a3b4981
- package: libmount1
  version: 2.32-0.1
  filename: pool/main/u/util-linux/libmount1_2.32-0.1_amd64.deb
  hash: 5fa6e26b66b8589cadaa8a7d282284b364a1d84b4198ee491d27e93d9082d545
- package: libncurses5
  version: 6.1+20180210-4
  filename: pool/main/n/ncurses/libncurses5_6.1+20180210-4_amd64.deb
  hash: 2223025fddf8693e8618927037e40550ae6f60720acf700fd1f5c8747e2eac17
- package: libncurses5-dev
  version: 6.1+20180210-4
  filename: pool/main/n/ncurses/libncurses5-dev_6.1+20180210-4_amd64.deb
  hash: 4cf282f9d3ef2743e53d1355b4e3d97d0107e5e8c4d4b01e1272657b157dcffc
- package: libopengl0
  version: 1.0.0+git20180308-3
  filename: pool/main/libg/libglvnd/libopengl0_1.0.0+git20180308-3_amd64.deb
  hash: 7c9f18ae40e74bf6e9909004d4ad25007f12b37953a502d35836927fb2108f04
- package: libpciaccess0
  version: 0.14-1
  filename: pool/main/libp/libpciaccess/libpciaccess0_0.14-1_amd64.deb
  hash: 5f6cc48ee748200858ab56f43a47534731f5012c2c7c936a364b5c52c0cbe809
- package: libpcre16-3
  version: 2:8.39-9
  filename: pool/main/p/pcre3/libpcre16-3_8.39-9_amd64.deb
  hash: c8427dd051df0f73d7e335579cbd87269a80caac953712a1e790d6f7dc060f17
- package: libpcre3
  version: 2:8.39-9
  filename: pool/main/p/pcre3/libpcre3_8.39-9_amd64.deb
  hash: db2d62d62df01bd64ced9cecdb13ee18c1ad326a0222d26247465839cc572fea
- package: libpcre3-dev
  version: 2:8.39-9
  filename: pool/main/p/pcre3/libpcre3-dev_8.39-9_amd64.deb
  hash: 6b990c9708592d21c53c029588858ea0d06f98ebc19c4befee81ce989baedc5d
- package: libpcre32-3
  version: 2:8.39-9
  filename: pool/main/p/pcre3/libpcre32-3_8.39-9_amd64.deb
  hash: 54ad5a0cfdf5e6997af3d3c6eff376d8a2d2956fb0d51f95dbd2474017797d7c
- package: libpcrecpp0v5
  version: 2:8.39-9
  filename: pool/main/p/pcre3/libpcrecpp0v5_8.39-9_amd64.deb
  hash: 1376ebdf581cd2e90a99cb30aeab21caba320838a111daaa887c1767a89570b2
- package: libpthread-stubs0-dev
  version: 0.3-4
  filename: pool/main/libp/libpthread-stubs/libpthread-stubs0-dev_0.3-4_amd64.deb
  hash: 4e2f6d1c1fed2c94841ce2ad33e38b997ae73415e8ed5a0e1210b757ab84e849
- package: libpython2.7
  version: 2.7.15-1
  filename: pool/main/p/python2.7/libpython2.7_2.7.15-1_amd64.deb
  hash: 24adc577431c29fdfbb9d2e5512d535c3956024a17b5333b8307a88aa2d66e7e
- package: libpython2.7-dev
  version: 2.7.15-1
  filename: pool/main/p/python2.7/libpython2.7-dev_2.7.15-1_amd64.deb
  hash: 46e9f0f76c19caa12b431013c0ed37032881f7f53ea5e7f42bf570f98a874494
- package: libselinux1
  version: 2.8-1
  filename: pool/main/libs/libselinux/libselinux1_2.8-1_amd64.deb
  hash: 69223ffc411a5301e7b85eebcbd2e81f288250f872dadcfd05219f99adf8d2ce
- package: libsensors4
  version: 1:3.4.0-4
  filename: pool/main/l/lm-sensors/libsensors4_3.4.0-4_amd64.deb
  hash: 69dd894a529c88e1dedb71f4dbe5210f8882a0606a547bca2ac172327a6895d3
- package: libstdc++6
  version: 8.1.0-5
  filename: pool/main/g/gcc-8/libstdc++6_8.1.0-5_amd64.deb
  hash: 78fe27b9fa085d61f271103f8df7aec987a4ad942e9a71e48353ecd4fa235a54
- package: libtinfo-dev
  version: 6.1+20180210-4
  filename: pool/main/n/ncurses/libtinfo-dev_6.1+20180210-4_amd64.deb
  hash: 9ab2de415a009e727a6ae2868319d93ee642d0edf4abcd381cda99a9635f4cc9
- package: libtinfo5
  version: 6.1+20180210-4
  filename: pool/main/n/ncurses/libtinfo5_6.1+20180210-4_amd64.deb
  hash: 08f58c8aa89f74235d6284e970c80f73cdfb2bb3264950dded0f5d5ff15fd528
- package: libuuid1
  version: 2.32-0.1
  filename: pool/main/u/util-linux/libuuid1_2.32-0.1_amd64.deb
  hash: 3d7ba6db93648065d26cbf509bc94259c14654cdb8507bbdb2d50d493ce9ab78
- package: libwayland-bin
  version: 1.15.0-2
  filename: pool/main/w/wayland/libwayland-bin_1.15.0-2_amd64.deb
  hash: 31a5a3181cb501889295e42a9c4ed6984a68ef6245cfee2db3e57592212ca130
- package: libwayland-client0
  version: 1.15.0-2
  filename: pool/main/w/wayland/libwayland-client0_1.15.0-2_amd64.deb
  hash: 82984f342b14202fee8d164c98e89605de92f86a7ee71c77abc3fa328111976c
- package: libwayland-cursor0
  version: 1.15.0-2
  filename: pool/main/w/wayland/libwayland-cursor0_1.15.0-2_amd64.deb
  hash: e4ea78fc3dd1e2e058dab03847b93e6853d5ec515b2e12283823474b13403007
- package: libwayland-dev
  version: 1.15.0-2
  filename: pool/main/w/wayland/libwayland-dev_1.15.0-2_amd64.deb
  hash: e7b32431f4b7ec18c1926312cd67bb450088efa60e2b0c32995b8d7fd795b95a
- package: libwayland-server0
  version: 1.15.0-2
  filename: pool/main/w/wayland/libwayland-server0_1.15.0-2_amd64.deb
  hash: 3a1a667091863b1c13cc5fb64ee0e51158a4ef288034ca0a004f3cdb0ead162f
- package: libx11-6
  version: 2:1.6.5-1
  filename: pool/main/libx/libx11/libx11-6_1.6.5-1_amd64.deb
  hash: 30e89052a85008ba98f1d944e5b493b82b0d4a83ae385f5b72e6e130e0652cd3
- package: libx11-dev
  version: 2:1.6.5-1
  filename: pool/main/libx/libx11/libx11-dev_1.6.5-1_amd64.deb
  hash: 496ddd6ec111edf96adc4e3268d1fe1e94ec0052e50a92d5a3b256dde466bc74
- package: libx11-xcb-dev
  version: 2:1.6.5-1
  filename: pool/main/libx/libx11/libx11-xcb-dev_1.6.5-1_amd64.deb
  hash: 147e6330a528de69301ff43cda53cd42b1f0f97ca918a56c00511a87fdc14f00
- package: libx11-xcb1
  version: 2:1.6.5-1
  filename: pool/main/libx/libx11/libx11-xcb1_1.6.5-1_amd64.deb
  hash: 6149677cb3e4d64758ffb8ad520ad67f931611cb53219d94fd506dbdd888576d
- package: libxau-dev
  version: 1:1.0.8-1+b2
  filename: pool/main/libx/libxau/libxau-dev_1.0.8-1+b2_amd64.deb
  hash: 5a994d70f36e0cafe99b38f681e584971db6cc932df0380ebca0fec0c32a4295
- package: libxau6
  version: 1:1.0.8-1+b2
  filename: pool/main/libx/libxau/libxau6_1.0.8-1+b2_amd64.deb
  hash: a7857b726c3e0d16cda2fbb9020d42e024a3160d54ef858f58578612276683e8
- package: libxcb-dri2-0
  version: 1.13-1
  filename: pool/main/libx/libxcb/libxcb-dri2-0_1.13-1_amd64.deb
  hash: 6f9dbe532f26529667a1b5788d267a996fe3d985557fc927b1db1fdde97738a4
- package: libxcb-dri2-0-dev
  version: 1.13-1
  filename: pool/main/libx/libxcb/libxcb-dri2-0-dev_1.13-1_amd64.deb
  hash: b36e27be55e16c579475893fe3c6d4efd2fe976fcdcc512574ae680b063e6627
- package: libxcb-dri3-0
  version: 1.13-1
  filename: pool/main/libx/libxcb/libxcb-dri3-0_1.13-1_amd64.deb
  hash: 9c7350ec225398b41c1c47303543328321d3734fecc2d3cd35da11e507cc20ae
- package: libxcb-dri3-dev
  version: 1.13-1
  filename: pool/main/libx/libxcb/libxcb-dri3-dev_1.13-1_amd64.deb
  hash: eb3341a1238071e9d9f65934906b5ea1c674168a446f81a811c3299d96347979
- package: libxcb-glx0
  version: 1.13-1
  filename: pool/main/libx/libxcb/libxcb-glx0_1.13-1_amd64.deb
  hash: 3660fc018312016b3536df740a10d5ec3c82cb55640fd60b0e3b08f4709c4649
- package: libxcb-glx0-dev
  version: 1.13-1
  filename: pool/main/libx/libxcb/libxcb-glx0-dev_1.13-1_amd64.deb
  hash: 907b5725c1bbce330a013a9624ecc473297382286964da3055d5d3e71d36a9cc
- package: libxcb-present-dev
  version: 1.13-1
  filename: pool/main/libx/libxcb/libxcb-present-dev_1.13-1_amd64.deb
  hash: 4deea9f2d752db9193eb57ccf443c6cf829789e21310ac4ea39e74df29d0fd2a
- package: libxcb-present0
  version: 1.13-1
  filename: pool/main/libx/libxcb/libxcb-present0_1.13-1_amd64.deb
  hash: 9202effea7d114c2a620d4cd332b925ef4039d89d802ab6a43039c09bea1995a
- package: libxcb-randr0
  version: 1.13-1
  filename: pool/main/libx/libxcb/libxcb-randr0_1.13-1_amd64.deb
  hash: 297173864a5a0c7c712c1878a54adbffeccdb4884bdda306ea2b304919598e0d
- package: libxcb-randr0-dev
  version: 1.13-1
  filename: pool/main/libx/libxcb/libxcb-randr0-dev_1.13-1_amd64.deb
  hash: 414f465496e79059f554c8b0eb11e6aea5e05c02482f98b489ea99551424b894
- package: libxcb-render0
  version: 1.13-1
  filename: pool/main/libx/libxcb/libxcb-render0_1.13-1_amd64.deb
  hash: 5a65e404590f0cf33763e281167d775d1732a81317eedf59cd20af335535058b
- package: libxcb-render0-dev
  version: 1.13-1
  filename: pool/main/libx/libxcb/libxcb-render0-dev_1.13-1_amd64.deb
  hash: 4486594e0483c2b073b056f5a8a8b1c4a593e4c829651f59f481806243318f66
- package: libxcb-shape0
  version: 1.13-1
  filename: pool/main/libx/libxcb/libxcb-shape0_1.13-1_amd64.deb
  hash: 14cacd5b80dfb4c889cb65deab72a1794cf147a08e028ef3ad78945d4532acb5
- package: libxcb-shape0-dev
  version: 1.13-1
  filename: pool/main/libx/libxcb/libxcb-shape0-dev_1.13-1_amd64.deb
  hash: 8c6177e7923dbc42e7fd584bc264ebdc027435d4f5f3e7885603ff9462ef3375
- package: libxcb-sync-dev
  version: 1.13-1
  filename: pool/main/libx/libxcb/libxcb-sync-dev_1.13-1_amd64.deb
  hash: 615141f38f628b064527b2b33ed32f91069d87438b0fc7e33e1b68b7e0c42e5c
- package: libxcb-sync1
  version: 1.13-1
  filename: pool/main/libx/libxcb/libxcb-sync1_1.13-1_amd64.deb
  hash: a7375ceec3a75f8c7fc78c45b055eb25e1ee434efeb72c68a82f4b1f8cd7edf2
- package: libxcb-xfixes0
  version: 1.13-1
  filename: pool/main/libx/libxcb/libxcb-xfixes0_1.13-1_amd64.deb
  hash: d39b4f3088d06f3dc1b4ba5592fa7a8744ddab71e0cc9e897655275905853b34
- package: libxcb-xfixes0-dev
  version: 1.13-1
  filename: pool/main/libx/libxcb/libxcb-xfixes0-dev_1.13-1_amd64.deb
  hash: 986c6bb8257f85421274028cbeea786b13ff2846dba82b7b7f91569da8695e46
- package: libxcb1
  version: 1.13-1
  filename: pool/main/libx/libxcb/libxcb1_1.13-1_amd64.deb
  hash: 305b360d1f127c4ddbf94cc9716eeeb3af1e4eae32bb1ce035f8c31102fe276c
- package: libxcb1-dev
  version: 1.13-1
  filename: pool/main/libx/libxcb/libxcb1-dev_1.13-1_amd64.deb
  hash: 723d0658dcbf30bbacf534356502546af646923d0c5e769b1ce8a1cccab4dbb8
- package: libxdamage-dev
  version: 1:1.1.4-3
  filename: pool/main/libx/libxdamage/libxdamage-dev_1.1.4-3_amd64.deb
  hash: c2be5f39c11d76ddc4338edde5905cfde487d9df1b81ff07b4586fd49c1f30ea
- package: libxdamage1
  version: 1:1.1.4-3
  filename: pool/main/libx/libxdamage/libxdamage1_1.1.4-3_amd64.deb
  hash: f613be7b301e91faae4f60b0e9b93dfb0f66c912ad730213c210b387a855e8d1
- package: libxdmcp-dev
  version: 1:1.1.2-3
  filename: pool/main/libx/libxdmcp/libxdmcp-dev_1.1.2-3_amd64.deb
  hash: c6733e5f6463afd261998e408be6eb37f24ce0a64b63bed50a87ddb18ebc1699
- package: libxdmcp6
  version: 1:1.1.2-3
  filename: pool/main/libx/libxdmcp/libxdmcp6_1.1.2-3_amd64.deb
  hash: ecb8536f5fb34543b55bb9dc5f5b14c9dbb4150a7bddb3f2287b7cab6e9d25ef
- package: libxext-dev
  version: 2:1.3.3-1+b2
  filename: pool/main/libx/libxext/libxext-dev_1.3.3-1+b2_amd64.deb
  hash: 86ffd581902086ab0bf4381b28d8fbe66fc378de2db02a96a25705eeabee0c7b
- package: libxext6
  version: 2:1.3.3-1+b2
  filename: pool/main/libx/libxext/libxext6_1.3.3-1+b2_amd64.deb
  hash: 724901105792e983bd0e7c2b46960cd925dd6a2b33b5ee999b4e80aaf624b082
- package: libxfixes-dev
  version: 1:5.0.3-1
  filename: pool/main/libx/libxfixes/libxfixes-dev_5.0.3-1_amd64.deb
  hash: ea11a513c722e0587f4bf0d1433cb9825acbdf7a873a6fe82c7b8d9dd23ff738
- package: libxfixes3
  version: 1:5.0.3-1
  filename: pool/main/libx/libxfixes/libxfixes3_5.0.3-1_amd64.deb
  hash: 3b307490c669accd52dc627ad4dc269a03632ca512fbc7b185b572f76608ff4e
- package: libxml2
  version: 2.9.4+dfsg1-7
  filename: pool/main/libx/libxml2/libxml2_2.9.4+dfsg1-7_amd64.deb
  hash: 712380e56f75342074eadf48b6636bf3a642e827d8c3b8c9f3a5d6536f3c6952
- package: libxml2-dev
  version: 2.9.4+dfsg1-7
  filename: pool/main/libx/libxml2/libxml2-dev_2.9.4+dfsg1-7_amd64.deb
  hash: 1741b8068742200e1882faf7b2d80e017f169feebc6b93c595057b56249fc0a4
- package: libxshmfence-dev
  version: 1.3-1
  filename: pool/main/libx/libxshmfence/libxshmfence-dev_1.3-1_amd64.deb
  hash: 7fcd7bb466a106e6f79a0cdf403559857c0fc20e6a55bdc2b963cfccee0256f9
- package: libxshmfence1
  version: 1.3-1
  filename: pool/main/libx/libxshmfence/libxshmfence1_1.3-1_amd64.deb
  hash: 1a38142e40e3d32dc4f9a326bf5617363b7d9b4bb762fdcdd262f2192092024d
- package: libxxf86vm-dev
  version: 1:1.1.4-1+b2
  filename: pool/main/libx/libxxf86vm/libxxf86vm-dev_1.1.4-1+b2_amd64.deb
  hash: 2fb753a7c2c2fd6b74b8429d180b259af9c2b4201f8c777621ac88c63d43cea7
- package: libxxf86vm1
  version: 1:1.1.4-1+b2
  filename: pool/main/libx/libxxf86vm/libxxf86vm1_1.1.4-1+b2_amd64.deb
  hash: 6f4ca916aaec26d7000fa7f58de3f71119309ab7590ce1f517abfe1825a676c7
- package: linux-libc-dev
  version: 4.16.12-1
  filename: pool/main/l/linux/linux-libc-dev_4.16.12-1_amd64.deb
  hash: 8e6cddca64aa1fb46ab91d3d872735d82b9de6e2e4338ff8320727e0f27353f3
- package: mesa-common-dev
  version: 18.0.5-1
  filename: pool/main/m/mesa/mesa-common-dev_18.0.5-1_amd64.deb
  hash: f8b20d6401f5a470a109e6004fd5f54febd84369445d0c8d216b6279e55fcb89
- package: x11proto-core-dev
  version: 2018.4-4
  filename: pool/main/x/xorgproto/x11proto-core-dev_2018.4-4_all.deb
  hash: 8bdb72e48cac24f5a6b284fea4d2bd6cb11cbe5fba2345ce57d8017ac40243cb
- package: x11proto-damage-dev
  version: 1:2018.4-4
  filename: pool/main/x/xorgproto/x11proto-damage-dev_2018.4-4_all.deb
  hash: 33b9b97e107f01f537108143aca6c087eef71ebf46c0f2dd3194b02bf3ef6450
- package: x11proto-dri2-dev
  version: 2018.4-4
  filename: pool/main/x/xorgproto/x11proto-dri2-dev_2018.4-4_all.deb
  hash: 63ca83d76b45637f6c32721a1be480cec72a2ea0c06211bf892d8996323b3def
- package: x11proto-fixes-dev
  version: 1:2018.4-4
  filename: pool/main/x/xorgproto/x11proto-fixes-dev_2018.4-4_all.deb
  hash: c4bb58f037c0de0ccd9c1021c3bd89de9236f5ac0db64fcd4cb8b636b14a5d64
- package: x11proto-gl-dev
  version: 2018.4-4
  filename: pool/main/x/xorgproto/x11proto-gl-dev_2018.4-4_all.deb
  hash: d14e9b01493f3b5e1bc6b1068b49c612f9b35a8975f51a848222c470a5467101
- package: x11proto-input-dev
  version: 2018.4-4
  filename: pool/main/x/xorgproto/x11proto-input-dev_2018.4-4_all.deb
  hash: 364edce8bb7cf3187c1e81d37ea5b8f6b6ddd3a74c4c82efa1810dd451bbddbf
- package: x11proto-kb-dev
  version: 2018.4-4
  filename: pool/main/x/xorgproto/x11proto-kb-dev_2018.4-4_all.deb
  hash: 14df9b61bf65d8cb8b6053c2bc8f993454e8076d2a5ebc4e8d2bfe671c0592e3
- package: x11proto-xext-dev
  version: 2018.4-4
  filename: pool/main/x/xorgproto/x11proto-xext-dev_2018.4-4_all.deb
  hash: fd5c04fa8f10bdaeadb7bde8b14534265b38fdf18de708476eefcb229a70cbc0
- package: x11proto-xf86vidmode-dev
  version: 2018.4-4
  filename: pool/main/x/xorgproto/x11proto-xf86vidmode-dev_2018.4-4_all.deb
  hash: ab251198b55dc453015a596ed3195e7ad8a5b930f0baf4b68b72e0104c9c1501
- package: xtrans-dev
  version: 1.3.5-1
  filename: pool/main/x/xtrans/xtrans-dev_1.3.5-1_all.deb
  hash: cadb720a2f8f0a2b2ad2dd82172d59e105e37885cedb3a93f6de9c78478c72d0
- package: zlib1g
  version: 1:1.2.11.dfsg-1
  filename: pool/main/z/zlib/zlib1g_1.2.11.dfsg-1_amd64.deb
  hash: 61bc9085aadd3007433ce6f560a08446a3d3ceb0b5e061db3fc62c42fbfe3eff
- package: zlib1g-dev
  version: 1:1.2.11.dfsg-1
  filename: pool/main/z/zlib/zlib1g-dev_1.2.11.dfsg-1_amd64.deb
  hash: ad2fa6d373ab18c3fc729e3a477e8b999ad33480170bd0d8966e9c7fd4843837
