hash: 7d9e1cb15ef5a817ebb5dff8b69d943405123a3ddbe0b032c330e8a5abaf50bf
updated: 2018-10-29T16:51:12.517247938-07:00
packages:
- package: libc6
  version: 2.27-6
  filename: pool/main/g/glibc/libc6_2.27-6_amd64.deb
  hash: a4874ab2e5767e442b5900a063b78757534cf7403e1c6683dd59097d5f5b3914
- package: libc6-dev
  version: 2.27-6
  filename: pool/main/g/glibc/libc6-dev_2.27-6_amd64.deb
  hash: 867c7579a5c9d56cc5cda4dd0b59263d80a5c750f42e163c37bafe7aa6663ca6
- package: libgcc-6-dev
  version: 6.4.0-23
  filename: pool/main/g/gcc-6/libgcc-6-dev_6.4.0-23_amd64.deb
  hash: ac0393f253bca99c9c78a142dacac41a9d950dfa61c88b50d7652bd91017b9b3
- package: libgcc1
  version: 1:8.2.0-8
  filename: pool/main/g/gcc-8/libgcc1_8.2.0-8_amd64.deb
  hash: 92c97c3f8a0a137d6677d0bdf90daa18c0ef51caa548562eddfbbff8f95a3ca0
- package: linux-libc-dev
  version: 4.18.10-2
  filename: pool/main/l/linux/linux-libc-dev_4.18.10-2_amd64.deb
  hash: 9936691cadd1fc51ac331168fb8e963d8099c4f975ca5a43bf191438e5acc11a
