hash: 3d363986f3350a70a16540ae0748cc4691dd5c0b98b7d91089439e4aa5adea4f
updated: 2018-06-11T19:40:55.279008099-07:00
packages:
- package: gcc-8-base
  version: 8.1.0-5
  filename: pool/main/g/gcc-8/gcc-8-base_8.1.0-5_i386.deb
  hash: 887250c340e0b841c0e91664efe1633b4292509646e06344d22e4136673e8752
- package: icu-devtools
  version: 60.2-6
  filename: pool/main/i/icu/icu-devtools_60.2-6_i386.deb
  hash: ed2e198709f28df14944df1219d04e638ab842cd50dc1c588b62d700932b82b7
- package: libblkid1
  version: 2.32-0.1
  filename: pool/main/u/util-linux/libblkid1_2.32-0.1_i386.deb
  hash: c258d2fe2f8c1f75084a9c21069025cfffd07d9670bcfb7cfa8c96f77dc6cf98
- package: libbsd-dev
  version: 0.9.1-1
  filename: pool/main/libb/libbsd/libbsd-dev_0.9.1-1_i386.deb
  hash: 294fe8702f8615035c1e775164cb81ea6372bfbe46ed16b7c7edd40c99d16323
- package: libbsd0
  version: 0.9.1-1
  filename: pool/main/libb/libbsd/libbsd0_0.9.1-1_i386.deb
  hash: 741829ecf462c4a237cc504020e7070dddcc2a257561cbb67980e3e29a2f6d5d
- package: libc-dev-bin
  version: 2.27-3
  filename: pool/main/g/glibc/libc-dev-bin_2.27-3_i386.deb
  hash: e7a83312aa2ab337f10e4dedf71c780d4e9161bd80fd84cd8424d5c59294cd89
- package: libc6
  version: 2.27-3
  filename: pool/main/g/glibc/libc6_2.27-3_i386.deb
  hash: c14198164d77424e25f8d1f43ea02dcf46d0f1819f60896cfe559da4ceaa2444
- package: libc6-dev
  version: 2.27-3
  filename: pool/main/g/glibc/libc6-dev_2.27-3_i386.deb
  hash: 8b21f72b16f1f6d0debfa5fbc1b732c3d58e4d4757a9d19f7036cfd1468ec403
- package: libdrm-amdgpu1
  version: 2.4.92-1
  filename: pool/main/libd/libdrm/libdrm-amdgpu1_2.4.92-1_i386.deb
  hash: a13067ffb5c58a5b7a79cbb3eb1fac96a04d3705419d3df34c8f5cf2aa76d2cc
- package: libdrm-common
  version: 2.4.92-1
  filename: pool/main/libd/libdrm/libdrm-common_2.4.92-1_all.deb
  hash: 7245be2731ae94af7794e04a65ac96b79beecbc839fa83de5f757fdc2cba48c4
- package: libdrm-dev
  version: 2.4.92-1
  filename: pool/main/libd/libdrm/libdrm-dev_2.4.92-1_i386.deb
  hash: e26a4bd1016bd948f1c80f3606c7ff261390fcbcfbd599eab3bdf4224f8da024
- package: libdrm-intel1
  version: 2.4.92-1
  filename: pool/main/libd/libdrm/libdrm-intel1_2.4.92-1_i386.deb
  hash: cb3d9f5d4cee4996a0d7920332c6c16833fce1af9113e20aa8476d8e98c30a11
- package: libdrm-nouveau2
  version: 2.4.92-1
  filename: pool/main/libd/libdrm/libdrm-nouveau2_2.4.92-1_i386.deb
  hash: 1d8550fc6b93fcfc65d7ef134e3b8d1acfa8d5863e92f153bd6141acab1a2695
- package: libdrm-radeon1
  version: 2.4.92-1
  filename: pool/main/libd/libdrm/libdrm-radeon1_2.4.92-1_i386.deb
  hash: bebfabf47fcdf246da7f487432799311375f41dfa858e7fc58e0c2331d51ff3b
- package: libdrm2
  version: 2.4.92-1
  filename: pool/main/libd/libdrm/libdrm2_2.4.92-1_i386.deb
  hash: 5fe55f1945c48e02ccdd5a96f5d57a37e7ceea712ecfa4677cbec2544669053d
- package: libedit-dev
  version: 3.1-20180525-1
  filename: pool/main/libe/libedit/libedit-dev_3.1-20180525-1_i386.deb
  hash: e17ffae91ecb705e857bb60159979a23ab8e4086f2eeb6f2fb8fe47428f3771d
- package: libedit2
  version: 3.1-20180525-1
  filename: pool/main/libe/libedit/libedit2_3.1-20180525-1_i386.deb
  hash: 62557896972831a32be7bbe6a0bb2dfdb565b2308794570d7e2d66b6ac9523b1
- package: libegl-mesa0
  version: 18.0.5-1
  filename: pool/main/m/mesa/libegl-mesa0_18.0.5-1_i386.deb
  hash: 83bac3a869f49087f59e807fa3cf7ecbfddd12d2a39445af666e0f62d936a1d3
- package: libegl1
  version: 1.0.0+git20180308-3
  filename: pool/main/libg/libglvnd/libegl1_1.0.0+git20180308-3_i386.deb
  hash: b9ad662f4421e6348e789637e462bca4ca984e1949114ffe76e47d7f73c3e3eb
- package: libegl1-mesa
  version: 18.0.5-1
  filename: pool/main/m/mesa/libegl1-mesa_18.0.5-1_i386.deb
  hash: b5ace3d73b075d3edac5fa9f13c431a9051651d260b7acc588b8c2286e3470f8
- package: libegl1-mesa-dev
  version: 18.0.5-1
  filename: pool/main/m/mesa/libegl1-mesa-dev_18.0.5-1_i386.deb
  hash: 6b1a00bfc0953c387546de67dd5eb811faca46c20dd39038710836aafc89e762
- package: libelf1
  version: 0.170-0.4
  filename: pool/main/e/elfutils/libelf1_0.170-0.4_i386.deb
  hash: 548ba1015f1cf3e31f08812dfe081aaec5b830bb0d97de3f139881994c3f834f
- package: libexpat1
  version: 2.2.5-3
  filename: pool/main/e/expat/libexpat1_2.2.5-3_i386.deb
  hash: c49c3110f91c88e5d15ffff1a4f5feaef7e6c48f89c52457543e9c27d8c69526
- package: libexpat1-dev
  version: 2.2.5-3
  filename: pool/main/e/expat/libexpat1-dev_2.2.5-3_i386.deb
  hash: 4884ae7a4a280d07b3d031048b11fd332849ad9a5025c39735b06c41fc655691
- package: libffi6
  version: 3.2.1-8
  filename: pool/main/libf/libffi/libffi6_3.2.1-8_i386.deb
  hash: d70c2e64f1a6e11823b93326777fd4466a683933d330356f6837dede92007ec4
- package: libgbm1
  version: 18.0.5-1
  filename: pool/main/m/mesa/libgbm1_18.0.5-1_i386.deb
  hash: 7e2a773eb6340a6716e1c6103b74981f7bb73485025660e61758599f8516ceee
- package: libgcc1
  version: 1:8.1.0-5
  filename: pool/main/g/gcc-8/libgcc1_8.1.0-5_i386.deb
  hash: b7cf777f89a4d6e86310cd8a09b275ce42ed2e07386b16861a135db387eb4563
- package: libgl1
  version: 1.0.0+git20180308-3
  filename: pool/main/libg/libglvnd/libgl1_1.0.0+git20180308-3_i386.deb
  hash: 0cefebbd517e8af4ac7aaf55289bb8b2aaee3695122a856cb944e4623dae6d05
- package: libgl1-mesa-dev
  version: 18.0.5-1
  filename: pool/main/m/mesa/libgl1-mesa-dev_18.0.5-1_i386.deb
  hash: 69599d244a322ff71f8dd2cda49903bd82a1c607d559a056839fba478655e14f
- package: libgl1-mesa-dri
  version: 18.0.5-1
  filename: pool/main/m/mesa/libgl1-mesa-dri_18.0.5-1_i386.deb
  hash: badd33e23c4f54b91154fa13ad3b8b9163fa3f407f9efdef419effe76d04d54b
- package: libgl1-mesa-glx
  version: 18.0.5-1
  filename: pool/main/m/mesa/libgl1-mesa-glx_18.0.5-1_i386.deb
  hash: bfcdd615c784b285ddb7cd7e846ee48717b427a3c00adef5c2f7585b104a7e0d
- package: libglapi-mesa
  version: 18.0.5-1
  filename: pool/main/m/mesa/libglapi-mesa_18.0.5-1_i386.deb
  hash: 6034422b162c7c383eb8f326b89ba3689e000f06320c7da30d5b3b513250a950
- package: libgles2
  version: 1.0.0+git20180308-3
  filename: pool/main/libg/libglvnd/libgles2_1.0.0+git20180308-3_i386.deb
  hash: e31b2ef53b0540b4b93d47bf844de14a3b3126aad1e977cacba5874e07eb2860
- package: libglib2.0-0
  version: 2.56.1-2
  filename: pool/main/g/glib2.0/libglib2.0-0_2.56.1-2_i386.deb
  hash: 03d61dd52ddaca78b26d5dfd8bbeee8fb9a864bfdca6e299ddf583c4d121b738
- package: libglib2.0-dev
  version: 2.56.1-2
  filename: pool/main/g/glib2.0/libglib2.0-dev_2.56.1-2_i386.deb
  hash: 2fbefd2ebef7bf4e4a938f0c968cb622ddafa5b3c8e76b2325c174175870071c
- package: libglib2.0-dev-bin
  version: 2.56.1-2
  filename: pool/main/g/glib2.0/libglib2.0-dev-bin_2.56.1-2_i386.deb
  hash: f35b4d8b957815137d2abd3bed027f5587cd6b57e2582b0aea2f80f8b00ebce9
- package: libglu1-mesa
  version: 9.0.0-2.1
  filename: pool/main/libg/libglu/libglu1-mesa_9.0.0-2.1_i386.deb
  hash: 8439530925327de0f2d1afd64024f6455e09b5502f2fdf7b36da1e7d14f8fe59
- package: libglu1-mesa-dev
  version: 9.0.0-2.1
  filename: pool/main/libg/libglu/libglu1-mesa-dev_9.0.0-2.1_i386.deb
  hash: f086c4918e4cd6cdcd9f84f31cdaaeacd56ba1c5d5ef2051c747cbd177d558f9
- package: libglvnd-core-dev
  version: 1.0.0+git20180308-3
  filename: pool/main/libg/libglvnd/libglvnd-core-dev_1.0.0+git20180308-3_i386.deb
  hash: 5879e49ba5dda3dafa1498ab49f6769b33f19a7b44d127f10145a9405713fd1d
- package: libglvnd-dev
  version: 1.0.0+git20180308-3
  filename: pool/main/libg/libglvnd/libglvnd-dev_1.0.0+git20180308-3_i386.deb
  hash: 0d0d14a4da1f2ffeeb5c34a737193989ecd9edc460d00c6cfc40505a3b2d1ce7
- package: libglvnd0
  version: 1.0.0+git20180308-3
  filename: pool/main/libg/libglvnd/libglvnd0_1.0.0+git20180308-3_i386.deb
  hash: edb0d02b70fcec06f8cd52133d570bb23bf9952fe785fb815074dc35763a0bc1
- package: libglx-mesa0
  version: 18.0.5-1
  filename: pool/main/m/mesa/libglx-mesa0_18.0.5-1_i386.deb
  hash: 880856c12b4268c68ab2dbc0d0d843932d6ce1f57c58491a32ce92856f762bdc
- package: libglx0
  version: 1.0.0+git20180308-3
  filename: pool/main/libg/libglvnd/libglx0_1.0.0+git20180308-3_i386.deb
  hash: d73caa40fafec4ff21e59aee9fc57cfe194be53f51bd5c522d62c6ca20e7fdf2
- package: libicu-dev
  version: 60.2-6
  filename: pool/main/i/icu/libicu-dev_60.2-6_i386.deb
  hash: acb930714f898923dfc4a82bea0bd33cdad62e582adfa82d648a2c62120111c1
- package: libllvm6.0
  version: 1:6.0-3+b1
  filename: pool/main/l/llvm-toolchain-6.0/libllvm6.0_6.0-3+b1_i386.deb
  hash: ad5fb5fc319239dfdd19f8c6941c45f714ea85b34e5b0a157607922858321570
- package: liblzma5
  version: 5.2.2-1.3
  filename: pool/main/x/xz-utils/liblzma5_5.2.2-1.3_i386.deb
  hash: f441f46985f47d1ccde050861a815e7e87357482d85bec5f630ecc76fddc6e0a
- package: libmount1
  version: 2.32-0.1
  filename: pool/main/u/util-linux/libmount1_2.32-0.1_i386.deb
  hash: 7759dd90118048678bfb2779d3699157f085567a5758ca5669e4b965d5cdd1ff
- package: libncurses5
  version: 6.1+20180210-4
  filename: pool/main/n/ncurses/libncurses5_6.1+20180210-4_i386.deb
  hash: f15acbf8496e1e3552c45d06c227e8bf36f94fe55323990ae9bab238b9a10b23
- package: libncurses5-dev
  version: 6.1+20180210-4
  filename: pool/main/n/ncurses/libncurses5-dev_6.1+20180210-4_i386.deb
  hash: cdb14c742b80ecdae6af242a197fe9fef2efc1d707fe7710349d0c9a85b01045
- package: libopengl0
  version: 1.0.0+git20180308-3
  filename: pool/main/libg/libglvnd/libopengl0_1.0.0+git20180308-3_i386.deb
  hash: c53c5985b7bd8f22da413a22e99eb5a84d04b8ab9030b0b5f7a544f61d9dfc25
- package: libpciaccess0
  version: 0.14-1
  filename: pool/main/libp/libpciaccess/libpciaccess0_0.14-1_i386.deb
  hash: d8c7a93e5ce9113778cfbaa084f251639d9af843e5743a4f4ed09356466e90ec
- package: libpcre16-3
  version: 2:8.39-9
  filename: pool/main/p/pcre3/libpcre16-3_8.39-9_i386.deb
  hash: f2733de0ce819560e7978f5aab99e9568ac10cedc71be02c5bfec6a12451fe2a
- package: libpcre3
  version: 2:8.39-9
  filename: pool/main/p/pcre3/libpcre3_8.39-9_i386.deb
  hash: 2c43fef689fcc7e9e43735a72ec6f50e473625e69b4548f38f4eafc88acc29b3
- package: libpcre3-dev
  version: 2:8.39-9
  filename: pool/main/p/pcre3/libpcre3-dev_8.39-9_i386.deb
  hash: 1f410b947889fa0804722abe495bb227b0f8760251b0dd8e668f757576b69d87
- package: libpcre32-3
  version: 2:8.39-9
  filename: pool/main/p/pcre3/libpcre32-3_8.39-9_i386.deb
  hash: 8318504b10e234b72447d81dbd612aae556852c736d67297ae50a51456c3768f
- package: libpcrecpp0v5
  version: 2:8.39-9
  filename: pool/main/p/pcre3/libpcrecpp0v5_8.39-9_i386.deb
  hash: 725d9681b2c416e82b5dae42206ef4793f7a3d03bd7aec4087227b7eb565d921
- package: libpthread-stubs0-dev
  version: 0.3-4
  filename: pool/main/libp/libpthread-stubs/libpthread-stubs0-dev_0.3-4_i386.deb
  hash: 2301ba669fdf4be8effa51f85f049cf79b1d172a861f3e3f43dbb22dc07a734b
- package: libpython2.7
  version: 2.7.15-1
  filename: pool/main/p/python2.7/libpython2.7_2.7.15-1_i386.deb
  hash: e18fd64ee1a709bf260b018f0cf03b16a34f3829e81680b1d53d81187236a459
- package: libpython2.7-dev
  version: 2.7.15-1
  filename: pool/main/p/python2.7/libpython2.7-dev_2.7.15-1_i386.deb
  hash: a66c612ca01517f33ce476f8673cab0ac451b062b3c439c338854ed04a55a768
- package: libselinux1
  version: 2.8-1
  filename: pool/main/libs/libselinux/libselinux1_2.8-1_i386.deb
  hash: 91fd3192e782bc9a7869c3f1740c57fec9c5cd0491c28bddd694f41eb2bb8526
- package: libsensors4
  version: 1:3.4.0-4
  filename: pool/main/l/lm-sensors/libsensors4_3.4.0-4_i386.deb
  hash: d418bf372dd630c30a41331f8ad0bc28ef39295e96d56ea224323f5c3fe01b58
- package: libstdc++6
  version: 8.1.0-5
  filename: pool/main/g/gcc-8/libstdc++6_8.1.0-5_i386.deb
  hash: 77ccaafa0afeecefb9e25b68ab22e412e1766b8dc2e0ce1ac9dfc37fa6044786
- package: libtinfo-dev
  version: 6.1+20180210-4
  filename: pool/main/n/ncurses/libtinfo-dev_6.1+20180210-4_i386.deb
  hash: f3d0030f2b2528b322a0e2cc6af2b6aee7c61985ba9c5be26145d5200cc28311
- package: libtinfo5
  version: 6.1+20180210-4
  filename: pool/main/n/ncurses/libtinfo5_6.1+20180210-4_i386.deb
  hash: 09d3ea11f70485e212d60d59efd29a1b4c591e37b281e8b0bfa90803e8b47c75
- package: libuuid1
  version: 2.32-0.1
  filename: pool/main/u/util-linux/libuuid1_2.32-0.1_i386.deb
  hash: 078029f80096731faad6774d08eaa6653b6ad1f6bc41d4fba7b9b61cb8466c41
- package: libwayland-bin
  version: 1.15.0-2
  filename: pool/main/w/wayland/libwayland-bin_1.15.0-2_i386.deb
  hash: 2067d8a41662728909cdc2ab6f61f4bb3cd45360537545f34c72a61335c38fdd
- package: libwayland-client0
  version: 1.15.0-2
  filename: pool/main/w/wayland/libwayland-client0_1.15.0-2_i386.deb
  hash: 6fc274ea77254001d402d8428d28c00e352c785c5258f1c4000b8813f9a65fc4
- package: libwayland-cursor0
  version: 1.15.0-2
  filename: pool/main/w/wayland/libwayland-cursor0_1.15.0-2_i386.deb
  hash: 3922269ad65c63fc250ffa48134fe3ef3fac88f0afcbe9ca8115640c18b95131
- package: libwayland-dev
  version: 1.15.0-2
  filename: pool/main/w/wayland/libwayland-dev_1.15.0-2_i386.deb
  hash: c6d0168f949f77a33a914d7a4cdfdd6bb1a06dca096c00d3068a28e9c2704d99
- package: libwayland-server0
  version: 1.15.0-2
  filename: pool/main/w/wayland/libwayland-server0_1.15.0-2_i386.deb
  hash: da3b1cb7837e883f64e5e9cd5f6329ffc748bdb1c4e15a4807435cf411ffcf41
- package: libx11-6
  version: 2:1.6.5-1
  filename: pool/main/libx/libx11/libx11-6_1.6.5-1_i386.deb
  hash: 133570ddfc76effdc4b510ce9931aa169adecfa87f3cbb8e32e312a59d2a43ee
- package: libx11-dev
  version: 2:1.6.5-1
  filename: pool/main/libx/libx11/libx11-dev_1.6.5-1_i386.deb
  hash: 61f6015dca26bb6308d7685abbf6c25dd2e6f3ea4105d18ecf4e876320526f42
- package: libx11-xcb-dev
  version: 2:1.6.5-1
  filename: pool/main/libx/libx11/libx11-xcb-dev_1.6.5-1_i386.deb
  hash: f0f5c6c33abf4b4365c9b21ae532be89fa0257fe79dc33b98e36db2b0612e15b
- package: libx11-xcb1
  version: 2:1.6.5-1
  filename: pool/main/libx/libx11/libx11-xcb1_1.6.5-1_i386.deb
  hash: 37fe01a73c4d66de9d54089b9dcc73e9cf584bddd1b15f4c2a67ecc0ae6cfdf0
- package: libxau-dev
  version: 1:1.0.8-1+b2
  filename: pool/main/libx/libxau/libxau-dev_1.0.8-1+b2_i386.deb
  hash: 29e2b9cdd3898e6fd6d3b8c111560fa92304e06c679fa7f0b6bf8acdf55e7e7d
- package: libxau6
  version: 1:1.0.8-1+b2
  filename: pool/main/libx/libxau/libxau6_1.0.8-1+b2_i386.deb
  hash: 34bd8ef427cdf844cfa952f39bcf418626c4b967c7f9a857822af5e5ff09bdfe
- package: libxcb-dri2-0
  version: 1.13-1
  filename: pool/main/libx/libxcb/libxcb-dri2-0_1.13-1_i386.deb
  hash: b610aac7591026175325fe8a60f5bd1fd63a774ca6b1591ffaf0556a1eaf010a
- package: libxcb-dri2-0-dev
  version: 1.13-1
  filename: pool/main/libx/libxcb/libxcb-dri2-0-dev_1.13-1_i386.deb
  hash: b35d01526f04805eaab6b5c82a4c4c2268a3011e0957b6739a57a1c758f53467
- package: libxcb-dri3-0
  version: 1.13-1
  filename: pool/main/libx/libxcb/libxcb-dri3-0_1.13-1_i386.deb
  hash: bdda305ca5ddb8dea2d02b2f7a3b8df4625e90491231e965f35b20f0c8d278f2
- package: libxcb-dri3-dev
  version: 1.13-1
  filename: pool/main/libx/libxcb/libxcb-dri3-dev_1.13-1_i386.deb
  hash: 78f314548c41d73b0d54235abc9faf90aa8d4a20505444ea34c83d05be0c1428
- package: libxcb-glx0
  version: 1.13-1
  filename: pool/main/libx/libxcb/libxcb-glx0_1.13-1_i386.deb
  hash: d76476c599b202e46986f233f3faa455632c39d213a34b339e2ae8cf04479028
- package: libxcb-glx0-dev
  version: 1.13-1
  filename: pool/main/libx/libxcb/libxcb-glx0-dev_1.13-1_i386.deb
  hash: 3b12a6f3ac6250468ec1de9c3264cc13b7b6ff655ecabb7aad97c32da7a327ab
- package: libxcb-present-dev
  version: 1.13-1
  filename: pool/main/libx/libxcb/libxcb-present-dev_1.13-1_i386.deb
  hash: 68796bbff7f798239ee701cc36a05a4b2db533f1966755fa2ebba1f013ee6195
- package: libxcb-present0
  version: 1.13-1
  filename: pool/main/libx/libxcb/libxcb-present0_1.13-1_i386.deb
  hash: de9a9a272992e34ec3b45b8b79a90905485e36a3e04612a7a6601dca877f053d
- package: libxcb-randr0
  version: 1.13-1
  filename: pool/main/libx/libxcb/libxcb-randr0_1.13-1_i386.deb
  hash: d1855bb8f3c539930e1ea313aa26c508a1e582a1b20052daa974a8af7d2b4236
- package: libxcb-randr0-dev
  version: 1.13-1
  filename: pool/main/libx/libxcb/libxcb-randr0-dev_1.13-1_i386.deb
  hash: 8acdfb329ad727a41e3095df319dddf1213d77ff027f1852ee80de6d40839aa7
- package: libxcb-render0
  version: 1.13-1
  filename: pool/main/libx/libxcb/libxcb-render0_1.13-1_i386.deb
  hash: 13d4790704901a067f2841400c143f6a4adab495826ea1f089b8ce7d7f93136d
- package: libxcb-render0-dev
  version: 1.13-1
  filename: pool/main/libx/libxcb/libxcb-render0-dev_1.13-1_i386.deb
  hash: d8fd028a28cc3aae0173af7701599e3dc6503505099849ceae042dc8d29e7291
- package: libxcb-shape0
  version: 1.13-1
  filename: pool/main/libx/libxcb/libxcb-shape0_1.13-1_i386.deb
  hash: feef9574abb5f50964ca6078d43b16cd06e8a61a8217bbdc8a38b5b90ebf838b
- package: libxcb-shape0-dev
  version: 1.13-1
  filename: pool/main/libx/libxcb/libxcb-shape0-dev_1.13-1_i386.deb
  hash: 567911afb14aa84bf52677a469998ba9e303072f1aad2fb87cede5e5af5fba09
- package: libxcb-sync-dev
  version: 1.13-1
  filename: pool/main/libx/libxcb/libxcb-sync-dev_1.13-1_i386.deb
  hash: 5a07d72e3afd380a4e009c9c5ece40ef069ebfae1689cdb2c42927cdac1cf47d
- package: libxcb-sync1
  version: 1.13-1
  filename: pool/main/libx/libxcb/libxcb-sync1_1.13-1_i386.deb
  hash: e96a70ea0e55b43fc98e0f5320280ac94743454a7b0a3fd544fea288a9d1b87f
- package: libxcb-xfixes0
  version: 1.13-1
  filename: pool/main/libx/libxcb/libxcb-xfixes0_1.13-1_i386.deb
  hash: eea49e62124267f2598dbadba8db8bf2c25d038c75b17d0c044fbca0c235ab13
- package: libxcb-xfixes0-dev
  version: 1.13-1
  filename: pool/main/libx/libxcb/libxcb-xfixes0-dev_1.13-1_i386.deb
  hash: 36ee391146c64b8e7c2e2f70ace1d85ad0b56a1537093fcde74679710875b28b
- package: libxcb1
  version: 1.13-1
  filename: pool/main/libx/libxcb/libxcb1_1.13-1_i386.deb
  hash: 828b81726a5017919016e56920d2281984928a5588b244b3cf187aee7ad9ca8f
- package: libxcb1-dev
  version: 1.13-1
  filename: pool/main/libx/libxcb/libxcb1-dev_1.13-1_i386.deb
  hash: e4b1f090b10f250b3e736150c34a85fa84efe61026b757e6127a9c0f69ca3b3b
- package: libxdamage-dev
  version: 1:1.1.4-3
  filename: pool/main/libx/libxdamage/libxdamage-dev_1.1.4-3_i386.deb
  hash: 7490d3c55eb64c3f0cb72e945e5bcd29f635a8b2e4c29688c16703e3d93c5365
- package: libxdamage1
  version: 1:1.1.4-3
  filename: pool/main/libx/libxdamage/libxdamage1_1.1.4-3_i386.deb
  hash: 5b89b7d904f94b8409bab342efda538cbf2e14529336d748871de86b28d557a2
- package: libxdmcp-dev
  version: 1:1.1.2-3
  filename: pool/main/libx/libxdmcp/libxdmcp-dev_1.1.2-3_i386.deb
  hash: 9a75983bb9fd7140c4a5c27b6a274b3732ae1b9e1bbe5674e81f0c46f0769925
- package: libxdmcp6
  version: 1:1.1.2-3
  filename: pool/main/libx/libxdmcp/libxdmcp6_1.1.2-3_i386.deb
  hash: 186935868181faae5f7956ab250a7a135b28d139d163a575050ad31bbfd56e33
- package: libxext-dev
  version: 2:1.3.3-1+b2
  filename: pool/main/libx/libxext/libxext-dev_1.3.3-1+b2_i386.deb
  hash: 46cf15f85d67b6a797e5729d86be3c6613108059c3bc9b16b189f15214866c09
- package: libxext6
  version: 2:1.3.3-1+b2
  filename: pool/main/libx/libxext/libxext6_1.3.3-1+b2_i386.deb
  hash: 5856df9c5cbeafab5fc4998b783b8ea1a1a83ae696b68bde1ba36c69e320b047
- package: libxfixes-dev
  version: 1:5.0.3-1
  filename: pool/main/libx/libxfixes/libxfixes-dev_5.0.3-1_i386.deb
  hash: ab9452da3eef57082824279440a359884a35f88b809d17cdb38bfe3e2ae196f9
- package: libxfixes3
  version: 1:5.0.3-1
  filename: pool/main/libx/libxfixes/libxfixes3_5.0.3-1_i386.deb
  hash: 787aad7620e0e61d588acddd049ad21e2116dae623b03ae8994c8f8493d2a950
- package: libxml2
  version: 2.9.4+dfsg1-7
  filename: pool/main/libx/libxml2/libxml2_2.9.4+dfsg1-7_i386.deb
  hash: 98160d4996e9cf6ceebb5b518fee70645da17eea0f9b0af2dc9818314d496f78
- package: libxml2-dev
  version: 2.9.4+dfsg1-7
  filename: pool/main/libx/libxml2/libxml2-dev_2.9.4+dfsg1-7_i386.deb
  hash: 95540b88636208aae1dc7fe513bd96858003807108a36ab67ddeec7bdbfa7750
- package: libxshmfence-dev
  version: 1.3-1
  filename: pool/main/libx/libxshmfence/libxshmfence-dev_1.3-1_i386.deb
  hash: 0f17e7245babd234d52d6cf2093de52e39a6fc511024318ce7bfee47fca70a28
- package: libxshmfence1
  version: 1.3-1
  filename: pool/main/libx/libxshmfence/libxshmfence1_1.3-1_i386.deb
  hash: 828d6a5e40fd9d084770b25ddf37d3e688e0aa7c4e4079913f225d7bb25a33e2
- package: libxxf86vm-dev
  version: 1:1.1.4-1+b2
  filename: pool/main/libx/libxxf86vm/libxxf86vm-dev_1.1.4-1+b2_i386.deb
  hash: ee1fbe456e32ffbf174920681af16dad490146a4cd755a6d945779ef058477b2
- package: libxxf86vm1
  version: 1:1.1.4-1+b2
  filename: pool/main/libx/libxxf86vm/libxxf86vm1_1.1.4-1+b2_i386.deb
  hash: 42f33f431d669d23cdb5912e804f6a694200b4ea51fca6ca283c6a5804a0f9dc
- package: linux-libc-dev
  version: 4.16.12-1
  filename: pool/main/l/linux/linux-libc-dev_4.16.12-1_i386.deb
  hash: 5043502a8a0138ad94ea5a7355782b95608ab8fac3ce6e0b78b1e28e32207cc6
- package: mesa-common-dev
  version: 18.0.5-1
  filename: pool/main/m/mesa/mesa-common-dev_18.0.5-1_i386.deb
  hash: fd69d0d01675e21ef49b0d09ba1c0a89c9cd25c50b41e2e95286cfb2d8c48831
- package: x11proto-core-dev
  version: 2018.4-4
  filename: pool/main/x/xorgproto/x11proto-core-dev_2018.4-4_all.deb
  hash: 8bdb72e48cac24f5a6b284fea4d2bd6cb11cbe5fba2345ce57d8017ac40243cb
- package: x11proto-damage-dev
  version: 1:2018.4-4
  filename: pool/main/x/xorgproto/x11proto-damage-dev_2018.4-4_all.deb
  hash: 33b9b97e107f01f537108143aca6c087eef71ebf46c0f2dd3194b02bf3ef6450
- package: x11proto-dri2-dev
  version: 2018.4-4
  filename: pool/main/x/xorgproto/x11proto-dri2-dev_2018.4-4_all.deb
  hash: 63ca83d76b45637f6c32721a1be480cec72a2ea0c06211bf892d8996323b3def
- package: x11proto-fixes-dev
  version: 1:2018.4-4
  filename: pool/main/x/xorgproto/x11proto-fixes-dev_2018.4-4_all.deb
  hash: c4bb58f037c0de0ccd9c1021c3bd89de9236f5ac0db64fcd4cb8b636b14a5d64
- package: x11proto-gl-dev
  version: 2018.4-4
  filename: pool/main/x/xorgproto/x11proto-gl-dev_2018.4-4_all.deb
  hash: d14e9b01493f3b5e1bc6b1068b49c612f9b35a8975f51a848222c470a5467101
- package: x11proto-input-dev
  version: 2018.4-4
  filename: pool/main/x/xorgproto/x11proto-input-dev_2018.4-4_all.deb
  hash: 364edce8bb7cf3187c1e81d37ea5b8f6b6ddd3a74c4c82efa1810dd451bbddbf
- package: x11proto-kb-dev
  version: 2018.4-4
  filename: pool/main/x/xorgproto/x11proto-kb-dev_2018.4-4_all.deb
  hash: 14df9b61bf65d8cb8b6053c2bc8f993454e8076d2a5ebc4e8d2bfe671c0592e3
- package: x11proto-xext-dev
  version: 2018.4-4
  filename: pool/main/x/xorgproto/x11proto-xext-dev_2018.4-4_all.deb
  hash: fd5c04fa8f10bdaeadb7bde8b14534265b38fdf18de708476eefcb229a70cbc0
- package: x11proto-xf86vidmode-dev
  version: 2018.4-4
  filename: pool/main/x/xorgproto/x11proto-xf86vidmode-dev_2018.4-4_all.deb
  hash: ab251198b55dc453015a596ed3195e7ad8a5b930f0baf4b68b72e0104c9c1501
- package: xtrans-dev
  version: 1.3.5-1
  filename: pool/main/x/xtrans/xtrans-dev_1.3.5-1_all.deb
  hash: cadb720a2f8f0a2b2ad2dd82172d59e105e37885cedb3a93f6de9c78478c72d0
- package: zlib1g
  version: 1:1.2.11.dfsg-1
  filename: pool/main/z/zlib/zlib1g_1.2.11.dfsg-1_i386.deb
  hash: bae5ade839d6233682c1d766386c935a02d3b16d882ba79da0b9648295598c2d
- package: zlib1g-dev
  version: 1:1.2.11.dfsg-1
  filename: pool/main/z/zlib/zlib1g-dev_1.2.11.dfsg-1_i386.deb
  hash: 31de8b80c3cd0abf94eb02365684786303e4462341ff7a2bbbe22a7d02a01c93
