hash: 6a5cfff67301c2b5fc62305d798be8b511ce875cec717186839f010647865acd
updated: 2018-11-18T16:36:37.840104448-08:00
packages:
- package: libc6
  version: 2.19-18+deb8u10
  filename: pool/main/g/glibc/libc6_2.19-18+deb8u10_arm64.deb
  hash: b52eab4f1beeb020e20fb44bc2dc02a9ccf12fc70213d6a56921e08308bc3e9c
- package: libc6-dev
  version: 2.19-18+deb8u10
  filename: pool/main/g/glibc/libc6-dev_2.19-18+deb8u10_arm64.deb
  hash: 9cf8ae92bb508873e19b43975b5841166fc2476664d9de52eb62ae3a1a50abb3
- package: libgcc-4.9-dev
  version: 4.9.2-10+deb8u1
  filename: pool/main/g/gcc-4.9/libgcc-4.9-dev_4.9.2-10+deb8u1_arm64.deb
  hash: 5141491d88ffd8288e86efb54cbfa40dbaf7e23ff11ace44261a798c78220f2e
- package: libgcc1
  version: 1:4.9.2-10+deb8u1
  filename: pool/main/g/gcc-4.9/libgcc1_4.9.2-10+deb8u1_arm64.deb
  hash: 7585b1dc42b3958fefe1cc40754fb2d25f6d8ce5e4fa14a61b053310d6793594
- package: linux-libc-dev
  version: 3.16.51-3
  filename: pool/main/l/linux/linux-libc-dev_3.16.51-3_arm64.deb
  hash: f2e7ab5f0cc3dd03cd7278e5574dc25b744a399f75cb2890c346a064954779dd
