hash: 3d363986f3350a70a16540ae0748cc4691dd5c0b98b7d91089439e4aa5adea4f
updated: 2018-06-11T19:39:52.488040025-07:00
packages:
- package: gcc-8-base
  version: 8.1.0-5
  filename: pool/main/g/gcc-8/gcc-8-base_8.1.0-5_armhf.deb
  hash: a7de6e399f737d0c0fd8640746a93505e57b98f9c850e5c53f454677642b4b60
- package: icu-devtools
  version: 60.2-6
  filename: pool/main/i/icu/icu-devtools_60.2-6_armhf.deb
  hash: 4298d7994c1283a88f09e280e9b4141c18ed716f811595d616e46d17fe2d95b3
- package: libblkid1
  version: 2.32-0.1
  filename: pool/main/u/util-linux/libblkid1_2.32-0.1_armhf.deb
  hash: 88bab228a7272a221e919d75e2b4d3269541fd2364facd7aba620123d0da687e
- package: libbsd-dev
  version: 0.9.1-1
  filename: pool/main/libb/libbsd/libbsd-dev_0.9.1-1_armhf.deb
  hash: 104271aeb58326addbe8f267604ea8548a9ce20baa46d47c128fce7c8f4c0c89
- package: libbsd0
  version: 0.9.1-1
  filename: pool/main/libb/libbsd/libbsd0_0.9.1-1_armhf.deb
  hash: ef1b68bdf1283b1203b3ae92cda337c01b42c578814f545521fd1730f4e6b397
- package: libc-dev-bin
  version: 2.27-3
  filename: pool/main/g/glibc/libc-dev-bin_2.27-3_armhf.deb
  hash: 26de22aa4bf3c61959fe691927764799eeb77a6f10d5a5bf7a8d8531cb495fff
- package: libc6
  version: 2.27-3
  filename: pool/main/g/glibc/libc6_2.27-3_armhf.deb
  hash: a50e5bb0fd62b0d2b08f7918c34c1b210c79b04fe33962e8e9118880b6ab3181
- package: libc6-dev
  version: 2.27-3
  filename: pool/main/g/glibc/libc6-dev_2.27-3_armhf.deb
  hash: b8bc8b3f3a446ae6305aeaded5186b7957ba72d8889a627a31b572f7c799d24d
- package: libdrm-amdgpu1
  version: 2.4.92-1
  filename: pool/main/libd/libdrm/libdrm-amdgpu1_2.4.92-1_armhf.deb
  hash: 5071ee31b2c55a98133084cabf02d6835892a521a848b8ddcbb89bb79d7e60a5
- package: libdrm-common
  version: 2.4.92-1
  filename: pool/main/libd/libdrm/libdrm-common_2.4.92-1_all.deb
  hash: 7245be2731ae94af7794e04a65ac96b79beecbc839fa83de5f757fdc2cba48c4
- package: libdrm-dev
  version: 2.4.92-1
  filename: pool/main/libd/libdrm/libdrm-dev_2.4.92-1_armhf.deb
  hash: f646d95c3e982731805d5509adac2d262141286d579fcb1c7db98975f1330a5c
- package: libdrm-etnaviv1
  version: 2.4.92-1
  filename: pool/main/libd/libdrm/libdrm-etnaviv1_2.4.92-1_armhf.deb
  hash: 2d5a4979b1724fa77a1b7a0e98e4a56abcce9a83befe3bad89bc8fab2882910c
- package: libdrm-exynos1
  version: 2.4.92-1
  filename: pool/main/libd/libdrm/libdrm-exynos1_2.4.92-1_armhf.deb
  hash: 5dfa8f8af618d9ecb40cd8525b43b21e4b45010318f5bd5cbafb0e0e83321aad
- package: libdrm-freedreno1
  version: 2.4.92-1
  filename: pool/main/libd/libdrm/libdrm-freedreno1_2.4.92-1_armhf.deb
  hash: 42d70abb19ad7855dbb6b0fe597ec9c9f7f3b2406348522a92eec9bc21baa108
- package: libdrm-nouveau2
  version: 2.4.92-1
  filename: pool/main/libd/libdrm/libdrm-nouveau2_2.4.92-1_armhf.deb
  hash: 8a3d0f80ca934c1f3cf6a813429120346817181a8893fd24cae584c3ed759640
- package: libdrm-omap1
  version: 2.4.92-1
  filename: pool/main/libd/libdrm/libdrm-omap1_2.4.92-1_armhf.deb
  hash: d5d68371ff0c4b7ad8f1097ea11ec371d5e557a59623df4001598fe98f944b7c
- package: libdrm-radeon1
  version: 2.4.92-1
  filename: pool/main/libd/libdrm/libdrm-radeon1_2.4.92-1_armhf.deb
  hash: 283af8b8a13063151e279af9f0dc9e368f47ef76cc39d4b240cd20bd43529078
- package: libdrm-tegra0
  version: 2.4.92-1
  filename: pool/main/libd/libdrm/libdrm-tegra0_2.4.92-1_armhf.deb
  hash: 4b49396af872477384bc1f51b6489d0eb6adfd41be2c70d4655c5f7dcb3f0aea
- package: libdrm2
  version: 2.4.92-1
  filename: pool/main/libd/libdrm/libdrm2_2.4.92-1_armhf.deb
  hash: 4f52f1ec38eac6ecf80690227bdad2a7e4c9677061497a11cbeeb7d925f93c1d
- package: libedit-dev
  version: 3.1-20180525-1
  filename: pool/main/libe/libedit/libedit-dev_3.1-20180525-1_armhf.deb
  hash: cc2506b6984298cafff9a385ae273ef75125686d4392c0fe6337e379bb3ddac5
- package: libedit2
  version: 3.1-20180525-1
  filename: pool/main/libe/libedit/libedit2_3.1-20180525-1_armhf.deb
  hash: e74de9a71641e502a99c778e6a2103c2bfbf2ebc8879465c9d3f5c85317cfc83
- package: libegl-mesa0
  version: 18.0.5-1
  filename: pool/main/m/mesa/libegl-mesa0_18.0.5-1_armhf.deb
  hash: 706b5865fc5ec3d59565ddfc02c8151f9a166acc26418d36f6ebf124bfd6f1e7
- package: libegl1
  version: 1.0.0+git20180308-3
  filename: pool/main/libg/libglvnd/libegl1_1.0.0+git20180308-3_armhf.deb
  hash: b43685755d37c8365e11c46a1bfabee167331dd94588c4a0e2d8a934f1ddccb9
- package: libegl1-mesa
  version: 18.0.5-1
  filename: pool/main/m/mesa/libegl1-mesa_18.0.5-1_armhf.deb
  hash: 3fe15991a1e7c16be21866ecebc7e88f4342e096a72c5f7959b863b9f2eb40f7
- package: libegl1-mesa-dev
  version: 18.0.5-1
  filename: pool/main/m/mesa/libegl1-mesa-dev_18.0.5-1_armhf.deb
  hash: 4a1fc0e329ba06d984e07b164e1875b5905b511003a9c9482c9a11978db78e36
- package: libelf1
  version: 0.170-0.4
  filename: pool/main/e/elfutils/libelf1_0.170-0.4_armhf.deb
  hash: 877047022793e8484ab65912363189cd650e0bb2e282f8ea4ca91355b196ee24
- package: libexpat1
  version: 2.2.5-3
  filename: pool/main/e/expat/libexpat1_2.2.5-3_armhf.deb
  hash: 38f54084c15df575cbb0e6e424ce02456202437180f604b13935a91d2c5638bb
- package: libexpat1-dev
  version: 2.2.5-3
  filename: pool/main/e/expat/libexpat1-dev_2.2.5-3_armhf.deb
  hash: e4e329405724fefbf164fbf0ad6bc806139a5db34f1b6a3fbf41179e5bce8cfc
- package: libffi6
  version: 3.2.1-8
  filename: pool/main/libf/libffi/libffi6_3.2.1-8_armhf.deb
  hash: 9625f8507648e3be85e659135200c6052eec9e46bfe1432ba6c56f0dafec8334
- package: libgbm1
  version: 18.0.5-1
  filename: pool/main/m/mesa/libgbm1_18.0.5-1_armhf.deb
  hash: ea2d3200598a777c72b608a0db875a61109a86b0132bc8f5249b07957c715855
- package: libgcc1
  version: 1:8.1.0-5
  filename: pool/main/g/gcc-8/libgcc1_8.1.0-5_armhf.deb
  hash: db15174b34cb606ade2447ca293f45903e1ac95dc5183f69ea092ee4722d88c5
- package: libgl1
  version: 1.0.0+git20180308-3
  filename: pool/main/libg/libglvnd/libgl1_1.0.0+git20180308-3_armhf.deb
  hash: ddfdbce307e7a8afa214f9d85879829e14d5121e099bfa3d8de9e264a3f0b2f5
- package: libgl1-mesa-dev
  version: 18.0.5-1
  filename: pool/main/m/mesa/libgl1-mesa-dev_18.0.5-1_armhf.deb
  hash: 8db8bcb7677b3d93daa953182b86ef372bdb155076ba84a06311daed8d7fb052
- package: libgl1-mesa-dri
  version: 18.0.5-1
  filename: pool/main/m/mesa/libgl1-mesa-dri_18.0.5-1_armhf.deb
  hash: 506b8c570b0ee57f1f5ba7f25a2d9f4151fee60e8d28836a999ca27abb09cb81
- package: libgl1-mesa-glx
  version: 18.0.5-1
  filename: pool/main/m/mesa/libgl1-mesa-glx_18.0.5-1_armhf.deb
  hash: c1ea91f15707ad3bdf75b0b99877aed8f99e033c6c154f1a70e3f043b541b565
- package: libglapi-mesa
  version: 18.0.5-1
  filename: pool/main/m/mesa/libglapi-mesa_18.0.5-1_armhf.deb
  hash: 4e8aba28b763fdba8619c76c3823082771debe4600e5c2b0915ee2b0d769315c
- package: libgles2
  version: 1.0.0+git20180308-3
  filename: pool/main/libg/libglvnd/libgles2_1.0.0+git20180308-3_armhf.deb
  hash: ceb762f2844db5b3113b6272d9874b73f0dc7402819931f5b8efec4fc88e9430
- package: libglib2.0-0
  version: 2.56.1-2
  filename: pool/main/g/glib2.0/libglib2.0-0_2.56.1-2_armhf.deb
  hash: 13510a209567bbb264beda590195c365832f5be1b6efbbfe828c044c11ae4a51
- package: libglib2.0-dev
  version: 2.56.1-2
  filename: pool/main/g/glib2.0/libglib2.0-dev_2.56.1-2_armhf.deb
  hash: 98a144d0f7cb0f494fdb89703a9512b3908e1aaa18d59f4e08b6bd01d5bd09ac
- package: libglib2.0-dev-bin
  version: 2.56.1-2
  filename: pool/main/g/glib2.0/libglib2.0-dev-bin_2.56.1-2_armhf.deb
  hash: 87a40b8a4286c40ccb5ae135039a05d3610d60e23234ad351398b2dfddc994c9
- package: libglu1-mesa
  version: 9.0.0-2.1
  filename: pool/main/libg/libglu/libglu1-mesa_9.0.0-2.1_armhf.deb
  hash: 7c1d85b73c2b796f76d01436f5564fc0a3b6efdb6cb25657536d7a9e74c849ce
- package: libglu1-mesa-dev
  version: 9.0.0-2.1
  filename: pool/main/libg/libglu/libglu1-mesa-dev_9.0.0-2.1_armhf.deb
  hash: a1604210176d6f7ea9fa97882a822e0017045117c1a43c24e87b9b6c0b7bbc4d
- package: libglvnd-core-dev
  version: 1.0.0+git20180308-3
  filename: pool/main/libg/libglvnd/libglvnd-core-dev_1.0.0+git20180308-3_armhf.deb
  hash: 4fae69c4b51e288da5d0a3f230b6449f5110d51d41f9417320b39bd8f660ad65
- package: libglvnd-dev
  version: 1.0.0+git20180308-3
  filename: pool/main/libg/libglvnd/libglvnd-dev_1.0.0+git20180308-3_armhf.deb
  hash: 8c0df082783ae32aa839c61c2b98159c0992d534d9c491e3531ee76a61be2a94
- package: libglvnd0
  version: 1.0.0+git20180308-3
  filename: pool/main/libg/libglvnd/libglvnd0_1.0.0+git20180308-3_armhf.deb
  hash: 7252a7c0f096a5d8852ea3ecdadbbfc1a6b49098e0b9cec8a86b756bcbe69814
- package: libglx-mesa0
  version: 18.0.5-1
  filename: pool/main/m/mesa/libglx-mesa0_18.0.5-1_armhf.deb
  hash: 82b11d49f08af657366d922b4eeddf8ae208aa91848b721f88d4ca46e859e673
- package: libglx0
  version: 1.0.0+git20180308-3
  filename: pool/main/libg/libglvnd/libglx0_1.0.0+git20180308-3_armhf.deb
  hash: ed4b0e0204495a6b6425342a74d16d5edba69e43c46441e0a0fdc7f20a2c2db2
- package: libicu-dev
  version: 60.2-6
  filename: pool/main/i/icu/libicu-dev_60.2-6_armhf.deb
  hash: 7924b436c716505d9ac5b8923145d51f4652407be273a6cf98dcbb57cbc1237f
- package: libllvm6.0
  version: 1:6.0-3+b1
  filename: pool/main/l/llvm-toolchain-6.0/libllvm6.0_6.0-3+b1_armhf.deb
  hash: 6ac7da18beca44605dda08d2dd36745786f9ce46c38064f4aa84bf3273c35fb3
- package: liblzma5
  version: 5.2.2-1.3
  filename: pool/main/x/xz-utils/liblzma5_5.2.2-1.3_armhf.deb
  hash: a3d3bc054daee5ffb564e6be17ac11e160607615f591be2e4c1ebc6ccb398555
- package: libmount1
  version: 2.32-0.1
  filename: pool/main/u/util-linux/libmount1_2.32-0.1_armhf.deb
  hash: ba2d124b118f7160f1789ed486befc8cf16931aee1e9fb4667f9a7c97ef9ff62
- package: libncurses5
  version: 6.1+20180210-4
  filename: pool/main/n/ncurses/libncurses5_6.1+20180210-4_armhf.deb
  hash: 8e2f6c9e7a6c38cacfc2e00a3ac1cd454254de5cbbe7bb13e3fac63bb7a444db
- package: libncurses5-dev
  version: 6.1+20180210-4
  filename: pool/main/n/ncurses/libncurses5-dev_6.1+20180210-4_armhf.deb
  hash: fe3fea9fe5d03b8eea0365c34815565a4a431bc710b33e112ad8855549e5b005
- package: libopengl0
  version: 1.0.0+git20180308-3
  filename: pool/main/libg/libglvnd/libopengl0_1.0.0+git20180308-3_armhf.deb
  hash: 0d615c3d7949065edeec3c4c0294ba2f67da032a42a6438dc671c6e3c60c29b4
- package: libpcre16-3
  version: 2:8.39-9
  filename: pool/main/p/pcre3/libpcre16-3_8.39-9_armhf.deb
  hash: 13b0f24b413374a4599670c63c0afe565687951a786285364deaa76cf9c2d402
- package: libpcre3
  version: 2:8.39-9
  filename: pool/main/p/pcre3/libpcre3_8.39-9_armhf.deb
  hash: ce77a561553bbc0e198420c807f1c756897f5043469b5987c8452995bb2f8cb4
- package: libpcre3-dev
  version: 2:8.39-9
  filename: pool/main/p/pcre3/libpcre3-dev_8.39-9_armhf.deb
  hash: 34f51d4b6c426a1edc8b41fb65bc0d5068ec721ff1ae0d9c8552309b8d115b64
- package: libpcre32-3
  version: 2:8.39-9
  filename: pool/main/p/pcre3/libpcre32-3_8.39-9_armhf.deb
  hash: fbb806b28516eedffd6b2c2337289a93aeb46f508f3f09d301c39e54d9791287
- package: libpcrecpp0v5
  version: 2:8.39-9
  filename: pool/main/p/pcre3/libpcrecpp0v5_8.39-9_armhf.deb
  hash: c132dcb6a3bc9eff7b09c2f4eb351518fdb737332f1da0c133de3427a28099a5
- package: libpthread-stubs0-dev
  version: 0.3-4
  filename: pool/main/libp/libpthread-stubs/libpthread-stubs0-dev_0.3-4_armhf.deb
  hash: af248e9c2841345c48ca9c46510f439a576148a6ba701adc64e86cd9798807c2
- package: libpython2.7
  version: 2.7.15-1
  filename: pool/main/p/python2.7/libpython2.7_2.7.15-1_armhf.deb
  hash: bf18699d1aa6876f0f27dd8edd1a42d1ffb2489d3bb54e116c74ca81db4a08e0
- package: libpython2.7-dev
  version: 2.7.15-1
  filename: pool/main/p/python2.7/libpython2.7-dev_2.7.15-1_armhf.deb
  hash: b65aa0465284a50b1d2f8589864377759cf63867344aef8ad50cad3e10536ac7
- package: libselinux1
  version: 2.8-1
  filename: pool/main/libs/libselinux/libselinux1_2.8-1_armhf.deb
  hash: a7e83c689ed1b0df6c2a43f5228e47e230bddbe2a2f1393ea10a40550302a140
- package: libsensors4
  version: 1:3.4.0-4
  filename: pool/main/l/lm-sensors/libsensors4_3.4.0-4_armhf.deb
  hash: 6622bd40dc19a15937c96e5c99f320058a8276f095600b0e5116bddb5d08bef6
- package: libstdc++6
  version: 8.1.0-5
  filename: pool/main/g/gcc-8/libstdc++6_8.1.0-5_armhf.deb
  hash: e0cd91798449fe6a25638d89120509607aca786e26736c8609aa9b461b8709c1
- package: libtinfo-dev
  version: 6.1+20180210-4
  filename: pool/main/n/ncurses/libtinfo-dev_6.1+20180210-4_armhf.deb
  hash: e04dec30708fa30a105376a711279b1982474dc431fc6f46d0b010e5c0005f1f
- package: libtinfo5
  version: 6.1+20180210-4
  filename: pool/main/n/ncurses/libtinfo5_6.1+20180210-4_armhf.deb
  hash: d9d33376e5da32b776ad99151712189de3508f760011f2a1f2c35e54693fcfed
- package: libuuid1
  version: 2.32-0.1
  filename: pool/main/u/util-linux/libuuid1_2.32-0.1_armhf.deb
  hash: e29feaf99b8a0d8f8f1bbea679f887c32753aa523d1a914039b02cdf510a7777
- package: libwayland-bin
  version: 1.15.0-2
  filename: pool/main/w/wayland/libwayland-bin_1.15.0-2_armhf.deb
  hash: de968fe8d8c7d011b4d6d8539f098115c574af138f51ce8833f14f6a1009a4fd
- package: libwayland-client0
  version: 1.15.0-2
  filename: pool/main/w/wayland/libwayland-client0_1.15.0-2_armhf.deb
  hash: 2b5642c01055c2f0577f601d8a067ba8ad4e78f539acad500dffe83bb1976e86
- package: libwayland-cursor0
  version: 1.15.0-2
  filename: pool/main/w/wayland/libwayland-cursor0_1.15.0-2_armhf.deb
  hash: 76f2d5d3d96ca3a34038a99dbbcc8c98fd777784832323a6203104b7f84e33ca
- package: libwayland-dev
  version: 1.15.0-2
  filename: pool/main/w/wayland/libwayland-dev_1.15.0-2_armhf.deb
  hash: 06f90bfaae6d455f343fa7ae62b84c817db65beb90d26bd79a3f47202cdf97d1
- package: libwayland-server0
  version: 1.15.0-2
  filename: pool/main/w/wayland/libwayland-server0_1.15.0-2_armhf.deb
  hash: dc62038b2957513d3d9f7a258603679975ef9a7ede7058140ea84900ba116b9e
- package: libx11-6
  version: 2:1.6.5-1
  filename: pool/main/libx/libx11/libx11-6_1.6.5-1_armhf.deb
  hash: 0c575a8dad9137c0edf67c486599683207dfe48669ae70d74c1d6628c68d3082
- package: libx11-dev
  version: 2:1.6.5-1
  filename: pool/main/libx/libx11/libx11-dev_1.6.5-1_armhf.deb
  hash: 32e47b19c49b4c69002fe3b89818c75ad0c9d9a5c21623235db29767138f4ba4
- package: libx11-xcb-dev
  version: 2:1.6.5-1
  filename: pool/main/libx/libx11/libx11-xcb-dev_1.6.5-1_armhf.deb
  hash: b4206f328b074b7b43eff32cf3b317cdcec90798cfd7f37437590e2e3bbc468f
- package: libx11-xcb1
  version: 2:1.6.5-1
  filename: pool/main/libx/libx11/libx11-xcb1_1.6.5-1_armhf.deb
  hash: c4c313d7a98ab79f88f0aac4e5e1762570a186caa489a5d3274467a7dfb158bc
- package: libxau-dev
  version: 1:1.0.8-1+b2
  filename: pool/main/libx/libxau/libxau-dev_1.0.8-1+b2_armhf.deb
  hash: bc504ec0c33810dace716e41e259cd23ebd46835798db756827fafca396d5df9
- package: libxau6
  version: 1:1.0.8-1+b2
  filename: pool/main/libx/libxau/libxau6_1.0.8-1+b2_armhf.deb
  hash: 6b42697bd2ec362d8d48424e5b3e44c00dad1fda233db2a43bd6a01797146107
- package: libxcb-dri2-0
  version: 1.13-1
  filename: pool/main/libx/libxcb/libxcb-dri2-0_1.13-1_armhf.deb
  hash: 774e75f54be1415b936e6313c18453d07159b7d3505c3e97a37eef9db7b17224
- package: libxcb-dri2-0-dev
  version: 1.13-1
  filename: pool/main/libx/libxcb/libxcb-dri2-0-dev_1.13-1_armhf.deb
  hash: cab5fd33045382377c982d14d4aa721b6a73d61b6d784a4632edb49283390f82
- package: libxcb-dri3-0
  version: 1.13-1
  filename: pool/main/libx/libxcb/libxcb-dri3-0_1.13-1_armhf.deb
  hash: 30024d6ccc9529442d63eb9f2f72aed42d099180057929f53f52b110780ad9a7
- package: libxcb-dri3-dev
  version: 1.13-1
  filename: pool/main/libx/libxcb/libxcb-dri3-dev_1.13-1_armhf.deb
  hash: f55d841552183cb3317d2e219d65a9a26a5c4441456e07a801b331c67175216d
- package: libxcb-glx0
  version: 1.13-1
  filename: pool/main/libx/libxcb/libxcb-glx0_1.13-1_armhf.deb
  hash: 7b3458dccbc3644417a15f2d8e6bd6f7da238fba0318130c408720477fcc7c10
- package: libxcb-glx0-dev
  version: 1.13-1
  filename: pool/main/libx/libxcb/libxcb-glx0-dev_1.13-1_armhf.deb
  hash: bf1fd1b37537166cfe49e5497d5c6443ca3ad23c2b9b815870447e1ab723434e
- package: libxcb-present-dev
  version: 1.13-1
  filename: pool/main/libx/libxcb/libxcb-present-dev_1.13-1_armhf.deb
  hash: 72410d499961451dea38b0cc26c9a9d91394649d379f2b03513dd9c2552fe1a5
- package: libxcb-present0
  version: 1.13-1
  filename: pool/main/libx/libxcb/libxcb-present0_1.13-1_armhf.deb
  hash: 39126f6af5a47d80cd7ed752acc6cf985796c7078e351524ad49fc29d7432173
- package: libxcb-randr0
  version: 1.13-1
  filename: pool/main/libx/libxcb/libxcb-randr0_1.13-1_armhf.deb
  hash: 215c0cc7f11aa25f61337ee8235012c530663d3a09b8c938f0039eefdacfb894
- package: libxcb-randr0-dev
  version: 1.13-1
  filename: pool/main/libx/libxcb/libxcb-randr0-dev_1.13-1_armhf.deb
  hash: a34bd6718275a0f8e9c05013c182424ddf1ae29ec6dd4631d9d29d084ee69b25
- package: libxcb-render0
  version: 1.13-1
  filename: pool/main/libx/libxcb/libxcb-render0_1.13-1_armhf.deb
  hash: 2dcb46fa1112e42b4bf327a07e863acff13cf442c9d9667a694e96b2eb4e28bf
- package: libxcb-render0-dev
  version: 1.13-1
  filename: pool/main/libx/libxcb/libxcb-render0-dev_1.13-1_armhf.deb
  hash: fee84f3a28c1d88e0ee209266884b2ab0c0830e58bb685c494a2f2535d952196
- package: libxcb-shape0
  version: 1.13-1
  filename: pool/main/libx/libxcb/libxcb-shape0_1.13-1_armhf.deb
  hash: ab54c02413299f161725b3bccf4314a0a439afc7eef3e07b3eff70edea249714
- package: libxcb-shape0-dev
  version: 1.13-1
  filename: pool/main/libx/libxcb/libxcb-shape0-dev_1.13-1_armhf.deb
  hash: e4cdcc487c7f98c1fcf89d496c5fa662ea30a5d4f3a2646f52a1f970e10cd192
- package: libxcb-sync-dev
  version: 1.13-1
  filename: pool/main/libx/libxcb/libxcb-sync-dev_1.13-1_armhf.deb
  hash: d6fe50895199b876d0ecd0977c560f1147479fc795043f5d811e0da06e6106d1
- package: libxcb-sync1
  version: 1.13-1
  filename: pool/main/libx/libxcb/libxcb-sync1_1.13-1_armhf.deb
  hash: 6d74ea93ddbb45b8ee0639f2f7282e9c569dad89e7b00d6d09c8347adf33c1ca
- package: libxcb-xfixes0
  version: 1.13-1
  filename: pool/main/libx/libxcb/libxcb-xfixes0_1.13-1_armhf.deb
  hash: eb278dc4a6528ce00a2de2bc3fd2e42741172622990465cf7adf2fbe61504095
- package: libxcb-xfixes0-dev
  version: 1.13-1
  filename: pool/main/libx/libxcb/libxcb-xfixes0-dev_1.13-1_armhf.deb
  hash: e43272cb19784ae1714a326e6bd4b0ec8aacce71fbe449c1b0f9dece32c913dd
- package: libxcb1
  version: 1.13-1
  filename: pool/main/libx/libxcb/libxcb1_1.13-1_armhf.deb
  hash: afb638aad21ddf0eaa13dc4d943fc9edaec95dcef8c2155833905557193f82cf
- package: libxcb1-dev
  version: 1.13-1
  filename: pool/main/libx/libxcb/libxcb1-dev_1.13-1_armhf.deb
  hash: 16c570d93c15f271f4958f70dd7d04a9536463d5bdc30baa32d70c899bceb3b6
- package: libxdamage-dev
  version: 1:1.1.4-3
  filename: pool/main/libx/libxdamage/libxdamage-dev_1.1.4-3_armhf.deb
  hash: 0342c839e4db5c661ff410b4af5295dd13a440ba947756e18fdf8d52165072dd
- package: libxdamage1
  version: 1:1.1.4-3
  filename: pool/main/libx/libxdamage/libxdamage1_1.1.4-3_armhf.deb
  hash: 230f08b211929f754f4cc74c4ef6471fc59f17bc914780bc1b4429fc6d0053e6
- package: libxdmcp-dev
  version: 1:1.1.2-3
  filename: pool/main/libx/libxdmcp/libxdmcp-dev_1.1.2-3_armhf.deb
  hash: 8b4f46daf5dcf91180444812be90174ae10001dbe0a8fbdceaba73a12469aa62
- package: libxdmcp6
  version: 1:1.1.2-3
  filename: pool/main/libx/libxdmcp/libxdmcp6_1.1.2-3_armhf.deb
  hash: ad47858edc6469f8288a13238ee53c12f5745636bf0dc12fce798db2718602bd
- package: libxext-dev
  version: 2:1.3.3-1+b2
  filename: pool/main/libx/libxext/libxext-dev_1.3.3-1+b2_armhf.deb
  hash: 9899bdc6b0912d2801dd908a428a5a140415e1c7257b6a8f12fb12932784d91d
- package: libxext6
  version: 2:1.3.3-1+b2
  filename: pool/main/libx/libxext/libxext6_1.3.3-1+b2_armhf.deb
  hash: cedf391d383e259a348e0d747b00216050270ba4e7af0b6051fe65c989e82b45
- package: libxfixes-dev
  version: 1:5.0.3-1
  filename: pool/main/libx/libxfixes/libxfixes-dev_5.0.3-1_armhf.deb
  hash: cd925ef0b51e690e9fc1b42d4369359af3076412215eaec7006e5a12c578c5ad
- package: libxfixes3
  version: 1:5.0.3-1
  filename: pool/main/libx/libxfixes/libxfixes3_5.0.3-1_armhf.deb
  hash: 13fea4fe545a0c2ebede9c36a5ffe776c360c33c8179b8594fcf642e53c7ef01
- package: libxml2
  version: 2.9.4+dfsg1-7
  filename: pool/main/libx/libxml2/libxml2_2.9.4+dfsg1-7_armhf.deb
  hash: 38c4e49d814690d6dffb1fe7bdc94b16624046186d49a266dda3ec98e0f8c9ec
- package: libxml2-dev
  version: 2.9.4+dfsg1-7
  filename: pool/main/libx/libxml2/libxml2-dev_2.9.4+dfsg1-7_armhf.deb
  hash: bd2301c6175f92f0efe1ccbfdbedbd5c6b1eed47c65a87dbc7b3dbbaf7a5dbc8
- package: libxshmfence-dev
  version: 1.3-1
  filename: pool/main/libx/libxshmfence/libxshmfence-dev_1.3-1_armhf.deb
  hash: 11a0272833039adeaef11daad9238aa1dc4c9e3f1bceac097eaeeba01154b82c
- package: libxshmfence1
  version: 1.3-1
  filename: pool/main/libx/libxshmfence/libxshmfence1_1.3-1_armhf.deb
  hash: 7854270047611c95b28a0d68c95705293f2cf32962d52405657b4f8a99a8afb5
- package: libxxf86vm-dev
  version: 1:1.1.4-1+b2
  filename: pool/main/libx/libxxf86vm/libxxf86vm-dev_1.1.4-1+b2_armhf.deb
  hash: 467c152e81ad4ec0a47d541875898d8d426de1d98ec3cdd8c024683be6ae5a1a
- package: libxxf86vm1
  version: 1:1.1.4-1+b2
  filename: pool/main/libx/libxxf86vm/libxxf86vm1_1.1.4-1+b2_armhf.deb
  hash: 71ed46504266b91fbe269c12110c8bb9e1a6d11f207e06c9201c74e5534df701
- package: linux-libc-dev
  version: 4.16.12-1
  filename: pool/main/l/linux/linux-libc-dev_4.16.12-1_armhf.deb
  hash: ab3554e346902e6fa291ddee32b0db2b27415eb842b6f5e1cb293ac486e1720b
- package: mesa-common-dev
  version: 18.0.5-1
  filename: pool/main/m/mesa/mesa-common-dev_18.0.5-1_armhf.deb
  hash: 32c35bb054aaa6e54c7e824940a8121a4e92ba218bb72284f7667b64c9a0cbf1
- package: x11proto-core-dev
  version: 2018.4-4
  filename: pool/main/x/xorgproto/x11proto-core-dev_2018.4-4_all.deb
  hash: 8bdb72e48cac24f5a6b284fea4d2bd6cb11cbe5fba2345ce57d8017ac40243cb
- package: x11proto-damage-dev
  version: 1:2018.4-4
  filename: pool/main/x/xorgproto/x11proto-damage-dev_2018.4-4_all.deb
  hash: 33b9b97e107f01f537108143aca6c087eef71ebf46c0f2dd3194b02bf3ef6450
- package: x11proto-dri2-dev
  version: 2018.4-4
  filename: pool/main/x/xorgproto/x11proto-dri2-dev_2018.4-4_all.deb
  hash: 63ca83d76b45637f6c32721a1be480cec72a2ea0c06211bf892d8996323b3def
- package: x11proto-fixes-dev
  version: 1:2018.4-4
  filename: pool/main/x/xorgproto/x11proto-fixes-dev_2018.4-4_all.deb
  hash: c4bb58f037c0de0ccd9c1021c3bd89de9236f5ac0db64fcd4cb8b636b14a5d64
- package: x11proto-gl-dev
  version: 2018.4-4
  filename: pool/main/x/xorgproto/x11proto-gl-dev_2018.4-4_all.deb
  hash: d14e9b01493f3b5e1bc6b1068b49c612f9b35a8975f51a848222c470a5467101
- package: x11proto-input-dev
  version: 2018.4-4
  filename: pool/main/x/xorgproto/x11proto-input-dev_2018.4-4_all.deb
  hash: 364edce8bb7cf3187c1e81d37ea5b8f6b6ddd3a74c4c82efa1810dd451bbddbf
- package: x11proto-kb-dev
  version: 2018.4-4
  filename: pool/main/x/xorgproto/x11proto-kb-dev_2018.4-4_all.deb
  hash: 14df9b61bf65d8cb8b6053c2bc8f993454e8076d2a5ebc4e8d2bfe671c0592e3
- package: x11proto-xext-dev
  version: 2018.4-4
  filename: pool/main/x/xorgproto/x11proto-xext-dev_2018.4-4_all.deb
  hash: fd5c04fa8f10bdaeadb7bde8b14534265b38fdf18de708476eefcb229a70cbc0
- package: x11proto-xf86vidmode-dev
  version: 2018.4-4
  filename: pool/main/x/xorgproto/x11proto-xf86vidmode-dev_2018.4-4_all.deb
  hash: ab251198b55dc453015a596ed3195e7ad8a5b930f0baf4b68b72e0104c9c1501
- package: xtrans-dev
  version: 1.3.5-1
  filename: pool/main/x/xtrans/xtrans-dev_1.3.5-1_all.deb
  hash: cadb720a2f8f0a2b2ad2dd82172d59e105e37885cedb3a93f6de9c78478c72d0
- package: zlib1g
  version: 1:1.2.11.dfsg-1
  filename: pool/main/z/zlib/zlib1g_1.2.11.dfsg-1_armhf.deb
  hash: c4e5a709233034080b5f8ec7b73c83f26fc8e921326e926aef4a22a6d07415ac
- package: zlib1g-dev
  version: 1:1.2.11.dfsg-1
  filename: pool/main/z/zlib/zlib1g-dev_1.2.11.dfsg-1_armhf.deb
  hash: ec2968759cdd83453830f86293e0b397dde456712813eb5cedbc603e501ee1cd
