hash: 397cda3023c2ff48075bf86d984fa9133e05d023993425307ce4578d35662dd0
updated: 2018-03-02T19:52:28.163576536-08:00
packages:
- package: icu-devtools
  version: 52.1-8+deb8u6
  filename: pool/main/i/icu/icu-devtools_52.1-8+deb8u6_arm64.deb
  hash: 0059a66a2e2f9923f9945130c4b5c6c7c391c85583cce3ee895c78f9530a2ee0
- package: libatomic1
  version: 4.9.2-10
  filename: pool/main/g/gcc-4.9/libatomic1_4.9.2-10_arm64.deb
  hash: 974c70153d805c531373c5faa42556b17a4d2f8d31c16e9ba014d55e0c3ee494
- package: libbsd-dev
  version: 0.7.0-2
  filename: pool/main/libb/libbsd/libbsd-dev_0.7.0-2_arm64.deb
  hash: f3166549490613f1c2d292318c1f8e3a250c597998453897ca36dfdd1e716b58
- package: libbsd0
  version: 0.7.0-2
  filename: pool/main/libb/libbsd/libbsd0_0.7.0-2_arm64.deb
  hash: 6189694138c2d13962fe508bf08db740410288e1b10a664ee79803fdbd5b9adf
- package: libc6
  version: 2.19-18+deb8u10
  filename: pool/main/g/glibc/libc6_2.19-18+deb8u10_arm64.deb
  hash: b52eab4f1beeb020e20fb44bc2dc02a9ccf12fc70213d6a56921e08308bc3e9c
- package: libc6-dev
  version: 2.19-18+deb8u10
  filename: pool/main/g/glibc/libc6-dev_2.19-18+deb8u10_arm64.deb
  hash: 9cf8ae92bb508873e19b43975b5841166fc2476664d9de52eb62ae3a1a50abb3
- package: libdrm-dev
  version: 2.4.58-2
  filename: pool/main/libd/libdrm/libdrm-dev_2.4.58-2_arm64.deb
  hash: b9f0d49201c5b292c6743270873a959bfe9e42dc0ab10b45568d961f985bb2c3
- package: libdrm-nouveau2
  version: 2.4.58-2
  filename: pool/main/libd/libdrm/libdrm-nouveau2_2.4.58-2_arm64.deb
  hash: fd960860edd636157cb4e015bbaac2fbd59537be9a96f0f6b79f96e062a3b479
- package: libdrm-radeon1
  version: 2.4.58-2
  filename: pool/main/libd/libdrm/libdrm-radeon1_2.4.58-2_arm64.deb
  hash: db6fead63756636117548d010871de9804bed842885a9c3481d492941148f7d0
- package: libdrm2
  version: 2.4.58-2
  filename: pool/main/libd/libdrm/libdrm2_2.4.58-2_arm64.deb
  hash: f6184f54593bc930bd19009e64deb9793146865b25a93ab78b87604dc164e4e4
- package: libedit-dev
  version: 3.1-20140620-2
  filename: pool/main/libe/libedit/libedit-dev_3.1-20140620-2_arm64.deb
  hash: d3b77d1f048ea1b89a5685923ab2cf698f805cae89ea209cde0bfaf0825a64b7
- package: libedit2
  version: 3.1-20140620-2
  filename: pool/main/libe/libedit/libedit2_3.1-20140620-2_arm64.deb
  hash: 99f0f0711f747da0ec2490e557f28113ea194e772efde41ec7890a0d1ed034a9
- package: libegl1-mesa
  version: 10.3.2-1+deb8u1
  filename: pool/main/m/mesa/libegl1-mesa_10.3.2-1+deb8u1_arm64.deb
  hash: 73600b6da8f6bd46d07176cb3f3dccca58e91418e664c05ff04ed8546b187934
- package: libegl1-mesa-dev
  version: 10.3.2-1+deb8u1
  filename: pool/main/m/mesa/libegl1-mesa-dev_10.3.2-1+deb8u1_arm64.deb
  hash: 6e464878c369e5c2c0e3ced0392efc2eb7b9601ac82551439ee392f4cb275c55
- package: libegl1-mesa-drivers
  version: 10.3.2-1+deb8u1
  filename: pool/main/m/mesa/libegl1-mesa-drivers_10.3.2-1+deb8u1_arm64.deb
  hash: 8936802e6ebc4f3e4321d97cdd8f808ffce9b314e624abf8879ae81f2a58020f
- package: libexpat1
  version: 2.1.0-6+deb8u4
  filename: pool/main/e/expat/libexpat1_2.1.0-6+deb8u4_arm64.deb
  hash: b7de41e692b04c27c3c0b3d455fcadcf62372f825009847a9fdd772fc2bc9f6b
- package: libexpat1-dev
  version: 2.1.0-6+deb8u4
  filename: pool/main/e/expat/libexpat1-dev_2.1.0-6+deb8u4_arm64.deb
  hash: d4092cbb04c39cf7b03db2a98a6da2078927edcbb84463268f1ad43d70938b11
- package: libffi6
  version: 3.1-2+deb8u1
  filename: pool/main/libf/libffi/libffi6_3.1-2+deb8u1_arm64.deb
  hash: c4d8f95537f97582243c265695c7bcc29bb0b92cf4ba250ddb43a030b96045cc
- package: libgbm1
  version: 10.3.2-1+deb8u1
  filename: pool/main/m/mesa/libgbm1_10.3.2-1+deb8u1_arm64.deb
  hash: 3716d4cef58995d7d461a74ada6d880b5e335d0e1a8013e0db6117e670642051
- package: libgcc-4.8-dev
  version: 4.8.4-1
  filename: pool/main/g/gcc-4.8/libgcc-4.8-dev_4.8.4-1_arm64.deb
  hash: ae9b44707954fc388497114ddf0a56dbe80064f7ce851579ee157ffb0de22ef3
- package: libgcc1
  version: 1:4.9.2-10
  filename: pool/main/g/gcc-4.9/libgcc1_4.9.2-10_arm64.deb
  hash: a71e94221fdebc39b264cf79bad468f939e16399e105e22ac4a6891a1fe09c1a
- package: libgl1-mesa-dev
  version: 10.3.2-1+deb8u1
  filename: pool/main/m/mesa/libgl1-mesa-dev_10.3.2-1+deb8u1_arm64.deb
  hash: b363bbe43937a7f23a868e64b278e29f3f45b7608cdc41f295f6088b566b045c
- package: libgl1-mesa-glx
  version: 10.3.2-1+deb8u1
  filename: pool/main/m/mesa/libgl1-mesa-glx_10.3.2-1+deb8u1_arm64.deb
  hash: e22ec22e5a46920c6340ea3224a43ec677f728d368fe34421d51d304046a62a0
- package: libglapi-mesa
  version: 10.3.2-1+deb8u1
  filename: pool/main/m/mesa/libglapi-mesa_10.3.2-1+deb8u1_arm64.deb
  hash: 24007141988b34aab55abf03a606ea590ac71d62e6cd0aac015427cfab6c0df4
- package: libglib2.0-0
  version: 2.42.1-1+b1
  filename: pool/main/g/glib2.0/libglib2.0-0_2.42.1-1+b1_arm64.deb
  hash: ca58d04fac2b2b33b5085762a9b3d8a56356cc6f92ab337c59d6b6dde108dfae
- package: libglib2.0-dev
  version: 2.42.1-1+b1
  filename: pool/main/g/glib2.0/libglib2.0-dev_2.42.1-1+b1_arm64.deb
  hash: 784c637bd66eca539fb811b9f50e35c44346be9c0089d98e66c70a881f5a0dee
- package: libglu1-mesa
  version: 9.0.0-2
  filename: pool/main/libg/libglu/libglu1-mesa_9.0.0-2_arm64.deb
  hash: f9b973f82481335b4d5f37360d08b7a88c2ed6b7a8a3f2e6f1bb6db17b82135d
- package: libglu1-mesa-dev
  version: 9.0.0-2
  filename: pool/main/libg/libglu/libglu1-mesa-dev_9.0.0-2_arm64.deb
  hash: a4af717c941f54ca549bee3c44208e9b84ffa9b961bdb6d8f4f5b4643c49cdce
- package: libgomp1
  version: 4.9.2-10
  filename: pool/main/g/gcc-4.9/libgomp1_4.9.2-10_arm64.deb
  hash: 569884dd721beb760d170b8f4e9012380f3617efb877e5bf57d0ce878a7a1aa3
- package: libicu-dev
  version: 52.1-8+deb8u6
  filename: pool/main/i/icu/libicu-dev_52.1-8+deb8u6_arm64.deb
  hash: 2e98bd79a0100c132d4ec474c8751de575d2ae99f4eacb96a2b6f670ecae5c21
- package: libicu52
  version: 52.1-8+deb8u6
  filename: pool/main/i/icu/libicu52_52.1-8+deb8u6_arm64.deb
  hash: 7bf6e15ff906b2a09a3b17ae17f11e50dbad800a8bf82f5b33f2527802478f9a
- package: libitm1
  version: 4.9.2-10
  filename: pool/main/g/gcc-4.9/libitm1_4.9.2-10_arm64.deb
  hash: f746b49769907c3175841e085b72f38176414b296ae531462387f685fb0140f4
- package: liblzma5
  version: 5.1.1alpha+20120614-2+b3
  filename: pool/main/x/xz-utils/liblzma5_5.1.1alpha+20120614-2+b3_arm64.deb
  hash: ccca9d8689288a932c860d2b3c8ff7e782bdbbd7341f544bcd01676270f27f3a
- package: libncurses5
  version: 5.9+20140913-1+deb8u2
  filename: pool/main/n/ncurses/libncurses5_5.9+20140913-1+deb8u2_arm64.deb
  hash: 3176666fc49398b72e4f892977f5e09f354395ff343af9f5bafdac0497095dbb
- package: libncurses5-dev
  version: 5.9+20140913-1+deb8u2
  filename: pool/main/n/ncurses/libncurses5-dev_5.9+20140913-1+deb8u2_arm64.deb
  hash: 7d4086fd8e0bede55f45e3d3c9b4e2543f7dd8f74cad82d22ce84d23e41e6f2c
- package: libopenvg1-mesa
  version: 10.3.2-1+deb8u1
  filename: pool/main/m/mesa/libopenvg1-mesa_10.3.2-1+deb8u1_arm64.deb
  hash: 84bfc29959605872d063d2030a700c1b13900bb7f9cad6946dbf4758d2ccb212
- package: libpcre3
  version: 2:8.35-3.3+deb8u4
  filename: pool/main/p/pcre3/libpcre3_8.35-3.3+deb8u4_arm64.deb
  hash: 6afad523afa1993beec894cf5ed4ca0916370ee32a678e5793b216aa278f5a7e
- package: libpcre3-dev
  version: 2:8.35-3.3+deb8u4
  filename: pool/main/p/pcre3/libpcre3-dev_8.35-3.3+deb8u4_arm64.deb
  hash: 124d4b5d9da27e9fb89f09fb6ebfae46a7868c11530520153b08286e98225ff9
- package: libpcrecpp0
  version: 2:8.35-3.3+deb8u4
  filename: pool/main/p/pcre3/libpcrecpp0_8.35-3.3+deb8u4_arm64.deb
  hash: 1cfd68762e711649b2067321f677a379fe39905235aed1dc106c05259e959ca6
- package: libpthread-stubs0-dev
  version: 0.3-4
  filename: pool/main/libp/libpthread-stubs/libpthread-stubs0-dev_0.3-4_arm64.deb
  hash: 2bd5ceb2512512a43e5c96f09752555e51cd8cd0bff1bb465844a40e327709f0
- package: libpython2.7
  version: 2.7.9-2+deb8u1
  filename: pool/main/p/python2.7/libpython2.7_2.7.9-2+deb8u1_arm64.deb
  hash: 45af6def82762dd43c437bdf0d6a45580ec6675faaa2297010f13932bb78809b
- package: libpython2.7-dev
  version: 2.7.9-2+deb8u1
  filename: pool/main/p/python2.7/libpython2.7-dev_2.7.9-2+deb8u1_arm64.deb
  hash: 5d48a2482f312d16b1053161a720351e6a4acbefd171cd1698e0b19957f2a2b0
- package: libselinux1
  version: 2.3-2
  filename: pool/main/libs/libselinux/libselinux1_2.3-2_arm64.deb
  hash: d45b855e6fc81785104328697a0bbe1dede12b76bee8b88a092109460d511cde
- package: libstdc++-4.8-dev
  version: 4.8.4-1
  filename: pool/main/g/gcc-4.8/libstdc++-4.8-dev_4.8.4-1_arm64.deb
  hash: c3ee27fb39b6af6a40195aa8ef46b99faf93ad7efdfa8f732e8cc09b6a6e1ead
- package: libstdc++6
  version: 4.9.2-10
  filename: pool/main/g/gcc-4.9/libstdc++6_4.9.2-10_arm64.deb
  hash: 9585faae6b86d4531c9d9929fae49aaa94343f64412fc639ee4c7beea096f648
- package: libtinfo-dev
  version: 5.9+20140913-1+deb8u2
  filename: pool/main/n/ncurses/libtinfo-dev_5.9+20140913-1+deb8u2_arm64.deb
  hash: 4c0f99775275d88ae75509b1299a0e6011d56cb9d933c639063a822d4f1cf06f
- package: libtinfo5
  version: 5.9+20140913-1+deb8u2
  filename: pool/main/n/ncurses/libtinfo5_5.9+20140913-1+deb8u2_arm64.deb
  hash: b389b6a011fb8d2aa073450a6f57c02242af0a2a61bf160cdbad86a48fa6381f
- package: libudev1
  version: 215-17+deb8u7
  filename: pool/main/s/systemd/libudev1_215-17+deb8u7_arm64.deb
  hash: 0fc66d64ff27be200970cacea048bf8a85bd7ae515d65a90357bb20abc79408c
- package: libwayland-client0
  version: 1.6.0-2
  filename: pool/main/w/wayland/libwayland-client0_1.6.0-2_arm64.deb
  hash: c4fca3fdae42bf92018029667914a365f879679302f5dfe8ea39d531a4cb2e0d
- package: libwayland-cursor0
  version: 1.6.0-2
  filename: pool/main/w/wayland/libwayland-cursor0_1.6.0-2_arm64.deb
  hash: bbaf02578c56e26a9b4ad39dcd007cd253512d65b2332b26276d4f3c57a16573
- package: libwayland-dev
  version: 1.6.0-2
  filename: pool/main/w/wayland/libwayland-dev_1.6.0-2_arm64.deb
  hash: 33c8c42d88f324223ac2b945d497e9093731e4e8fed1ae2a9696d15254a31c31
- package: libwayland-server0
  version: 1.6.0-2
  filename: pool/main/w/wayland/libwayland-server0_1.6.0-2_arm64.deb
  hash: 0b9aa9ad87d76c61d3ff87d50924f35883b3cad3c92f50556ddd8b84fee6e2b1
- package: libx11-6
  version: 2:1.6.2-3+deb8u1
  filename: pool/main/libx/libx11/libx11-6_1.6.2-3+deb8u1_arm64.deb
  hash: 20ce433137bd35b1f131dadf8dd0f4bedfeac804ae875d495d572b52b9f238cd
- package: libx11-dev
  version: 2:1.6.2-3+deb8u1
  filename: pool/main/libx/libx11/libx11-dev_1.6.2-3+deb8u1_arm64.deb
  hash: fb9e44a7520dd7cc9ec911954fc4896c31aff683c56a8fbf64867b1e184dd7f2
- package: libx11-xcb-dev
  version: 2:1.6.2-3+deb8u1
  filename: pool/main/libx/libx11/libx11-xcb-dev_1.6.2-3+deb8u1_arm64.deb
  hash: d0f801f7c05e8dd387166cd5b96c750b119928f0709e60e8c4d725d0a85372c7
- package: libx11-xcb1
  version: 2:1.6.2-3+deb8u1
  filename: pool/main/libx/libx11/libx11-xcb1_1.6.2-3+deb8u1_arm64.deb
  hash: e4409ed284bd823fa4f585984e71b8b0a317482d13509ded3880efdebbfbb656
- package: libxau-dev
  version: 1:1.0.8-1
  filename: pool/main/libx/libxau/libxau-dev_1.0.8-1_arm64.deb
  hash: f3e12518599bd5ace01d475abfa7165846a6c4c955e9e369693610f9e7110888
- package: libxau6
  version: 1:1.0.8-1
  filename: pool/main/libx/libxau/libxau6_1.0.8-1_arm64.deb
  hash: 669a4c83b05c8123827f88dba4c8766e106fcfa7660c3c4fa3d1adba00b26f3f
- package: libxcb-dri2-0
  version: 1.10-3+b1
  filename: pool/main/libx/libxcb/libxcb-dri2-0_1.10-3+b1_arm64.deb
  hash: 616b9c62506283f916b607c6ef87ff509128cb52bbba3550c99e5a510bea2c7e
- package: libxcb-dri2-0-dev
  version: 1.10-3+b1
  filename: pool/main/libx/libxcb/libxcb-dri2-0-dev_1.10-3+b1_arm64.deb
  hash: ec8b5d0027852d17c303f2077f09b9cec745e17c8ce98145a2710fab5a12dc3e
- package: libxcb-dri3-0
  version: 1.10-3+b1
  filename: pool/main/libx/libxcb/libxcb-dri3-0_1.10-3+b1_arm64.deb
  hash: 35775089c52d1718d8be06e1c278893f36388e16404f078a4ec3502b1ae1d80b
- package: libxcb-dri3-dev
  version: 1.10-3+b1
  filename: pool/main/libx/libxcb/libxcb-dri3-dev_1.10-3+b1_arm64.deb
  hash: 9720bfd4b3b3a6bfd39f57ddda91d1fc07109f018530f05a67de3539803e0c98
- package: libxcb-glx0
  version: 1.10-3+b1
  filename: pool/main/libx/libxcb/libxcb-glx0_1.10-3+b1_arm64.deb
  hash: 464aa688ab70a4533726efc0da2d1e58e93bccaf6fdf9edc6c39c5a2115ddd43
- package: libxcb-glx0-dev
  version: 1.10-3+b1
  filename: pool/main/libx/libxcb/libxcb-glx0-dev_1.10-3+b1_arm64.deb
  hash: 4f5f194fdc123b21fd445ab66bdfc1f52979e43246f882b92193d0fff75aa8d8
- package: libxcb-present-dev
  version: 1.10-3+b1
  filename: pool/main/libx/libxcb/libxcb-present-dev_1.10-3+b1_arm64.deb
  hash: 504c01c4f993005223840bc2856bd6390adccddae642eb314b8c7e5b5d74f0c7
- package: libxcb-present0
  version: 1.10-3+b1
  filename: pool/main/libx/libxcb/libxcb-present0_1.10-3+b1_arm64.deb
  hash: 3df5b1e1e01c9a0a68a5a3930f0ca1c67ec9a4806240ac368269bb0eb2e819dc
- package: libxcb-randr0
  version: 1.10-3+b1
  filename: pool/main/libx/libxcb/libxcb-randr0_1.10-3+b1_arm64.deb
  hash: 7dc28bfd8cf102ebe6d8c480f45e11d0d937b42873e63ec3985813e5d527ec33
- package: libxcb-randr0-dev
  version: 1.10-3+b1
  filename: pool/main/libx/libxcb/libxcb-randr0-dev_1.10-3+b1_arm64.deb
  hash: 2716879b7a85bb8cd632151456d2bbe61bcf36bc832f0a1384c313787c045a91
- package: libxcb-render0
  version: 1.10-3+b1
  filename: pool/main/libx/libxcb/libxcb-render0_1.10-3+b1_arm64.deb
  hash: 9032deb4d342dc0dc78216058bd5ed7a0e6249fa1430e6ac83793290f2cf0f8f
- package: libxcb-render0-dev
  version: 1.10-3+b1
  filename: pool/main/libx/libxcb/libxcb-render0-dev_1.10-3+b1_arm64.deb
  hash: 93195b85b8908a9f8faf8a0d2f558c451c7bab27d986765e5d2c332712b7a94d
- package: libxcb-shape0
  version: 1.10-3+b1
  filename: pool/main/libx/libxcb/libxcb-shape0_1.10-3+b1_arm64.deb
  hash: 9aecf9db6fb32b32d8295dba3874db83f325a64283d62205f2e8d1005eda1411
- package: libxcb-shape0-dev
  version: 1.10-3+b1
  filename: pool/main/libx/libxcb/libxcb-shape0-dev_1.10-3+b1_arm64.deb
  hash: faf8736a8570b542757b91af1ed9499f526cad403bd7bb07529e5158a32f71d4
- package: libxcb-sync-dev
  version: 1.10-3+b1
  filename: pool/main/libx/libxcb/libxcb-sync-dev_1.10-3+b1_arm64.deb
  hash: 1ab98ab908013df4ae2a916a2a307b6b4694073e9824e61c6e9dc2e5ec1c3586
- package: libxcb-sync1
  version: 1.10-3+b1
  filename: pool/main/libx/libxcb/libxcb-sync1_1.10-3+b1_arm64.deb
  hash: 38b33cf857a1b27c0ba8cffce29fe0494cf82bd97f03c52694a249164e5309d4
- package: libxcb-xfixes0
  version: 1.10-3+b1
  filename: pool/main/libx/libxcb/libxcb-xfixes0_1.10-3+b1_arm64.deb
  hash: cf9846f9dbf2174d068d81ebacbbd145bc3f16b93a29e0e48cf2e18f9a061537
- package: libxcb-xfixes0-dev
  version: 1.10-3+b1
  filename: pool/main/libx/libxcb/libxcb-xfixes0-dev_1.10-3+b1_arm64.deb
  hash: 680696dcb414c84e37afddb4a8e5311b8451ce20128b49a2a11567f49e10e55a
- package: libxcb1
  version: 1.10-3+b1
  filename: pool/main/libx/libxcb/libxcb1_1.10-3+b1_arm64.deb
  hash: cd5db9d91927f063b98664d76d5648614d95f8130d4b8e6d091452ecc5b03eba
- package: libxcb1-dev
  version: 1.10-3+b1
  filename: pool/main/libx/libxcb/libxcb1-dev_1.10-3+b1_arm64.deb
  hash: bd3b0b2bf3015c2c565fcf5d491661322c4056dbf568e7c5d5b86452b472ba1f
- package: libxdamage-dev
  version: 1:1.1.4-2+b1
  filename: pool/main/libx/libxdamage/libxdamage-dev_1.1.4-2+b1_arm64.deb
  hash: 29c27c8da299725acac3220b434e39357265686a9b4165a542f1453cd548aa8a
- package: libxdamage1
  version: 1:1.1.4-2+b1
  filename: pool/main/libx/libxdamage/libxdamage1_1.1.4-2+b1_arm64.deb
  hash: 83a436b138337bf28849333d0fb7afd74351d43800b950fa7c03fed7ac1d093f
- package: libxdmcp-dev
  version: 1:1.1.1-1+b1
  filename: pool/main/libx/libxdmcp/libxdmcp-dev_1.1.1-1+b1_arm64.deb
  hash: 4565350b7f13c341f500fcdf7ec7099b84f7ef52da91c7ffc753f3f8197459bc
- package: libxdmcp6
  version: 1:1.1.1-1+b1
  filename: pool/main/libx/libxdmcp/libxdmcp6_1.1.1-1+b1_arm64.deb
  hash: c237732263f4530421bcd7c698e0c55595a2510953df18431ccb8f918904bbe3
- package: libxext-dev
  version: 2:1.3.3-1
  filename: pool/main/libx/libxext/libxext-dev_1.3.3-1_arm64.deb
  hash: c8abe305d5b35eb2f6b342f72e6fd2294748eb6254b21fb3d68e288c864a70e9
- package: libxext6
  version: 2:1.3.3-1
  filename: pool/main/libx/libxext/libxext6_1.3.3-1_arm64.deb
  hash: 2d9b203682b2ac5e3cb3e585e6a51e59bd7ac32486827586a4ca121e84c8d794
- package: libxfixes-dev
  version: 1:5.0.1-2+deb8u1
  filename: pool/main/libx/libxfixes/libxfixes-dev_5.0.1-2+deb8u1_arm64.deb
  hash: 3ce4c58fd7a97cf3217a4ac35c495e444d944dedb22b3893cffeecd475fe8f60
- package: libxfixes3
  version: 1:5.0.1-2+deb8u1
  filename: pool/main/libx/libxfixes/libxfixes3_5.0.1-2+deb8u1_arm64.deb
  hash: 8e9d0fbc96e12fa7a3400901b7deb755ca46b21e52c2c4852c59e28c95b20c04
- package: libxml2
  version: 2.9.1+dfsg1-5+deb8u5
  filename: pool/main/libx/libxml2/libxml2_2.9.1+dfsg1-5+deb8u5_arm64.deb
  hash: 899cdd6162e56527d30eab2c15392a7dbf133ad5df150de9480694767c05a8d7
- package: libxml2-dev
  version: 2.9.1+dfsg1-5+deb8u5
  filename: pool/main/libx/libxml2/libxml2-dev_2.9.1+dfsg1-5+deb8u5_arm64.deb
  hash: 95df2e3979cb5bb9e17d7eb6bd7fb8bf79b1f4e3fee035260632ea22ba4b1f74
- package: libxshmfence-dev
  version: 1.1-4
  filename: pool/main/libx/libxshmfence/libxshmfence-dev_1.1-4_arm64.deb
  hash: 3ee68177e06c57a6bfa3b633dcc6f38528cecb1ad7db952e84925b81d1f046fa
- package: libxshmfence1
  version: 1.1-4
  filename: pool/main/libx/libxshmfence/libxshmfence1_1.1-4_arm64.deb
  hash: fec5e8fa3bfb22b95ad6a61285912197d4ff118ae629e554c92f85b70900f65d
- package: libxxf86vm-dev
  version: 1:1.1.3-1+b1
  filename: pool/main/libx/libxxf86vm/libxxf86vm-dev_1.1.3-1+b1_arm64.deb
  hash: 75cd2388ce2806f2565a8f0bf6c269452945f560bba7f3ac164ab6f824622c2e
- package: libxxf86vm1
  version: 1:1.1.3-1+b1
  filename: pool/main/libx/libxxf86vm/libxxf86vm1_1.1.3-1+b1_arm64.deb
  hash: 33828fa5d11b66c02977a8a5ccb62fa6f91e567ad202e2b645ec1166dac74d99
- package: linux-libc-dev
  version: 3.16.51-3
  filename: pool/main/l/linux/linux-libc-dev_3.16.51-3_arm64.deb
  hash: f2e7ab5f0cc3dd03cd7278e5574dc25b744a399f75cb2890c346a064954779dd
- package: mesa-common-dev
  version: 10.3.2-1+deb8u1
  filename: pool/main/m/mesa/mesa-common-dev_10.3.2-1+deb8u1_arm64.deb
  hash: f22b5fa98c4e367d1753a18b2feabb9a1c8185abc727357a783567fe523d1e96
- package: x11proto-core-dev
  version: 7.0.26-1
  filename: pool/main/x/x11proto-core/x11proto-core-dev_7.0.26-1_all.deb
  hash: 9d60c962746bf2d1b1eb69e872a57eb21e13b341329ca592fd8eca527bab1df6
- package: x11proto-damage-dev
  version: 1:1.2.1-2
  filename: pool/main/x/x11proto-damage/x11proto-damage-dev_1.2.1-2_all.deb
  hash: a4fa4c2f2a24d0a1d49c66315c17d1600d1583ac20f7627bcec3aedc47865f2f
- package: x11proto-dri2-dev
  version: 2.8-2
  filename: pool/main/x/x11proto-dri2/x11proto-dri2-dev_2.8-2_all.deb
  hash: 4a83ce74655189e756f775030cb85928dc8a86c05c2a7aa355bbbdaee14ab7ec
- package: x11proto-fixes-dev
  version: 1:5.0-2
  filename: pool/main/x/x11proto-fixes/x11proto-fixes-dev_5.0-2_all.deb
  hash: e08e0aa9b58ffccc7685c6715df77a9c00781575a6229b4497b06b32bd61336c
- package: x11proto-gl-dev
  version: 1.4.17-1
  filename: pool/main/x/x11proto-gl/x11proto-gl-dev_1.4.17-1_all.deb
  hash: 6ce92444e2fda684d5071667adb776152291f940696e547d73022d5ed66d3f10
- package: x11proto-input-dev
  version: 2.3.1-1
  filename: pool/main/x/x11proto-input/x11proto-input-dev_2.3.1-1_all.deb
  hash: a61a10b34cb0ffac6a2603971be1afd4908ed2830b6a1c554e74ac3321bb1e35
- package: x11proto-kb-dev
  version: 1.0.6-2
  filename: pool/main/x/x11proto-kb/x11proto-kb-dev_1.0.6-2_all.deb
  hash: b7ff8eceb9f05eb470700807c73fdae88f5f9f8b8fbef869029882264dbebd81
- package: x11proto-xext-dev
  version: 7.3.0-1
  filename: pool/main/x/x11proto-xext/x11proto-xext-dev_7.3.0-1_all.deb
  hash: bb505470525281ad330093a9d9d23f4a36b00d0b8502dcbc05e44781375abdf0
- package: x11proto-xf86vidmode-dev
  version: 2.3.1-2
  filename: pool/main/x/x11proto-xf86vidmode/x11proto-xf86vidmode-dev_2.3.1-2_all.deb
  hash: 772d65dc9808a00197527a77899df50d4222a859b91cc98da17a178c4d78cc7b
- package: xtrans-dev
  version: 1.3.4-1
  filename: pool/main/x/xtrans/xtrans-dev_1.3.4-1_all.deb
  hash: c4e0b9534370762410efdaaa7375c97c95b77c60ec1502448dd549625d192786
- package: zlib1g
  version: 1:1.2.8.dfsg-2+b1
  filename: pool/main/z/zlib/zlib1g_1.2.8.dfsg-2+b1_arm64.deb
  hash: 190abee62ed82ab848359c470ddf6baec1e38c832a1caefca825b73be4c7772c
- package: zlib1g-dev
  version: 1:1.2.8.dfsg-2+b1
  filename: pool/main/z/zlib/zlib1g-dev_1.2.8.dfsg-2+b1_arm64.deb
  hash: 4d8c9a8834c047b0723db2b5624c7f9fcdee025702264e511d1d91d9b60eb948
