hash: 952b60ecdbf87d188e4c7216a58762ffdd1c1661ce79186eb691b1122d441be1
updated: 2018-04-08T16:36:55.590865767-07:00
packages:
- package: gcc-6-base
  version: 6.3.0-18+deb9u1
  filename: pool/main/g/gcc-6/gcc-6-base_6.3.0-18+deb9u1_amd64.deb
  hash: 56a205b9032e54edffeab48b0e76ffc829e20e6c7c3c5976cf5e278f0471705f
- package: icu-devtools
  version: 57.1-6+deb9u1
  filename: pool/main/i/icu/icu-devtools_57.1-6+deb9u1_amd64.deb
  hash: 068950364ecf26f02754047ebcdc4ff6fe28e23273b880889cbef595fef449c9
- package: lib32asan3
  version: 6.3.0-18+deb9u1
  filename: pool/main/g/gcc-6/lib32asan3_6.3.0-18+deb9u1_amd64.deb
  hash: 23c0939899b28a045f919b41c171ce5e5ac309ba78d88a6f4e7e83270831ab12
- package: lib32atomic1
  version: 6.3.0-18+deb9u1
  filename: pool/main/g/gcc-6/lib32atomic1_6.3.0-18+deb9u1_amd64.deb
  hash: 789207da20e063bffd351a6ccd9a88c175541c618195d0ac488f1099fab4269c
- package: lib32cilkrts5
  version: 6.3.0-18+deb9u1
  filename: pool/main/g/gcc-6/lib32cilkrts5_6.3.0-18+deb9u1_amd64.deb
  hash: 53a2a522c7e1b172fcd86b5e0d238d0cee3679acf17bfd65d00eec3195a7952b
- package: lib32gcc-6-dev
  version: 6.3.0-18+deb9u1
  filename: pool/main/g/gcc-6/lib32gcc-6-dev_6.3.0-18+deb9u1_amd64.deb
  hash: 3821ec801a604aedfa0c0696b43f8beeaa0da2d0de28d1439c378818ef182c95
- package: lib32gcc1
  version: 1:6.3.0-18+deb9u1
  filename: pool/main/g/gcc-6/lib32gcc1_6.3.0-18+deb9u1_amd64.deb
  hash: 6d59c09c6a06dd009df2129a2068fd5ae2719ca88df4306d68b5b2dd13805689
- package: lib32gomp1
  version: 6.3.0-18+deb9u1
  filename: pool/main/g/gcc-6/lib32gomp1_6.3.0-18+deb9u1_amd64.deb
  hash: 714d29128a3606f1b42d0b051c1823f815452a06a8d6391cf3eb40c254fc493d
- package: lib32itm1
  version: 6.3.0-18+deb9u1
  filename: pool/main/g/gcc-6/lib32itm1_6.3.0-18+deb9u1_amd64.deb
  hash: 7877ff4ed554079b54c1c990622ec13617dee1352c6db105301520ccf8c5b3a6
- package: lib32mpx2
  version: 6.3.0-18+deb9u1
  filename: pool/main/g/gcc-6/lib32mpx2_6.3.0-18+deb9u1_amd64.deb
  hash: 6617d56bd7ccc26a7d4db96d4edcd1d75e838fcc34c4849da0eefa9b850f092a
- package: lib32quadmath0
  version: 6.3.0-18+deb9u1
  filename: pool/main/g/gcc-6/lib32quadmath0_6.3.0-18+deb9u1_amd64.deb
  hash: 9f077f02b34981996700f9550a3939b6708d5caebbb6a11d95cd85f5925cd3c2
- package: lib32stdc++6
  version: 6.3.0-18+deb9u1
  filename: pool/main/g/gcc-6/lib32stdc++6_6.3.0-18+deb9u1_amd64.deb
  hash: f7bbb6bfdbeaca9ee9886d3de5dd75aa74299ab9fc4af4ddbfd0352a34fd9f9f
- package: lib32ubsan0
  version: 6.3.0-18+deb9u1
  filename: pool/main/g/gcc-6/lib32ubsan0_6.3.0-18+deb9u1_amd64.deb
  hash: 41f7975c0f9af53b2fe0320bbd31ffc9e5284ca2ac579ebc9c312824437c05a0
- package: libasan3
  version: 6.3.0-18+deb9u1
  filename: pool/main/g/gcc-6/libasan3_6.3.0-18+deb9u1_amd64.deb
  hash: 6c0176f148443307ac5d0a8a6e0db6e96fbfbc29bc973d13d62ec8aba53d68b9
- package: libatomic1
  version: 6.3.0-18+deb9u1
  filename: pool/main/g/gcc-6/libatomic1_6.3.0-18+deb9u1_amd64.deb
  hash: ef5519a8bab1b0ec0e44f40a5626b8891e9331fdcd9bb6980269f16d546bb26d
- package: libblkid1
  version: 2.29.2-1
  filename: pool/main/u/util-linux/libblkid1_2.29.2-1_amd64.deb
  hash: cc79d4ffb9e814330dc5de5f49132924418bbaf4c87bcbe42975229b954a2760
- package: libbsd-dev
  version: 0.8.3-1
  filename: pool/main/libb/libbsd/libbsd-dev_0.8.3-1_amd64.deb
  hash: db268081b11362bcdee16243c74baa45c2eb1f7ffc63d4cf873121e7710ccac1
- package: libbsd0
  version: 0.8.3-1
  filename: pool/main/libb/libbsd/libbsd0_0.8.3-1_amd64.deb
  hash: 030e441cc6368041536a69adcaed6b4f4a37e0145817fc3eff16f37e3a81ecae
- package: libc6
  version: 2.24-11+deb9u3
  filename: pool/main/g/glibc/libc6_2.24-11+deb9u3_amd64.deb
  hash: e57b3e24ea79fcdb46549d4ed2b95bb9657f21bba60ed5d9136d5b7112500084
- package: libc6-dev
  version: 2.24-11+deb9u3
  filename: pool/main/g/glibc/libc6-dev_2.24-11+deb9u3_amd64.deb
  hash: 8bdebd7bc1fc4138e0181821a1fe1fb576cbae241f03a31ab3c6cfc3a9875dc6
- package: libc6-dev-i386
  version: 2.24-11+deb9u3
  filename: pool/main/g/glibc/libc6-dev-i386_2.24-11+deb9u3_amd64.deb
  hash: 4d5b8f00838fc61cfa60df182aa4eea7926f23228e587b0a984de457c66dd010
- package: libc6-i386
  version: 2.24-11+deb9u3
  filename: pool/main/g/glibc/libc6-i386_2.24-11+deb9u3_amd64.deb
  hash: f7709378e06cb6d7a7f33fb2435cb0bcc6797ba8f537fbc04549c8684f977184
- package: libc6-x32
  version: 2.24-11+deb9u3
  filename: pool/main/g/glibc/libc6-x32_2.24-11+deb9u3_amd64.deb
  hash: d416b1e8bed32ed5f82f0fc7712dc1ed21b2b64d2d73ab764be172feac25384e
- package: libcilkrts5
  version: 6.3.0-18+deb9u1
  filename: pool/main/g/gcc-6/libcilkrts5_6.3.0-18+deb9u1_amd64.deb
  hash: 2489bc1bac4b3ee2ed276620ae8ad06fade837c59569c055552623252d389419
- package: libdrm-amdgpu1
  version: 2.4.74-1
  filename: pool/main/libd/libdrm/libdrm-amdgpu1_2.4.74-1_amd64.deb
  hash: a61e98408584a8454b239e6fe85ee2f010d3e2a4ac60242756b9d1616599b0a6
- package: libdrm-dev
  version: 2.4.74-1
  filename: pool/main/libd/libdrm/libdrm-dev_2.4.74-1_amd64.deb
  hash: 97d863df8b2b0331f9c72296a8df3760bb98374d5f3d376f5b9e9f8db7ef0c5b
- package: libdrm-intel1
  version: 2.4.74-1
  filename: pool/main/libd/libdrm/libdrm-intel1_2.4.74-1_amd64.deb
  hash: 045504f526cbbbca66fa2bbb29ee79a645109db259fb62d904e70b93d759095c
- package: libdrm-nouveau2
  version: 2.4.74-1
  filename: pool/main/libd/libdrm/libdrm-nouveau2_2.4.74-1_amd64.deb
  hash: 9017e7cfa7608527bd3475d9401fc0e47710444d7bda07f67b043414825954f7
- package: libdrm-radeon1
  version: 2.4.74-1
  filename: pool/main/libd/libdrm/libdrm-radeon1_2.4.74-1_amd64.deb
  hash: 2cfb9c4ad8cfaaa7e8460ca013953ebb0d71d90487814505a58203dece6551dd
- package: libdrm2
  version: 2.4.74-1
  filename: pool/main/libd/libdrm/libdrm2_2.4.74-1_amd64.deb
  hash: c3f893782dc905fdc267f70c38488bee0211a5c501876fdfcdfc46941a75b553
- package: libedit-dev
  version: 3.1-20160903-3
  filename: pool/main/libe/libedit/libedit-dev_3.1-20160903-3_amd64.deb
  hash: b0417811b751d65888ebcb3e613db9e6786f0b853ecb89e6859fb75510c37c16
- package: libedit2
  version: 3.1-20160903-3
  filename: pool/main/libe/libedit/libedit2_3.1-20160903-3_amd64.deb
  hash: 658cc7ea0e123302c382c7273991427b6b5709b0bb19a5a0f08e78ea3d5d2aab
- package: libegl1-mesa
  version: 13.0.6-1+b2
  filename: pool/main/m/mesa/libegl1-mesa_13.0.6-1+b2_amd64.deb
  hash: 7809a6cfeb82b4c136a8720170a44525da45eb369cb0282d304fc8b305685d83
- package: libegl1-mesa-dev
  version: 13.0.6-1+b2
  filename: pool/main/m/mesa/libegl1-mesa-dev_13.0.6-1+b2_amd64.deb
  hash: b521d2bc173837d9ef18b0c737984cc1007e36e008cf84aec8a154b075552760
- package: libexpat1
  version: 2.2.0-2+deb9u1
  filename: pool/main/e/expat/libexpat1_2.2.0-2+deb9u1_amd64.deb
  hash: 9275558361d2fdbb6e3caa10afd34b93253889b5e4d4e40af8ff4b0d42287b32
- package: libexpat1-dev
  version: 2.2.0-2+deb9u1
  filename: pool/main/e/expat/libexpat1-dev_2.2.0-2+deb9u1_amd64.deb
  hash: 51feb417cb98765121e99c4367df57053e7786b0238e3b4aca893a28330e292a
- package: libffi6
  version: 3.2.1-6
  filename: pool/main/libf/libffi/libffi6_3.2.1-6_amd64.deb
  hash: a385cd7ce2cc6c73e271c4692d4c152d96d6c9ad756c3a36bf503f9c2a462de4
- package: libgbm1
  version: 13.0.6-1+b2
  filename: pool/main/m/mesa/libgbm1_13.0.6-1+b2_amd64.deb
  hash: c3dab5305cdb7580e4183e02789b2fb8addbacea7830925e8ee0eb1df0eee599
- package: libgcc-6-dev
  version: 6.3.0-18+deb9u1
  filename: pool/main/g/gcc-6/libgcc-6-dev_6.3.0-18+deb9u1_amd64.deb
  hash: fbaa19b872bee99a443319da415ae2de346d72d15b12dc3d0a4c3607b154b884
- package: libgcc1
  version: 1:6.3.0-18+deb9u1
  filename: pool/main/g/gcc-6/libgcc1_6.3.0-18+deb9u1_amd64.deb
  hash: 423a6541ee7ade69967c99492e267e724fd4675de53310861af5d1a1d249c4bf
- package: libgl1-mesa-dev
  version: 13.0.6-1+b2
  filename: pool/main/m/mesa/libgl1-mesa-dev_13.0.6-1+b2_amd64.deb
  hash: f90fa170988abc2f831628755c4015cf8c177bc49114ebfdece2b4bff3107940
- package: libgl1-mesa-glx
  version: 13.0.6-1+b2
  filename: pool/main/m/mesa/libgl1-mesa-glx_13.0.6-1+b2_amd64.deb
  hash: 70408e6317beb1066447e2cfb2932b164ef9dffa50cd62395dc14d06d25660eb
- package: libglapi-mesa
  version: 13.0.6-1+b2
  filename: pool/main/m/mesa/libglapi-mesa_13.0.6-1+b2_amd64.deb
  hash: c0b239e277c3d7f96c2106eaab968e6dd40a334fa8e539bf68365d415a175bd7
- package: libglib2.0-0
  version: 2.50.3-2
  filename: pool/main/g/glib2.0/libglib2.0-0_2.50.3-2_amd64.deb
  hash: d8fc0efd8d344657708716ce9b4c3fb1ae04d017c125795ebf5a787837ec05fa
- package: libglib2.0-dev
  version: 2.50.3-2
  filename: pool/main/g/glib2.0/libglib2.0-dev_2.50.3-2_amd64.deb
  hash: ae0a0153ee069032dc637328e3aabe3f21e66ee9182a03797db9f3f4048c58ac
- package: libglu1-mesa
  version: 9.0.0-2.1
  filename: pool/main/libg/libglu/libglu1-mesa_9.0.0-2.1_amd64.deb
  hash: db14eb3d96e3af3c980170825761f9734049405b7512bfc5f6d458140d29318f
- package: libglu1-mesa-dev
  version: 9.0.0-2.1
  filename: pool/main/libg/libglu/libglu1-mesa-dev_9.0.0-2.1_amd64.deb
  hash: d6a84914923860372e0cad6791abd5c3e585ac499c37c1ad7610d3dc9fccf28d
- package: libgomp1
  version: 6.3.0-18+deb9u1
  filename: pool/main/g/gcc-6/libgomp1_6.3.0-18+deb9u1_amd64.deb
  hash: 31f7549160118004fda234a88dbaa60df6d9611110b9ab0f5fa2da0b45ddce78
- package: libicu-dev
  version: 57.1-6+deb9u1
  filename: pool/main/i/icu/libicu-dev_57.1-6+deb9u1_amd64.deb
  hash: d32b7755a4ada83da57aa72dc272078565e75d7249f2740216b189ad7a7d93ff
- package: libicu57
  version: 57.1-6+deb9u1
  filename: pool/main/i/icu/libicu57_57.1-6+deb9u1_amd64.deb
  hash: d7a5382b6aa772df09c8d30170de1c2e562ad72ea4324400e65dc7439114b1da
- package: libitm1
  version: 6.3.0-18+deb9u1
  filename: pool/main/g/gcc-6/libitm1_6.3.0-18+deb9u1_amd64.deb
  hash: 740114fcc1f943b869590ae2d86f0e715ccda931de310e96a640f05084496554
- package: liblsan0
  version: 6.3.0-18+deb9u1
  filename: pool/main/g/gcc-6/liblsan0_6.3.0-18+deb9u1_amd64.deb
  hash: 8dbb4002c1b71fa022d6a84c7bfff3c8c4bc1f55e9a04b896769f7eb3fc7e10f
- package: liblzma5
  version: 5.2.2-1.2+b1
  filename: pool/main/x/xz-utils/liblzma5_5.2.2-1.2+b1_amd64.deb
  hash: 0dd0d94608fb054c7dca567692eab847d7f1dfd521ebe9c12bf7f6f64c95b006
- package: libmount1
  version: 2.29.2-1
  filename: pool/main/u/util-linux/libmount1_2.29.2-1_amd64.deb
  hash: f52bc321f8cd1721b509a739e2cd8f6fb749d8c9983270619fd1b9de7ecb2c52
- package: libmpx2
  version: 6.3.0-18+deb9u1
  filename: pool/main/g/gcc-6/libmpx2_6.3.0-18+deb9u1_amd64.deb
  hash: 2bc36bd599bf07300fbc0bc92f72a1796bbc55ee1d50cdcf8f4edddf9ea0c79f
- package: libncurses5
  version: 6.0+20161126-1+deb9u2
  filename: pool/main/n/ncurses/libncurses5_6.0+20161126-1+deb9u2_amd64.deb
  hash: 68caef5e0d2eb5e199903866fd1631d8f342a80c53373631abbeeee125c0dc3d
- package: libncurses5-dev
  version: 6.0+20161126-1+deb9u2
  filename: pool/main/n/ncurses/libncurses5-dev_6.0+20161126-1+deb9u2_amd64.deb
  hash: 30fecf16fcdd5aa3e5c8d7144b5e10d285f2eac5b1e8f5525c8f7f59b106415a
- package: libpciaccess0
  version: 0.13.4-1+b2
  filename: pool/main/libp/libpciaccess/libpciaccess0_0.13.4-1+b2_amd64.deb
  hash: d484862d96d547fbe375c5b834e59b986a52750e44760432993fc60e51caf95e
- package: libpcre16-3
  version: 2:8.39-3
  filename: pool/main/p/pcre3/libpcre16-3_8.39-3_amd64.deb
  hash: 65bde253c57dfec13959a5928208b78cbbf401f7f5d7111a7ef6c25f9656f32b
- package: libpcre3
  version: 2:8.39-3
  filename: pool/main/p/pcre3/libpcre3_8.39-3_amd64.deb
  hash: d9a04a344b76190f4b14f2d3fc42b03b4db67efaa459d63549fcfd578935b11d
- package: libpcre3-dev
  version: 2:8.39-3
  filename: pool/main/p/pcre3/libpcre3-dev_8.39-3_amd64.deb
  hash: 1c755d86531a4b025661e1b47ee6250b087d9a465d2e9d947d0f03af3d762bbc
- package: libpcre32-3
  version: 2:8.39-3
  filename: pool/main/p/pcre3/libpcre32-3_8.39-3_amd64.deb
  hash: d7986a0affa43c6ba8f029961784212a2802b4433b937473a66ef351a145e02d
- package: libpcrecpp0v5
  version: 2:8.39-3
  filename: pool/main/p/pcre3/libpcrecpp0v5_8.39-3_amd64.deb
  hash: ada62f2e21f72380a446da741cbfae661f52a59942d4a42262de7763ac7f04ae
- package: libpthread-stubs0-dev
  version: 0.3-4
  filename: pool/main/libp/libpthread-stubs/libpthread-stubs0-dev_0.3-4_amd64.deb
  hash: 4e2f6d1c1fed2c94841ce2ad33e38b997ae73415e8ed5a0e1210b757ab84e849
- package: libpython2.7
  version: 2.7.13-2+deb9u2
  filename: pool/main/p/python2.7/libpython2.7_2.7.13-2+deb9u2_amd64.deb
  hash: 032647c0cff6788b0d813f45e848a467f02090f358c7e056767cec041eedc3fa
- package: libpython2.7-dev
  version: 2.7.13-2+deb9u2
  filename: pool/main/p/python2.7/libpython2.7-dev_2.7.13-2+deb9u2_amd64.deb
  hash: 4583f378a00294ae674f3a533be0c9c72dbb2c20b104f50df3303a81003a5631
- package: libquadmath0
  version: 6.3.0-18+deb9u1
  filename: pool/main/g/gcc-6/libquadmath0_6.3.0-18+deb9u1_amd64.deb
  hash: a98030608d1b8eb07d2028ae5b03e1a83f6ae07fda4c765c096f5042992a27f0
- package: libselinux1
  version: 2.6-3+b3
  filename: pool/main/libs/libselinux/libselinux1_2.6-3+b3_amd64.deb
  hash: 2d70d0f68783b14f812690cde1f1fcaade8befc6882f712fb7545bc86a207be0
- package: libstdc++-6-dev
  version: 6.3.0-18+deb9u1
  filename: pool/main/g/gcc-6/libstdc++-6-dev_6.3.0-18+deb9u1_amd64.deb
  hash: b13ce454a53108895efc7db8e1d99bd56d5e884ccbe174951586f12849fe82af
- package: libstdc++6
  version: 6.3.0-18+deb9u1
  filename: pool/main/g/gcc-6/libstdc++6_6.3.0-18+deb9u1_amd64.deb
  hash: d05373fbbb0d2c538fa176dfe71d1fa7983c58d35a7a456263ca87e8e0d45030
- package: libtinfo-dev
  version: 6.0+20161126-1+deb9u2
  filename: pool/main/n/ncurses/libtinfo-dev_6.0+20161126-1+deb9u2_amd64.deb
  hash: a5cda4c1fe0af9d340844fcc6fab90b1fce07ce0613ba55b2b5c9be94c2bd852
- package: libtinfo5
  version: 6.0+20161126-1+deb9u2
  filename: pool/main/n/ncurses/libtinfo5_6.0+20161126-1+deb9u2_amd64.deb
  hash: 1d249a3193568b5ef785ad8993b9ba6d6fdca0eb359204c2355532b82d25e9f5
- package: libtsan0
  version: 6.3.0-18+deb9u1
  filename: pool/main/g/gcc-6/libtsan0_6.3.0-18+deb9u1_amd64.deb
  hash: 267b3cd479601cd128279fe2135ba0ca1b5c97658c64ef361d13cc32f63345e5
- package: libubsan0
  version: 6.3.0-18+deb9u1
  filename: pool/main/g/gcc-6/libubsan0_6.3.0-18+deb9u1_amd64.deb
  hash: 294323c31db3b8d25bb7f8a89b36b7ec9419aa776d9c7d34a3452c50d6357d5e
- package: libuuid1
  version: 2.29.2-1
  filename: pool/main/u/util-linux/libuuid1_2.29.2-1_amd64.deb
  hash: 61213f0818ec3238e6b959460b8b8536b10dcf198ff828a0b5b0dc2fefa7f0ef
- package: libwayland-bin
  version: 1.12.0-1
  filename: pool/main/w/wayland/libwayland-bin_1.12.0-1_amd64.deb
  hash: 3e9ad2494564f9d59393cf36c8c8234b6bb0f56f8833230902b87106eb36d3a7
- package: libwayland-client0
  version: 1.12.0-1
  filename: pool/main/w/wayland/libwayland-client0_1.12.0-1_amd64.deb
  hash: 2fe4eb21056505ee04cdd2b710c4263a7d37ed8ea849e545e4c21d2ec4d2bc69
- package: libwayland-cursor0
  version: 1.12.0-1
  filename: pool/main/w/wayland/libwayland-cursor0_1.12.0-1_amd64.deb
  hash: 5dbf08687ee9f4984bde781e4a31470b81bb2652b79165645328790f7baa3ade
- package: libwayland-dev
  version: 1.12.0-1
  filename: pool/main/w/wayland/libwayland-dev_1.12.0-1_amd64.deb
  hash: 1d56ab91bdf15b5f2ba300693660121bb6d5677f800d92e707d763f706f30ea4
- package: libwayland-egl1-mesa
  version: 13.0.6-1+b2
  filename: pool/main/m/mesa/libwayland-egl1-mesa_13.0.6-1+b2_amd64.deb
  hash: 86d39e2781387d7d797b8525bafd078948deb65ceb5f3d04eabcf9b279cb0217
- package: libwayland-server0
  version: 1.12.0-1
  filename: pool/main/w/wayland/libwayland-server0_1.12.0-1_amd64.deb
  hash: 3b365f78e16fe4fab01f07e8b372d5c9dc4afef696ada39984a1e652619bb88b
- package: libx11-6
  version: 2:1.6.4-3
  filename: pool/main/libx/libx11/libx11-6_1.6.4-3_amd64.deb
  hash: 1b52b32b63e8dc55ebd2562cee9207ff6048ff4824cb8ee7ee0222e1207ff492
- package: libx11-dev
  version: 2:1.6.4-3
  filename: pool/main/libx/libx11/libx11-dev_1.6.4-3_amd64.deb
  hash: f3bb317bbd42079c8717a20a98b4dd38cb405a94ee1579c25b3e057db1de81dd
- package: libx11-xcb-dev
  version: 2:1.6.4-3
  filename: pool/main/libx/libx11/libx11-xcb-dev_1.6.4-3_amd64.deb
  hash: adfe5ce5dc80b28d8f8e0510648d958722d3ef400cad00adcbb4b8793bb1c003
- package: libx11-xcb1
  version: 2:1.6.4-3
  filename: pool/main/libx/libx11/libx11-xcb1_1.6.4-3_amd64.deb
  hash: 14914e3070f15532e83cdc99e2f7d0c339cdb36c916d06b67ec56ddac92626eb
- package: libx32asan3
  version: 6.3.0-18+deb9u1
  filename: pool/main/g/gcc-6/libx32asan3_6.3.0-18+deb9u1_amd64.deb
  hash: 068af8968d8db9c9ec1d19bbcb0728e2fe9714937c9d03c65dfd646bd4920b3c
- package: libx32atomic1
  version: 6.3.0-18+deb9u1
  filename: pool/main/g/gcc-6/libx32atomic1_6.3.0-18+deb9u1_amd64.deb
  hash: 423951c085ae93a212e46408b68471bd46b8a94e3138b2d5b3955c52f5dc9868
- package: libx32cilkrts5
  version: 6.3.0-18+deb9u1
  filename: pool/main/g/gcc-6/libx32cilkrts5_6.3.0-18+deb9u1_amd64.deb
  hash: 6374d35dd8d8dad26da4eac8be5000cc1dd9d9fe7353f58a97749387fd295317
- package: libx32gcc1
  version: 1:6.3.0-18+deb9u1
  filename: pool/main/g/gcc-6/libx32gcc1_6.3.0-18+deb9u1_amd64.deb
  hash: e9a54019198c1713fb5fe4cf1f5a7297bd3641bb2388a71ef4de7fc972fb10cb
- package: libx32gomp1
  version: 6.3.0-18+deb9u1
  filename: pool/main/g/gcc-6/libx32gomp1_6.3.0-18+deb9u1_amd64.deb
  hash: b0d18293f99389042c402f9d8825b5ec4f55b88e705997e8c27a058f1fbf56e3
- package: libx32itm1
  version: 6.3.0-18+deb9u1
  filename: pool/main/g/gcc-6/libx32itm1_6.3.0-18+deb9u1_amd64.deb
  hash: 3cc15e06e0df1553197906d80b009b8054455d214c05124b75efa17d35a7d8da
- package: libx32quadmath0
  version: 6.3.0-18+deb9u1
  filename: pool/main/g/gcc-6/libx32quadmath0_6.3.0-18+deb9u1_amd64.deb
  hash: 2e7d011c05ef9f42a76f6c8ff4c018ef8d0ab071279fac46b29c03064f0f64ba
- package: libx32stdc++6
  version: 6.3.0-18+deb9u1
  filename: pool/main/g/gcc-6/libx32stdc++6_6.3.0-18+deb9u1_amd64.deb
  hash: cbab5b113123db17c9f646d292263fc3d9496ae77a1752a1c3348ace928f4c0a
- package: libx32ubsan0
  version: 6.3.0-18+deb9u1
  filename: pool/main/g/gcc-6/libx32ubsan0_6.3.0-18+deb9u1_amd64.deb
  hash: 0801a70940be0b75211d52f10849ba8d7222bb4ec9919dcbb4e660cdf328cf39
- package: libxau-dev
  version: 1:1.0.8-1
  filename: pool/main/libx/libxau/libxau-dev_1.0.8-1_amd64.deb
  hash: 256706493b32161b061c9fa452df1774d5004879cb73262ae2b52aa93b5dd91a
- package: libxau6
  version: 1:1.0.8-1
  filename: pool/main/libx/libxau/libxau6_1.0.8-1_amd64.deb
  hash: b03b2d0d400c2002a2d38300bd6630306abb0ff325c3d4a4447ecceb58335228
- package: libxcb-dri2-0
  version: 1.12-1
  filename: pool/main/libx/libxcb/libxcb-dri2-0_1.12-1_amd64.deb
  hash: a5417613621ba9210b6aa15767cffe84480a4334631875443abff368b9330833
- package: libxcb-dri2-0-dev
  version: 1.12-1
  filename: pool/main/libx/libxcb/libxcb-dri2-0-dev_1.12-1_amd64.deb
  hash: 3adb1e635472ac44fa3f4b9f74224c6c8e0ec85d57512027bfbaeb197fde6aa5
- package: libxcb-dri3-0
  version: 1.12-1
  filename: pool/main/libx/libxcb/libxcb-dri3-0_1.12-1_amd64.deb
  hash: f549fd40ad536d40eb1125786f4dfc087506783183cc5c46fa925fd31000c0e5
- package: libxcb-dri3-dev
  version: 1.12-1
  filename: pool/main/libx/libxcb/libxcb-dri3-dev_1.12-1_amd64.deb
  hash: a44e070fd2099e7a6a42ae6bb7ae0b30e1f45f6c517952472331798688e84efc
- package: libxcb-glx0
  version: 1.12-1
  filename: pool/main/libx/libxcb/libxcb-glx0_1.12-1_amd64.deb
  hash: bdb1279e76defae1ad1bc9a0ce91c57457296877feaad1ee1a6ec50dbde34dbd
- package: libxcb-glx0-dev
  version: 1.12-1
  filename: pool/main/libx/libxcb/libxcb-glx0-dev_1.12-1_amd64.deb
  hash: 7a8ff31b7edb2418244b54db64944518c90351a74940ea86a8b2865fb9b8405f
- package: libxcb-present-dev
  version: 1.12-1
  filename: pool/main/libx/libxcb/libxcb-present-dev_1.12-1_amd64.deb
  hash: 9817c27aee121bd21f486aedb42f0508576e4699be78dbc676d253e634b60ce9
- package: libxcb-present0
  version: 1.12-1
  filename: pool/main/libx/libxcb/libxcb-present0_1.12-1_amd64.deb
  hash: 18e4a8439ab7ea178e5df2d52c20024e80965ca106a625e980edb4ccbddc08bd
- package: libxcb-randr0
  version: 1.12-1
  filename: pool/main/libx/libxcb/libxcb-randr0_1.12-1_amd64.deb
  hash: b84ec16a3cddb6146757e5643ef7721db91f6338dd1ebc67a8686dc02242ca80
- package: libxcb-randr0-dev
  version: 1.12-1
  filename: pool/main/libx/libxcb/libxcb-randr0-dev_1.12-1_amd64.deb
  hash: 88220d0947c82c9069a018b2ca40317f5926fe8e837859c1593df98233066382
- package: libxcb-render0
  version: 1.12-1
  filename: pool/main/libx/libxcb/libxcb-render0_1.12-1_amd64.deb
  hash: 127ebbad060f4ba88c174b980c27cb4458e9782c65349d80034c3feb012c7343
- package: libxcb-render0-dev
  version: 1.12-1
  filename: pool/main/libx/libxcb/libxcb-render0-dev_1.12-1_amd64.deb
  hash: a4b74b81d33642ef34442fef21e2a4a3a73823552b67012724fcb79877cc2854
- package: libxcb-shape0
  version: 1.12-1
  filename: pool/main/libx/libxcb/libxcb-shape0_1.12-1_amd64.deb
  hash: c0316e53205d5a5502e1f455dcca56c133a5c180b751af3f04c95cc268a94249
- package: libxcb-shape0-dev
  version: 1.12-1
  filename: pool/main/libx/libxcb/libxcb-shape0-dev_1.12-1_amd64.deb
  hash: 339b2c41cf8bb41d0c935f48be0041866502008529e0344d9eb22fbbff11a04e
- package: libxcb-sync-dev
  version: 1.12-1
  filename: pool/main/libx/libxcb/libxcb-sync-dev_1.12-1_amd64.deb
  hash: f052db592baa34f144207030e193998d6f012095e099adf6223d21758e27a3d2
- package: libxcb-sync1
  version: 1.12-1
  filename: pool/main/libx/libxcb/libxcb-sync1_1.12-1_amd64.deb
  hash: 3db9c51ce186f579cdb79146843ea4d9b0e54a9e46a64c552ef5959683f291e6
- package: libxcb-xfixes0
  version: 1.12-1
  filename: pool/main/libx/libxcb/libxcb-xfixes0_1.12-1_amd64.deb
  hash: 28b114df8ae2c211e8f03219986c949bc8f86a89d3dd0a2f1651df3baa410696
- package: libxcb-xfixes0-dev
  version: 1.12-1
  filename: pool/main/libx/libxcb/libxcb-xfixes0-dev_1.12-1_amd64.deb
  hash: 3092b79ba5b7224a059a3cfa7b10579274e18537cbc42a7a1229000111b6b676
- package: libxcb1
  version: 1.12-1
  filename: pool/main/libx/libxcb/libxcb1_1.12-1_amd64.deb
  hash: 358ac6d450042d1792e3b2093ed73530774e6bd7600536a2acc327b83b201384
- package: libxcb1-dev
  version: 1.12-1
  filename: pool/main/libx/libxcb/libxcb1-dev_1.12-1_amd64.deb
  hash: 2d859cc3129af819ec514101a6e6fbefc93424045da5e196017718327478120e
- package: libxdamage-dev
  version: 1:1.1.4-2+b3
  filename: pool/main/libx/libxdamage/libxdamage-dev_1.1.4-2+b3_amd64.deb
  hash: 7b20cef81ee1416d04f86d7ed8c8ab8b107cabac5b69350adcd9b67ca681d0be
- package: libxdamage1
  version: 1:1.1.4-2+b3
  filename: pool/main/libx/libxdamage/libxdamage1_1.1.4-2+b3_amd64.deb
  hash: 860d474e576074711a58e248feb9fb62086f641cbfa986145cc6c105ef750cc5
- package: libxdmcp-dev
  version: 1:1.1.2-3
  filename: pool/main/libx/libxdmcp/libxdmcp-dev_1.1.2-3_amd64.deb
  hash: c6733e5f6463afd261998e408be6eb37f24ce0a64b63bed50a87ddb18ebc1699
- package: libxdmcp6
  version: 1:1.1.2-3
  filename: pool/main/libx/libxdmcp/libxdmcp6_1.1.2-3_amd64.deb
  hash: ecb8536f5fb34543b55bb9dc5f5b14c9dbb4150a7bddb3f2287b7cab6e9d25ef
- package: libxext-dev
  version: 2:1.3.3-1+b2
  filename: pool/main/libx/libxext/libxext-dev_1.3.3-1+b2_amd64.deb
  hash: 86ffd581902086ab0bf4381b28d8fbe66fc378de2db02a96a25705eeabee0c7b
- package: libxext6
  version: 2:1.3.3-1+b2
  filename: pool/main/libx/libxext/libxext6_1.3.3-1+b2_amd64.deb
  hash: 724901105792e983bd0e7c2b46960cd925dd6a2b33b5ee999b4e80aaf624b082
- package: libxfixes-dev
  version: 1:5.0.3-1
  filename: pool/main/libx/libxfixes/libxfixes-dev_5.0.3-1_amd64.deb
  hash: ea11a513c722e0587f4bf0d1433cb9825acbdf7a873a6fe82c7b8d9dd23ff738
- package: libxfixes3
  version: 1:5.0.3-1
  filename: pool/main/libx/libxfixes/libxfixes3_5.0.3-1_amd64.deb
  hash: 3b307490c669accd52dc627ad4dc269a03632ca512fbc7b185b572f76608ff4e
- package: libxml2
  version: 2.9.4+dfsg1-2.2+deb9u2
  filename: pool/main/libx/libxml2/libxml2_2.9.4+dfsg1-2.2+deb9u2_amd64.deb
  hash: 287fdcf90302893234c4eecc357002a464f7dff43f77adb86dfaee6d32ae1c4d
- package: libxml2-dev
  version: 2.9.4+dfsg1-2.2+deb9u2
  filename: pool/main/libx/libxml2/libxml2-dev_2.9.4+dfsg1-2.2+deb9u2_amd64.deb
  hash: f21252fbc322e105cbf3203f33ce8d7d16df677c15c45dfe8189fcf06a8db007
- package: libxshmfence-dev
  version: 1.2-1+b2
  filename: pool/main/libx/libxshmfence/libxshmfence-dev_1.2-1+b2_amd64.deb
  hash: b3d9aaebcda6ba2f58916a9899d41956dd39e3dc68d94b595ba2506e3b050c05
- package: libxshmfence1
  version: 1.2-1+b2
  filename: pool/main/libx/libxshmfence/libxshmfence1_1.2-1+b2_amd64.deb
  hash: 1bad7fcf1c6b2c2dceec2c433332769a45f4d42ce173dcfbabbd1053b776c144
- package: libxxf86vm-dev
  version: 1:1.1.4-1+b2
  filename: pool/main/libx/libxxf86vm/libxxf86vm-dev_1.1.4-1+b2_amd64.deb
  hash: 2fb753a7c2c2fd6b74b8429d180b259af9c2b4201f8c777621ac88c63d43cea7
- package: libxxf86vm1
  version: 1:1.1.4-1+b2
  filename: pool/main/libx/libxxf86vm/libxxf86vm1_1.1.4-1+b2_amd64.deb
  hash: 6f4ca916aaec26d7000fa7f58de3f71119309ab7590ce1f517abfe1825a676c7
- package: linux-libc-dev
  version: 4.9.82-1+deb9u3
  filename: pool/main/l/linux/linux-libc-dev_4.9.82-1+deb9u3_amd64.deb
  hash: b9ea0bd19c995b3de0237ea73efe0dad8956656718c6071833e76455994aa766
- package: mesa-common-dev
  version: 13.0.6-1+b2
  filename: pool/main/m/mesa/mesa-common-dev_13.0.6-1+b2_amd64.deb
  hash: b7322af36e5a4bc9c3dd086d32ef9a36982aa027bc337868bb89b02d79f847bd
- package: x11proto-core-dev
  version: 7.0.31-1
  filename: pool/main/x/x11proto-core/x11proto-core-dev_7.0.31-1_all.deb
  hash: 761615f12786dfa3b3887504a1213aa38db2db8304d32573ee0fc5f9b8070f6b
- package: x11proto-damage-dev
  version: 1:1.2.1-2
  filename: pool/main/x/x11proto-damage/x11proto-damage-dev_1.2.1-2_all.deb
  hash: a4fa4c2f2a24d0a1d49c66315c17d1600d1583ac20f7627bcec3aedc47865f2f
- package: x11proto-dri2-dev
  version: 2.8-2
  filename: pool/main/x/x11proto-dri2/x11proto-dri2-dev_2.8-2_all.deb
  hash: 4a83ce74655189e756f775030cb85928dc8a86c05c2a7aa355bbbdaee14ab7ec
- package: x11proto-fixes-dev
  version: 1:5.0-2
  filename: pool/main/x/x11proto-fixes/x11proto-fixes-dev_5.0-2_all.deb
  hash: e08e0aa9b58ffccc7685c6715df77a9c00781575a6229b4497b06b32bd61336c
- package: x11proto-gl-dev
  version: 1.4.17-1
  filename: pool/main/x/x11proto-gl/x11proto-gl-dev_1.4.17-1_all.deb
  hash: 6ce92444e2fda684d5071667adb776152291f940696e547d73022d5ed66d3f10
- package: x11proto-input-dev
  version: 2.3.2-1
  filename: pool/main/x/x11proto-input/x11proto-input-dev_2.3.2-1_all.deb
  hash: aed15641c999b89211c05d884867923834b68410dca375f040983eeb64d0eeba
- package: x11proto-kb-dev
  version: 1.0.7-1
  filename: pool/main/x/x11proto-kb/x11proto-kb-dev_1.0.7-1_all.deb
  hash: 67415fc23b0cb6da8803519bc258c753f4dcd05b3e786e507697be2762bdb534
- package: x11proto-xext-dev
  version: 7.3.0-1
  filename: pool/main/x/x11proto-xext/x11proto-xext-dev_7.3.0-1_all.deb
  hash: bb505470525281ad330093a9d9d23f4a36b00d0b8502dcbc05e44781375abdf0
- package: x11proto-xf86vidmode-dev
  version: 2.3.1-2
  filename: pool/main/x/x11proto-xf86vidmode/x11proto-xf86vidmode-dev_2.3.1-2_all.deb
  hash: 772d65dc9808a00197527a77899df50d4222a859b91cc98da17a178c4d78cc7b
- package: xtrans-dev
  version: 1.3.5-1
  filename: pool/main/x/xtrans/xtrans-dev_1.3.5-1_all.deb
  hash: cadb720a2f8f0a2b2ad2dd82172d59e105e37885cedb3a93f6de9c78478c72d0
- package: zlib1g
  version: 1:1.2.8.dfsg-5
  filename: pool/main/z/zlib/zlib1g_1.2.8.dfsg-5_amd64.deb
  hash: b5fe79041db0a5ed4c8297f7c1c2ec0c344be6eea0a7d0977a0f2a1dceea2ff3
- package: zlib1g-dev
  version: 1:1.2.8.dfsg-5
  filename: pool/main/z/zlib/zlib1g-dev_1.2.8.dfsg-5_amd64.deb
  hash: 84035194d5def50772e61cbd3889b195455a100a8638d1a47e4780abc2c1a92e
