hash: 397cda3023c2ff48075bf86d984fa9133e05d023993425307ce4578d35662dd0
updated: 2018-04-08T16:01:29.148113151-07:00
packages:
- package: icu-devtools
  version: 52.1-8+deb8u6
  filename: pool/main/i/icu/icu-devtools_52.1-8+deb8u6_amd64.deb
  hash: 521b6055a74d00050777e0206604e1b81b01f95a476b6f36330323b3727730ef
- package: lib32asan0
  version: 4.8.4-1
  filename: pool/main/g/gcc-4.8/lib32asan0_4.8.4-1_amd64.deb
  hash: 7f7783bf72b04544d0909bcfe8eac1eb626c257a2cc13cd84abbafedb1788e1d
- package: lib32atomic1
  version: 4.9.2-10
  filename: pool/main/g/gcc-4.9/lib32atomic1_4.9.2-10_amd64.deb
  hash: f20fb4b11aba823235f31a25fdfa62968ae55b35875800eef4188af196426b56
- package: lib32gcc-4.8-dev
  version: 4.8.4-1
  filename: pool/main/g/gcc-4.8/lib32gcc-4.8-dev_4.8.4-1_amd64.deb
  hash: 646bae4c8d9c0452097f8178f8ec47dc16066d0f793dbd52e94953fecaedcab4
- package: lib32gcc1
  version: 1:4.9.2-10
  filename: pool/main/g/gcc-4.9/lib32gcc1_4.9.2-10_amd64.deb
  hash: 906529b9231e7acbd0cdec3ea44304eca4cd6aa223537844ee0b707022390130
- package: lib32gomp1
  version: 4.9.2-10
  filename: pool/main/g/gcc-4.9/lib32gomp1_4.9.2-10_amd64.deb
  hash: ffbf5c576498e6713e18b20abb1766e4df3ee88063c2015e994b08faa7b7e412
- package: lib32itm1
  version: 4.9.2-10
  filename: pool/main/g/gcc-4.9/lib32itm1_4.9.2-10_amd64.deb
  hash: fd4cc47fca68257680bfd1729585e2d50888d82dd581a757534b28a9f65eac6a
- package: lib32quadmath0
  version: 4.9.2-10
  filename: pool/main/g/gcc-4.9/lib32quadmath0_4.9.2-10_amd64.deb
  hash: eddf6e0e794d46659c9081716190cb0e0cf8b696741ab35937ceb8784882048d
- package: lib32stdc++6
  version: 4.9.2-10
  filename: pool/main/g/gcc-4.9/lib32stdc++6_4.9.2-10_amd64.deb
  hash: 5e86b6a499e222d984a2a828e6a872c3bd259fca39b3eedd7443c95681035e27
- package: libasan0
  version: 4.8.4-1
  filename: pool/main/g/gcc-4.8/libasan0_4.8.4-1_amd64.deb
  hash: 3af9dbf3e91bd6276efc35af25421a7ae26e8d48d4015c927338e6061724e979
- package: libatomic1
  version: 4.9.2-10
  filename: pool/main/g/gcc-4.9/libatomic1_4.9.2-10_amd64.deb
  hash: 6ec69b0aaa26fcc8a54198f420a38eb1e390dec942f2509313907c9ed65b9422
- package: libbsd-dev
  version: 0.7.0-2
  filename: pool/main/libb/libbsd/libbsd-dev_0.7.0-2_amd64.deb
  hash: e1f60a2389ec69f7a5ee1a1eed12c4a059dfd9fcc00fa223cfa2d4667fe7df82
- package: libbsd0
  version: 0.7.0-2
  filename: pool/main/libb/libbsd/libbsd0_0.7.0-2_amd64.deb
  hash: 86573a9b5b774f6a5e87ecfb52a8ab31ad5a8469d3971856fa91f4f6ea7f3c69
- package: libc6
  version: 2.19-18+deb8u10
  filename: pool/main/g/glibc/libc6_2.19-18+deb8u10_amd64.deb
  hash: 0a95ee1c5bff7f73c1279b2b78f32d40da9025a76f93cb67c03f2867a7133e61
- package: libc6-dev
  version: 2.19-18+deb8u10
  filename: pool/main/g/glibc/libc6-dev_2.19-18+deb8u10_amd64.deb
  hash: 00ba98ce8879bdfde13eac699da718d3aaba904ea6a88d5e21e77d1e298d65eb
- package: libc6-dev-i386
  version: 2.19-18+deb8u10
  filename: pool/main/g/glibc/libc6-dev-i386_2.19-18+deb8u10_amd64.deb
  hash: ce01ec9d55bad3c98699ce80458d8b0a32004eed3aeb8623ce931f761d87bd1f
- package: libc6-i386
  version: 2.19-18+deb8u10
  filename: pool/main/g/glibc/libc6-i386_2.19-18+deb8u10_amd64.deb
  hash: ad1e53ee3464aa771be1fbdd13f9e616ebf2bcd76f716ec9d5e37039ae8827cf
- package: libc6-x32
  version: 2.19-18+deb8u10
  filename: pool/main/g/glibc/libc6-x32_2.19-18+deb8u10_amd64.deb
  hash: c8082795915c879c53c133e54dc108682ae2358ac4256238759f8f6dbd13af01
- package: libdrm-dev
  version: 2.4.58-2
  filename: pool/main/libd/libdrm/libdrm-dev_2.4.58-2_amd64.deb
  hash: e00792c04e5678569e0a065919c52e858760036466f55a995886d5cf8565c4ee
- package: libdrm-intel1
  version: 2.4.58-2
  filename: pool/main/libd/libdrm/libdrm-intel1_2.4.58-2_amd64.deb
  hash: c0722d540cf198de9d3fbfde8621a03bb4ac5c7eaf895cf77afbede10eddc676
- package: libdrm-nouveau2
  version: 2.4.58-2
  filename: pool/main/libd/libdrm/libdrm-nouveau2_2.4.58-2_amd64.deb
  hash: b11481916f0faefdfd3eec7379129ced7e18252f5f505abb5a1d432b388cfffa
- package: libdrm-radeon1
  version: 2.4.58-2
  filename: pool/main/libd/libdrm/libdrm-radeon1_2.4.58-2_amd64.deb
  hash: e8dddb408873157ef928a87e461a85e720448cbea3c01f2c5f9d03ff158b74cd
- package: libdrm2
  version: 2.4.58-2
  filename: pool/main/libd/libdrm/libdrm2_2.4.58-2_amd64.deb
  hash: 71f8ee27453d46ab42afb83143cda72b8453673dbb8d9ed4ebdb286a0388946c
- package: libedit-dev
  version: 3.1-20140620-2
  filename: pool/main/libe/libedit/libedit-dev_3.1-20140620-2_amd64.deb
  hash: 1826d4e34e3a6a854c371ec42185040202ac959337152ddc87e756797afa7924
- package: libedit2
  version: 3.1-20140620-2
  filename: pool/main/libe/libedit/libedit2_3.1-20140620-2_amd64.deb
  hash: 3a57eaaeaf34dae83ea5c9fa55b4600a686351d6138a5735c922c9dbb88d1248
- package: libegl1-mesa
  version: 10.3.2-1+deb8u1
  filename: pool/main/m/mesa/libegl1-mesa_10.3.2-1+deb8u1_amd64.deb
  hash: 00188dd83be207b54f9f28672dd0fe0c312ac52dbbc319ec808ce09c69ec5eba
- package: libegl1-mesa-dev
  version: 10.3.2-1+deb8u1
  filename: pool/main/m/mesa/libegl1-mesa-dev_10.3.2-1+deb8u1_amd64.deb
  hash: 9475d79cf2d259dac3f94679ac769c3fa98cb02c4d62fd382ec8d9b7c42502ab
- package: libegl1-mesa-drivers
  version: 10.3.2-1+deb8u1
  filename: pool/main/m/mesa/libegl1-mesa-drivers_10.3.2-1+deb8u1_amd64.deb
  hash: 96bc33d3dccee30adf021c5116b96f6b859179aa52f9b6195c87b474013f60dc
- package: libelf1
  version: 0.159-4.2
  filename: pool/main/e/elfutils/libelf1_0.159-4.2_amd64.deb
  hash: bcdbb9a4949a60d07aa69b1f414736f818af3b6bd4f699d137383a1a93f8fa58
- package: libexpat1
  version: 2.1.0-6+deb8u4
  filename: pool/main/e/expat/libexpat1_2.1.0-6+deb8u4_amd64.deb
  hash: de7979297d0298271d71b4554772ba4da60ba6895ed86ca8fc9c1159c58913e4
- package: libexpat1-dev
  version: 2.1.0-6+deb8u4
  filename: pool/main/e/expat/libexpat1-dev_2.1.0-6+deb8u4_amd64.deb
  hash: 6b4231b09a96933ff25aae9b68eaaa3b9252b82ca2fd37eccbe2a7823ea6d9ed
- package: libffi6
  version: 3.1-2+deb8u1
  filename: pool/main/libf/libffi/libffi6_3.1-2+deb8u1_amd64.deb
  hash: 100343fca79ff265abc62467c7085fca68b8764e8c2551302ab741c771e7f0aa
- package: libgbm1
  version: 10.3.2-1+deb8u1
  filename: pool/main/m/mesa/libgbm1_10.3.2-1+deb8u1_amd64.deb
  hash: fb27bb530a7529ddb508d6906e0215f7da45a20ebd1e26330e54c3ac14db328e
- package: libgcc-4.8-dev
  version: 4.8.4-1
  filename: pool/main/g/gcc-4.8/libgcc-4.8-dev_4.8.4-1_amd64.deb
  hash: 519e43a26f003ccf14755c83331a2ee957e3532fea763b3f55256f72f9e8aa4c
- package: libgcc1
  version: 1:4.9.2-10
  filename: pool/main/g/gcc-4.9/libgcc1_4.9.2-10_amd64.deb
  hash: a1402290165e8d91b396a33d79580a4501041e92bdb62ef23929a0c207cd9af9
- package: libgl1-mesa-dev
  version: 10.3.2-1+deb8u1
  filename: pool/main/m/mesa/libgl1-mesa-dev_10.3.2-1+deb8u1_amd64.deb
  hash: b790d56135725193fc38216d4c6017003209d23e4250147882f075b5622e5e06
- package: libgl1-mesa-glx
  version: 10.3.2-1+deb8u1
  filename: pool/main/m/mesa/libgl1-mesa-glx_10.3.2-1+deb8u1_amd64.deb
  hash: de91fad0ffb35ba497ec146ccfa261df79dced33ffc6f9e229435dadeac49e64
- package: libglapi-mesa
  version: 10.3.2-1+deb8u1
  filename: pool/main/m/mesa/libglapi-mesa_10.3.2-1+deb8u1_amd64.deb
  hash: 8f77452524501072c09676bd1acf4b71d864d7d2a18fa8158aa5a5cb0bc3ade3
- package: libglib2.0-0
  version: 2.42.1-1+b1
  filename: pool/main/g/glib2.0/libglib2.0-0_2.42.1-1+b1_amd64.deb
  hash: a4b30c84c0c050f23a986fbc576daa04b246ab816ec0fcb0b471d19aa2689a97
- package: libglib2.0-dev
  version: 2.42.1-1+b1
  filename: pool/main/g/glib2.0/libglib2.0-dev_2.42.1-1+b1_amd64.deb
  hash: ad483c4da4da80c317084f86b74adc2934b4674e8e40c9e076a6c1f7c3a2f8fa
- package: libglu1-mesa
  version: 9.0.0-2
  filename: pool/main/libg/libglu/libglu1-mesa_9.0.0-2_amd64.deb
  hash: 3fba92b7cb3f0080137635232c7da795a5e1b16c55c32c5347bcdc7b7d223969
- package: libglu1-mesa-dev
  version: 9.0.0-2
  filename: pool/main/libg/libglu/libglu1-mesa-dev_9.0.0-2_amd64.deb
  hash: 6a49c3b6f00a4a4fcb6c3909057912a96ee3e1e0e2511dd83a275f465606f365
- package: libgomp1
  version: 4.9.2-10
  filename: pool/main/g/gcc-4.9/libgomp1_4.9.2-10_amd64.deb
  hash: 055bc5e737317c5d4f4edf6799d798e7055ce409caa6e1d4842a009a0f655c41
- package: libicu-dev
  version: 52.1-8+deb8u6
  filename: pool/main/i/icu/libicu-dev_52.1-8+deb8u6_amd64.deb
  hash: 1981860bd0cac88b42326aac8ed822f68a472c3f9943678492f7e00bdf939e77
- package: libicu52
  version: 52.1-8+deb8u6
  filename: pool/main/i/icu/libicu52_52.1-8+deb8u6_amd64.deb
  hash: e31bb51c4b60f81709d8217ce69192bc0698045fd16d249d155217c4600e9d27
- package: libitm1
  version: 4.9.2-10
  filename: pool/main/g/gcc-4.9/libitm1_4.9.2-10_amd64.deb
  hash: 190e4c25302beb4f92195d29d81181f00f9d06c468ae659a72faeae71bf35c55
- package: libllvm3.5
  version: 1:3.5-10
  filename: pool/main/l/llvm-toolchain-3.5/libllvm3.5_3.5-10_amd64.deb
  hash: eed6c96c457b8e7e7c4d658dd4cae5ad54e7bd126d6fac89e6371a5e14b3e6c6
- package: liblzma5
  version: 5.1.1alpha+20120614-2+b3
  filename: pool/main/x/xz-utils/liblzma5_5.1.1alpha+20120614-2+b3_amd64.deb
  hash: a60661f537292862f9bfa4c421df5af126da5032def818a0bf38c49b68656328
- package: libncurses5
  version: 5.9+20140913-1+deb8u2
  filename: pool/main/n/ncurses/libncurses5_5.9+20140913-1+deb8u2_amd64.deb
  hash: a49c5090c9f61b174beaaf948a92b5b1f6a4e93f0647e1f91118ef45e10f04e9
- package: libncurses5-dev
  version: 5.9+20140913-1+deb8u2
  filename: pool/main/n/ncurses/libncurses5-dev_5.9+20140913-1+deb8u2_amd64.deb
  hash: bda33b0c349c29f005e6f07c3a6c5ab1b85df4098e856180db4c4fbafa433998
- package: libopenvg1-mesa
  version: 10.3.2-1+deb8u1
  filename: pool/main/m/mesa/libopenvg1-mesa_10.3.2-1+deb8u1_amd64.deb
  hash: 2cd5264ca972cb62a54793af8d7d894e0c57eb2ab193754202974f3c99ed39c9
- package: libpciaccess0
  version: 0.13.2-3+b1
  filename: pool/main/libp/libpciaccess/libpciaccess0_0.13.2-3+b1_amd64.deb
  hash: 74e4f07349067aca8153b23fd6877cad8ba8d3c03dfc04b37421a42484106277
- package: libpcre3
  version: 2:8.35-3.3+deb8u4
  filename: pool/main/p/pcre3/libpcre3_8.35-3.3+deb8u4_amd64.deb
  hash: f513a611c0ba9b8496fe5b8bc5bd9a39c924e134d5230801dd92e429d77e204e
- package: libpcre3-dev
  version: 2:8.35-3.3+deb8u4
  filename: pool/main/p/pcre3/libpcre3-dev_8.35-3.3+deb8u4_amd64.deb
  hash: 855664aec18478730873f28879c463c23817180f5d69b47df2c5e2bce297d8bf
- package: libpcrecpp0
  version: 2:8.35-3.3+deb8u4
  filename: pool/main/p/pcre3/libpcrecpp0_8.35-3.3+deb8u4_amd64.deb
  hash: 90bb808b764e359ded52cc44dd1ced85436af7f42b49895d3ea76dfc7828e4ae
- package: libpthread-stubs0-dev
  version: 0.3-4
  filename: pool/main/libp/libpthread-stubs/libpthread-stubs0-dev_0.3-4_amd64.deb
  hash: 4e2f6d1c1fed2c94841ce2ad33e38b997ae73415e8ed5a0e1210b757ab84e849
- package: libpython2.7
  version: 2.7.9-2+deb8u1
  filename: pool/main/p/python2.7/libpython2.7_2.7.9-2+deb8u1_amd64.deb
  hash: cfb120644cfcb4e08a77069c388197c4db4fbf0136c80973d0194cc562248904
- package: libpython2.7-dev
  version: 2.7.9-2+deb8u1
  filename: pool/main/p/python2.7/libpython2.7-dev_2.7.9-2+deb8u1_amd64.deb
  hash: af8754ad818d600d39cf6ab878f5afeb7265fa51da44487f21ab06e7df6462cd
- package: libquadmath0
  version: 4.9.2-10
  filename: pool/main/g/gcc-4.9/libquadmath0_4.9.2-10_amd64.deb
  hash: 76b71fdb834434e7b6dde5ba343af9bacddb987ef8ad9c788442dbe4e236e78f
- package: libselinux1
  version: 2.3-2
  filename: pool/main/libs/libselinux/libselinux1_2.3-2_amd64.deb
  hash: 37bf5f0d0d50579bdff97098ff330cb44dd0148e20db91aa3848dd19c698e528
- package: libstdc++-4.8-dev
  version: 4.8.4-1
  filename: pool/main/g/gcc-4.8/libstdc++-4.8-dev_4.8.4-1_amd64.deb
  hash: d02706b416fdad00e1d6931b2c37163cfd0a81aaf6af1e1c15e58bca3e199a7f
- package: libstdc++6
  version: 4.9.2-10
  filename: pool/main/g/gcc-4.9/libstdc++6_4.9.2-10_amd64.deb
  hash: f1509bbabd78e89c861de16931aec5988e1215649688fd4f8dfe1af875a7fbef
- package: libtinfo-dev
  version: 5.9+20140913-1+deb8u2
  filename: pool/main/n/ncurses/libtinfo-dev_5.9+20140913-1+deb8u2_amd64.deb
  hash: af1a65df93728a2bba7242c2be81ffcfafe2bfb43ae920897eb3d978573683c7
- package: libtinfo5
  version: 5.9+20140913-1+deb8u2
  filename: pool/main/n/ncurses/libtinfo5_5.9+20140913-1+deb8u2_amd64.deb
  hash: 914cb3f1f52425ecd92c44aacdb3b1303b57db783ad53910c2bb1725a56ffbaf
- package: libtsan0
  version: 4.9.2-10
  filename: pool/main/g/gcc-4.9/libtsan0_4.9.2-10_amd64.deb
  hash: 316ef9e1e0a25fbe6796ae9ca19c748c5d9188254f8daa8663353a4e365f0b53
- package: libudev1
  version: 215-17+deb8u7
  filename: pool/main/s/systemd/libudev1_215-17+deb8u7_amd64.deb
  hash: 35cbd0325c5300e86d0bb5c5bf3a538635b78b56e503dc2f22826b2d53343fcd
- package: libwayland-client0
  version: 1.6.0-2
  filename: pool/main/w/wayland/libwayland-client0_1.6.0-2_amd64.deb
  hash: dfb1cf0048f35ec1da9752ee9966aaf8014d1ee160377d0e4631d526e328ab31
- package: libwayland-cursor0
  version: 1.6.0-2
  filename: pool/main/w/wayland/libwayland-cursor0_1.6.0-2_amd64.deb
  hash: e003049613ad688ad33a472c902b086b30f13161dee305e085d5a47876d3ecd5
- package: libwayland-dev
  version: 1.6.0-2
  filename: pool/main/w/wayland/libwayland-dev_1.6.0-2_amd64.deb
  hash: f7a6fe5ada07b1463c2df3f59d14b3e7371afaaf55731a893a6001d739bea31b
- package: libwayland-server0
  version: 1.6.0-2
  filename: pool/main/w/wayland/libwayland-server0_1.6.0-2_amd64.deb
  hash: 8954be62de87a6a0a63ca1438b8e6386cd2f2708af2125c1c57ec72421f53893
- package: libx11-6
  version: 2:1.6.2-3+deb8u1
  filename: pool/main/libx/libx11/libx11-6_1.6.2-3+deb8u1_amd64.deb
  hash: 380aa38372e949f74b57e962146626aae847850ed4f1fcb83784086f239d50c3
- package: libx11-dev
  version: 2:1.6.2-3+deb8u1
  filename: pool/main/libx/libx11/libx11-dev_1.6.2-3+deb8u1_amd64.deb
  hash: cd141e5c95d7b5f05df08a8e66abbbdb9a2a7213f9f4354b862925fac6106334
- package: libx11-xcb-dev
  version: 2:1.6.2-3+deb8u1
  filename: pool/main/libx/libx11/libx11-xcb-dev_1.6.2-3+deb8u1_amd64.deb
  hash: 2468e294865fcd530dda96083a5c70facb73e9fb9732f5eb1a72ade19301e28c
- package: libx11-xcb1
  version: 2:1.6.2-3+deb8u1
  filename: pool/main/libx/libx11/libx11-xcb1_1.6.2-3+deb8u1_amd64.deb
  hash: 1ef8ed1432b77d0be013c58b373ba5c776ac7392970b68bfe5443ee9b5c0b2a3
- package: libx32asan0
  version: 4.8.4-1
  filename: pool/main/g/gcc-4.8/libx32asan0_4.8.4-1_amd64.deb
  hash: 22dd0447a3a2775c2382546842d14988618e2811fb88ad0c3b3142f4429e4c85
- package: libx32atomic1
  version: 4.9.2-10
  filename: pool/main/g/gcc-4.9/libx32atomic1_4.9.2-10_amd64.deb
  hash: 0568c2ba0fbd0f873f54c4708fc2c72e778d02cafbd547315f2b12a222e533b7
- package: libx32gcc1
  version: 1:4.9.2-10
  filename: pool/main/g/gcc-4.9/libx32gcc1_4.9.2-10_amd64.deb
  hash: 27d7ede2b781a5b476a6a1ecf9c52118c36d6d76c6a4923671a654c4f8a1fe4d
- package: libx32gomp1
  version: 4.9.2-10
  filename: pool/main/g/gcc-4.9/libx32gomp1_4.9.2-10_amd64.deb
  hash: 9c092bc154bd8c8921c64edc5c33030a0fadf04ae31cd9d91919285e0327a01c
- package: libx32itm1
  version: 4.9.2-10
  filename: pool/main/g/gcc-4.9/libx32itm1_4.9.2-10_amd64.deb
  hash: ab00a290203be6cd137dcb97d4dad9a09c2cd5859cc65ede79e0de65b98f518f
- package: libx32quadmath0
  version: 4.9.2-10
  filename: pool/main/g/gcc-4.9/libx32quadmath0_4.9.2-10_amd64.deb
  hash: ba4779910130bb24d3a7f1dab5a39fbe421bc8da58e8847bfe501ef2a1b22feb
- package: libx32stdc++6
  version: 4.9.2-10
  filename: pool/main/g/gcc-4.9/libx32stdc++6_4.9.2-10_amd64.deb
  hash: 8d220a239e1aaa21e0edd7a2ce50fc3e3acdc1d81051538b31fd85c7050de639
- package: libxau-dev
  version: 1:1.0.8-1
  filename: pool/main/libx/libxau/libxau-dev_1.0.8-1_amd64.deb
  hash: 256706493b32161b061c9fa452df1774d5004879cb73262ae2b52aa93b5dd91a
- package: libxau6
  version: 1:1.0.8-1
  filename: pool/main/libx/libxau/libxau6_1.0.8-1_amd64.deb
  hash: b03b2d0d400c2002a2d38300bd6630306abb0ff325c3d4a4447ecceb58335228
- package: libxcb-dri2-0
  version: 1.10-3+b1
  filename: pool/main/libx/libxcb/libxcb-dri2-0_1.10-3+b1_amd64.deb
  hash: fa5ae5e2942d999e453715b382977b2ffcf46824115e2709f26a7f1280780e7f
- package: libxcb-dri2-0-dev
  version: 1.10-3+b1
  filename: pool/main/libx/libxcb/libxcb-dri2-0-dev_1.10-3+b1_amd64.deb
  hash: d5763f80de17e8d9ca38f299b38a7556f891545f0a674e2bf70c5dfa55d16f4a
- package: libxcb-dri3-0
  version: 1.10-3+b1
  filename: pool/main/libx/libxcb/libxcb-dri3-0_1.10-3+b1_amd64.deb
  hash: 5eea4f41c265aa101f9332977f7d96ec05bf0f24a1d530b3864bb4bb4840beed
- package: libxcb-dri3-dev
  version: 1.10-3+b1
  filename: pool/main/libx/libxcb/libxcb-dri3-dev_1.10-3+b1_amd64.deb
  hash: dd2672cf10681c6dfe4221ba0cb9452a3e2db0ff01d06c6f50019405d1900ccb
- package: libxcb-glx0
  version: 1.10-3+b1
  filename: pool/main/libx/libxcb/libxcb-glx0_1.10-3+b1_amd64.deb
  hash: e3070d03769195907b0cfe230e4c1825a3edb8d34ce71e305abc82f51cf9b141
- package: libxcb-glx0-dev
  version: 1.10-3+b1
  filename: pool/main/libx/libxcb/libxcb-glx0-dev_1.10-3+b1_amd64.deb
  hash: 5d0e2a6ee8f65a5fa4955e4df0d26c4e4ea7d850663fab0c1f6997ff6896a2ca
- package: libxcb-present-dev
  version: 1.10-3+b1
  filename: pool/main/libx/libxcb/libxcb-present-dev_1.10-3+b1_amd64.deb
  hash: a0e1ec4233c6b281afd64333e6c60d29ce6792ca2e4fc76535736f54719f484d
- package: libxcb-present0
  version: 1.10-3+b1
  filename: pool/main/libx/libxcb/libxcb-present0_1.10-3+b1_amd64.deb
  hash: 4c7b32c9a936d579e15923ea1a6b4b0a3628c1cee4e104e9df4680af5246fb6f
- package: libxcb-randr0
  version: 1.10-3+b1
  filename: pool/main/libx/libxcb/libxcb-randr0_1.10-3+b1_amd64.deb
  hash: 7a2840ef74c91c0eb77bdb75fb70f58d08b15bd01423e7f94aa61a808f5b8d6c
- package: libxcb-randr0-dev
  version: 1.10-3+b1
  filename: pool/main/libx/libxcb/libxcb-randr0-dev_1.10-3+b1_amd64.deb
  hash: 218a5b5bfdf5cc3f48f8285ebd55eb69e9c424db187ca896f08237ea1fc0ce3e
- package: libxcb-render0
  version: 1.10-3+b1
  filename: pool/main/libx/libxcb/libxcb-render0_1.10-3+b1_amd64.deb
  hash: 1277261ed3b901d70b01901836b2f6d89235dd6777636f3f26b5d2979f1c7e22
- package: libxcb-render0-dev
  version: 1.10-3+b1
  filename: pool/main/libx/libxcb/libxcb-render0-dev_1.10-3+b1_amd64.deb
  hash: ab98d4d5288bfedc75151ea69a2db20e24c9cfb7a88e3501e6bf4abc8f1eac57
- package: libxcb-shape0
  version: 1.10-3+b1
  filename: pool/main/libx/libxcb/libxcb-shape0_1.10-3+b1_amd64.deb
  hash: e27eb5d33caf0c56506ec3180a0ff181ff343e6024412e2ba265a118977e7e59
- package: libxcb-shape0-dev
  version: 1.10-3+b1
  filename: pool/main/libx/libxcb/libxcb-shape0-dev_1.10-3+b1_amd64.deb
  hash: 2decb810a46087cef946f7f7bb42c0505f64f88c3edc16a262c513a6c3625925
- package: libxcb-sync-dev
  version: 1.10-3+b1
  filename: pool/main/libx/libxcb/libxcb-sync-dev_1.10-3+b1_amd64.deb
  hash: 1f8056812a333e09b5f24d38bbb41fe1a31d238884db57a9df189a0acca0d982
- package: libxcb-sync1
  version: 1.10-3+b1
  filename: pool/main/libx/libxcb/libxcb-sync1_1.10-3+b1_amd64.deb
  hash: e29f0bf4f18bdf0884e4a9e01362599a081538fd8ad301c2ebbaaa2b6cd39a66
- package: libxcb-xfixes0
  version: 1.10-3+b1
  filename: pool/main/libx/libxcb/libxcb-xfixes0_1.10-3+b1_amd64.deb
  hash: a96c4caee052dcd1db0a5eebbec405d7b1e3b44757284319346d5de4f1788bb5
- package: libxcb-xfixes0-dev
  version: 1.10-3+b1
  filename: pool/main/libx/libxcb/libxcb-xfixes0-dev_1.10-3+b1_amd64.deb
  hash: 440e73e6d03842aa68305e22aee29d56f9decc0d46bbcccfb5e470b8c68aad6c
- package: libxcb1
  version: 1.10-3+b1
  filename: pool/main/libx/libxcb/libxcb1_1.10-3+b1_amd64.deb
  hash: 07bf131f4f0f8a9f1a023ab88cce3a1d12cc7222d3c7f08f00b60a3699af5188
- package: libxcb1-dev
  version: 1.10-3+b1
  filename: pool/main/libx/libxcb/libxcb1-dev_1.10-3+b1_amd64.deb
  hash: b7897143190b96156330fbf4b0922911e79605a637169bdd795a3935ac89a8b2
- package: libxdamage-dev
  version: 1:1.1.4-2+b1
  filename: pool/main/libx/libxdamage/libxdamage-dev_1.1.4-2+b1_amd64.deb
  hash: 8c2e84a5abf0659c25e63a8378c409fa933a84c3e5b03b8d26bfdc2fa422d108
- package: libxdamage1
  version: 1:1.1.4-2+b1
  filename: pool/main/libx/libxdamage/libxdamage1_1.1.4-2+b1_amd64.deb
  hash: c2b13deaa87dbad7d541e29755464f125409b9d4d038d6982bb9f8f35939b817
- package: libxdmcp-dev
  version: 1:1.1.1-1+b1
  filename: pool/main/libx/libxdmcp/libxdmcp-dev_1.1.1-1+b1_amd64.deb
  hash: 953ad14c0ce8e57cd0aecf7b600494a15fec75ef348d316f31346c87058b6b5c
- package: libxdmcp6
  version: 1:1.1.1-1+b1
  filename: pool/main/libx/libxdmcp/libxdmcp6_1.1.1-1+b1_amd64.deb
  hash: 6758bc820616254634fdd2354a2691e40d2973d6bf3a9c12417f02770f75081c
- package: libxext-dev
  version: 2:1.3.3-1
  filename: pool/main/libx/libxext/libxext-dev_1.3.3-1_amd64.deb
  hash: 35d62e8b6c72ea9ae67488f06360224a918f6d87ceb27575f49a9e712bf8b70a
- package: libxext6
  version: 2:1.3.3-1
  filename: pool/main/libx/libxext/libxext6_1.3.3-1_amd64.deb
  hash: 5105f77289a7e08faaf3bb4c16c6945cafca65b9bdb4792fef820045ab43e568
- package: libxfixes-dev
  version: 1:5.0.1-2+deb8u1
  filename: pool/main/libx/libxfixes/libxfixes-dev_5.0.1-2+deb8u1_amd64.deb
  hash: 4dc7467a9dbc531d95884217437e2e8e856c8f211fe3fcebb2297998f72901b3
- package: libxfixes3
  version: 1:5.0.1-2+deb8u1
  filename: pool/main/libx/libxfixes/libxfixes3_5.0.1-2+deb8u1_amd64.deb
  hash: bc30bf139964c7505776374c7ba8a7f9bd7c6bd101823f3d6a1f3b0bf11e41ee
- package: libxml2
  version: 2.9.1+dfsg1-5+deb8u5
  filename: pool/main/libx/libxml2/libxml2_2.9.1+dfsg1-5+deb8u5_amd64.deb
  hash: a3c7aa345cb1de1920f1922fb2701a65c05f1ff9ec89370d229ddce298d5da0c
- package: libxml2-dev
  version: 2.9.1+dfsg1-5+deb8u5
  filename: pool/main/libx/libxml2/libxml2-dev_2.9.1+dfsg1-5+deb8u5_amd64.deb
  hash: 9275bc4df7347d79e2a85fd347beadf6f7d91c23e720874166ce08932a182aa2
- package: libxshmfence-dev
  version: 1.1-4
  filename: pool/main/libx/libxshmfence/libxshmfence-dev_1.1-4_amd64.deb
  hash: 550c29a32b2ad5cd712d394fc4682bdda2110692fd1127acd7239bff1d1d4772
- package: libxshmfence1
  version: 1.1-4
  filename: pool/main/libx/libxshmfence/libxshmfence1_1.1-4_amd64.deb
  hash: 4134109610a5c35b6a5220ae05dda94bc9aac571b4a38c6bd2805f0fcf93ef35
- package: libxxf86vm-dev
  version: 1:1.1.3-1+b1
  filename: pool/main/libx/libxxf86vm/libxxf86vm-dev_1.1.3-1+b1_amd64.deb
  hash: cdc28925eca6fa683d4a2670962516a37086d637a362ad98e33840bf6c6c498a
- package: libxxf86vm1
  version: 1:1.1.3-1+b1
  filename: pool/main/libx/libxxf86vm/libxxf86vm1_1.1.3-1+b1_amd64.deb
  hash: 3eaa8094d0970b3601a4a5cc6e50f8b8566bafa47b25f1a025f765751a01d0bf
- package: linux-libc-dev
  version: 3.16.51-3
  filename: pool/main/l/linux/linux-libc-dev_3.16.51-3_amd64.deb
  hash: 8cdc63378b6dfe8995f40cd6f04701e89dbca588e9a9c6fbbe524d1db4cb4f08
- package: mesa-common-dev
  version: 10.3.2-1+deb8u1
  filename: pool/main/m/mesa/mesa-common-dev_10.3.2-1+deb8u1_amd64.deb
  hash: 6e617bfdbe9b87a82981b33d2be0963d3cba28160565658420859d84d07ef7a0
- package: x11proto-core-dev
  version: 7.0.26-1
  filename: pool/main/x/x11proto-core/x11proto-core-dev_7.0.26-1_all.deb
  hash: 9d60c962746bf2d1b1eb69e872a57eb21e13b341329ca592fd8eca527bab1df6
- package: x11proto-damage-dev
  version: 1:1.2.1-2
  filename: pool/main/x/x11proto-damage/x11proto-damage-dev_1.2.1-2_all.deb
  hash: a4fa4c2f2a24d0a1d49c66315c17d1600d1583ac20f7627bcec3aedc47865f2f
- package: x11proto-dri2-dev
  version: 2.8-2
  filename: pool/main/x/x11proto-dri2/x11proto-dri2-dev_2.8-2_all.deb
  hash: 4a83ce74655189e756f775030cb85928dc8a86c05c2a7aa355bbbdaee14ab7ec
- package: x11proto-fixes-dev
  version: 1:5.0-2
  filename: pool/main/x/x11proto-fixes/x11proto-fixes-dev_5.0-2_all.deb
  hash: e08e0aa9b58ffccc7685c6715df77a9c00781575a6229b4497b06b32bd61336c
- package: x11proto-gl-dev
  version: 1.4.17-1
  filename: pool/main/x/x11proto-gl/x11proto-gl-dev_1.4.17-1_all.deb
  hash: 6ce92444e2fda684d5071667adb776152291f940696e547d73022d5ed66d3f10
- package: x11proto-input-dev
  version: 2.3.1-1
  filename: pool/main/x/x11proto-input/x11proto-input-dev_2.3.1-1_all.deb
  hash: a61a10b34cb0ffac6a2603971be1afd4908ed2830b6a1c554e74ac3321bb1e35
- package: x11proto-kb-dev
  version: 1.0.6-2
  filename: pool/main/x/x11proto-kb/x11proto-kb-dev_1.0.6-2_all.deb
  hash: b7ff8eceb9f05eb470700807c73fdae88f5f9f8b8fbef869029882264dbebd81
- package: x11proto-xext-dev
  version: 7.3.0-1
  filename: pool/main/x/x11proto-xext/x11proto-xext-dev_7.3.0-1_all.deb
  hash: bb505470525281ad330093a9d9d23f4a36b00d0b8502dcbc05e44781375abdf0
- package: x11proto-xf86vidmode-dev
  version: 2.3.1-2
  filename: pool/main/x/x11proto-xf86vidmode/x11proto-xf86vidmode-dev_2.3.1-2_all.deb
  hash: 772d65dc9808a00197527a77899df50d4222a859b91cc98da17a178c4d78cc7b
- package: xtrans-dev
  version: 1.3.4-1
  filename: pool/main/x/xtrans/xtrans-dev_1.3.4-1_all.deb
  hash: c4e0b9534370762410efdaaa7375c97c95b77c60ec1502448dd549625d192786
- package: zlib1g
  version: 1:1.2.8.dfsg-2+b1
  filename: pool/main/z/zlib/zlib1g_1.2.8.dfsg-2+b1_amd64.deb
  hash: b75102f61ace79c14ea6f06fdd9509825ee2af694c6aa503253df4e6659d6772
- package: zlib1g-dev
  version: 1:1.2.8.dfsg-2+b1
  filename: pool/main/z/zlib/zlib1g-dev_1.2.8.dfsg-2+b1_amd64.deb
  hash: 71678d2ff2774a726f413cd46a923f960cdcfb56f063d20c1544a2d8b6d12d7f
