hash: 30bf2c9be8c9104bf2166e35be3a2a305c722e8be8d2ee52f9aaa8ac4147a91e
updated: 2018-10-29T16:52:54.82491144-07:00
packages:
- package: libc6
  version: 2.27-6
  filename: pool/main/g/glibc/libc6_2.27-6_armhf.deb
  hash: 5f1ac2e85e3b5e6db966021fb6ec9be894b213df608a3c493b97469ec3623647
- package: libc6-dev
  version: 2.27-6
  filename: pool/main/g/glibc/libc6-dev_2.27-6_armhf.deb
  hash: e67a174f547d3375dfca0d8557e3fa748eb31e94b1713253a5dfe4c765632d54
- package: libgcc-6-dev
  version: 6.4.0-23
  filename: pool/main/g/gcc-6/libgcc-6-dev_6.4.0-23_armhf.deb
  hash: 3d9e3e243f61bef7af18fc77a8852d4e64bbff98771fa7e79bf4418ef96af181
- package: libgcc1
  version: 1:8.2.0-8
  filename: pool/main/g/gcc-8/libgcc1_8.2.0-8_armhf.deb
  hash: c9683e2d111200d90159b36ba6c8ba6e0772818ae3921e9aa7e94a8f17262aaa
- package: linux-libc-dev
  version: 4.18.10-2
  filename: pool/main/l/linux/linux-libc-dev_4.18.10-2_armhf.deb
  hash: 8ac285afccab0ae8baad91589b50f18ab63edfcd5cda24c7cdbc1ec3f8ad0bf2
